Started by user [8mha:////4I+kMxUJ80l18WepTOB+5uFtGu9fHnPzc24dJl/KET6WAAAAmh+LCAAAAAAAAP9b85aBtbiIQTGjNKU4P08vOT+vOD8nVc83PyU1x6OyILUoJzMv2y+/JJUBAhiZGBgqihhk0NSjKDWzXb3RdlLBUSYGJk8GtpzUvPSSDB8G5tKinBIGIZ+sxLJE/ZzEvHT94JKizLx0a6BxUmjGOUNodHsLgAyOEgY+/dLi1CL94tK8kvyizHwA6FGJ/MMAAAA=[0mSuntorio
[8mha:////4ODdo6M5HJRDENjDzhHjo1vEtU6/lJtQqHhvuyHfU0vrAAAAoh+LCAAAAAAAAP9tjTEOwjAQBM8BClpKHuFItIiK1krDC0x8GCfWnbEdkooX8TX+gCESFVvtrLSa5wtWKcKBo5UdUu8otU4GP9jS5Mixv3geZcdn2TIl9igbHBs2eJyx4YwwR1SwULBGaj0nRzbDRnX6rmuvydanHMu2V1A5c4MHCFXMWcf8hSnC9jqYxPTz/BXAFEIGsfuclm8zQVqFvQAAAA==[0m[Pipeline] Start of Pipeline
[8mha:////4OUPZEnUapEv4iiB4qWJ/F3wl9RnT7hUDq7WWGVnTUJTAAAApR+LCAAAAAAAAP9tjTEOwjAUQ3+KOrAycohUghExsUZZOEFIQkgb/d8mKe3EibgadyBQiQlLlmxL1nu+oE4RjhQdby12HpP2vA+jK4lPFLtroIm3dOGaMFGwXNpJkrGnpUrKFhaxClYC1hZ1oOTRZdiIVt1VExS65pxj2Q4CKm8GeAAThZxVzN8yR9jeRpMIf5y/AJj7DGxXvP/86jduZBmjwAAAAA==[0m[Pipeline] node
Running on [8mha:////4EahDa+bdvlNyJgu6pHhvwBQaOFTUIAL/cits8M4f0A3AAAAoR+LCAAAAAAAAP9b85aBtbiIQTGjNKU4P08vOT+vOD8nVc83PyU1x6OyILUoJzMv2y+/JJUBAhiZGBgqihhk0NSjKDWzXb3RdlLBUSYGJk8GtpzUvPSSDB8G5tKinBIGIZ+sxLJE/ZzEvHT94JKizLx0a6BxUmjGOUNodHsLgAz2EgZR/eT83ILSktQifY2k0sycEt3MPE19AHHxbH3KAAAA[0mJenkins in /var/lib/jenkins/workspace/NODE_JS_TF_ANS_setup
[8mha:////4HyFKbZdA2g5pX0A2NeHomakeySBizWkQKQjUgY0PxZPAAAApR+LCAAAAAAAAP9tjTEOwjAUQ3+KOrAycoh0gA0xsUZZOEFIQkgb/d8mKe3EibgadyBQiQlLlmxL1nu+oE4RjhQdby12HpP2vA+jK4lPFLtroIm3dOGaMFGwXNpJkrGnpUrKFhaxClYC1hZ1oOTRZdiIVt1VExS65pxj2Q4CKm8GeAAThZxVzN8yR9jeRpMIf5y/AJj7DGxXvP/86jfoP95RwAAAAA==[0m[Pipeline] {
[8mha:////4Es9s3QtcHqWVcdIKFsa50Sw/7r6vGjmAoJGq1XAaM3jAAAApR+LCAAAAAAAAP9tjTEOwjAUQ3+KOrAycoh0gQkxsUZZOEFIQkgb/d8mKe3EibgadyBQiQlLlmxL1nu+oE4RjhQdby12HpP2vA+jK4lPFLtroIm3dOGaMFGwXNpJkrGnpUrKFhaxClYC1hZ1oOTRZdiIVt1VExS65pxj2Q4CKm8GeAAThZxVzN8yR9jeRpMIf5y/AJj7DGxXvP/86jc09154wAAAAA==[0m[Pipeline] stage
[8mha:////4AcymBHA7+EA5i/KLOtOfdR6jeHcp3cvQ8r/gX7UirCIAAAApR+LCAAAAAAAAP9tjTEOwjAUQ3+KOrAycoh0ggUxsUZZOEFIQkgb/d8mKe3EibgadyBQiQlLlmxL1nu+oE4RjhQdby12HpP2vA+jK4lPFLtroIm3dOGaMFGwXNpJkrGnpUrKFhaxClYC1hZ1oOTRZdiIVt1VExS65pxj2Q4CKm8GeAAThZxVzN8yR9jeRpMIf5y/AJj7DGxXvP/86jek7ggRwAAAAA==[0m[Pipeline] { (Declarative: Tool Install)
[8mha:////4Lw+pyP7NsUPab/KjjrOCZu1U0+4qxyK0CRIZNMvekMaAAAAoh+LCAAAAAAAAP9tjTEOAiEURD9rLGwtPQTbaWGsbAmNJ0AWEZb8zwLrbuWJvJp3kLiJlZNMMm+a93rDOic4UbLcG+wdZu14DKOti0+U+lugiXu6ck2YKRguzSSpM+cFJRUDS1gDKwEbgzpQdmgLbIVXD9UGhba9lFS/o4DGdQM8gYlqLiqVL8wJdvexy4Q/z18BzLEA29ce4gfg7KmOvAAAAA==[0m[Pipeline] tool
[8mha:////4N17HyQVocTOvhLi37bIwP2ZFSgexoiJ0hUExy3/7S7oAAAAoh+LCAAAAAAAAP9tjTEOAiEURD9rLGwtPQTbGRNjZUtoPAGyiLDkfxZYdytP5NW8g8RNrJxkknnTvNcb1jnBiZLl3mDvMGvHYxhtXXyi1N8CTdzTlWvCTMFwaSZJnTkvKKkYWMIaWAnYGNSBskNbYCu8eqg2KLTtpaT6HQU0rhvgCUxUc1GpfGFOsLuPXSb8ef4KYI4F2L72ED8v8DEJvAAAAA==[0m[Pipeline] envVarsForTool
[8mha:////4JPe4Zs7IVKatqs5yeVPyiSeeTA0TjITDFu/mc22KOj5AAAAoh+LCAAAAAAAAP9tjTEOAiEURD9rLGwtPQTbmRhjZUtoPAGyiLDkfxZYdytP5NW8g8RNrJxkknnTvNcb1jnBiZLl3mDvMGvHYxhtXXyi1N8CTdzTlWvCTMFwaSZJnTkvKKkYWMIaWAnYGNSBskNbYCu8eqg2KLTtpaT6HQU0rhvgCUxUc1GpfGFOsLuPXSb8ef4KYI6xADvU7j/zqggXvAAAAA==[0m[Pipeline] }
[8mha:////4KTgSZfRjS0cy4rV4s4wSXg+qjnLKvqj4alneOItQSrLAAAAox+LCAAAAAAAAP9tjTESgjAQRT84FraWHiJoYeVY2WZoPEGEGAOZXUwWofJEXs07yMiMlb/67zXv9cYyRRw5OtVYaj2lyqsu9G56auDYXgMPquGLqpgSB6tKO5Rc29OMJYvFvCzHQmNlqQqcPDnBWjfmYYpgyBVniZM7aOS+vuOJTE9lMVG+MEZsbn2dmH6dvwGMXSfId1tBtv8AExtCpb0AAAA=[0m[Pipeline] // stage
[8mha:////4GnI8x6KMMtR3ibyrtCFlP7bSDtdQOBtPIFphVUJqqqqAAAAph+LCAAAAAAAAP9tjTEOwjAQBC9BKWgpeYSjSHSIitZywwtMbIwT6y7YF5KKF/E1/oAhEhVb7ay0mucLqhThQNGJzmLvMbVeDGF0uYmJYn8JNImOzqIlTBSsUHZSZOxxQUVsYUlRwkrC2mIbKHl0DBvZ6buug0ZXnzjmbS+h9OYGDyhkNrOO/IU5wvY6mkT48/wVwDwwFDuGsmk+x+oNEzd2msEAAAA=[0m[Pipeline] withEnv
[8mha:////4K4J9lIKR58Aizv5VhzTEaNKYV7EsYPP/6oDWTXfcHJFAAAAph+LCAAAAAAAAP9tjTEOwjAUQ3+LOrAycohUZUVMrFEWThCaEJJG/7dJSjpxIq7GHWipxIQHy7ZkvdcbqhjgRMEwp7GzGFvLej+aObFMobt5yszRlbWEkbxmQmdBSp/XKihpWFWUsOGw1dh6ihZNgh138iFrL9HUlxTm7cihtGqAJxR8JicZ0rdMAfb3UUXCH+cvAKY+Qdk0ix2WZ/UBbwyqm8IAAAA=[0m[Pipeline] {
[8mha:////4Ffjgoob+HDPevrrkRC0Gbt7yEcMxwQnk0SEhATHwvmAAAAAph+LCAAAAAAAAP9tjTEOwjAUQ3+LOrAycohUwIiYukZZOEFoQkgb/V9+UtqJE3E17kBLJSY8WLYl673eUESGE7ETjcXWY6y96ELvpiQG4vYaaBANXURNGClYoeygyNhqqYqShUVZDisJa4t1oOjRJdjIRj90GTS68px42o4Scm/u8IRMTuSkOX3LyLC99SYS/jh/ATB2CfLdfrbD/Cw+y7kUycIAAAA=[0m[Pipeline] stage
[8mha:////4IGGj0mtQ7N69eR1MRnsyDLJw3wPDV2PydIPenbIfSFwAAAApx+LCAAAAAAAAP9tjTEOwjAUQ3+LOrAycohUCDbE1DXKwglCE0La6P/yk9JOnIircQdaKjHhwbItWe/1hiIynIidaCy2HmPtRRd6NyUxELfXQINo6CJqwkjBCmUHRcZWS1WULCzKclhJWFusA0WPLsFGNvqhy6DRlefE03aUkHtzhydkciInzelbRobtrTeR8Mf5C4CxS5Dv9rMd5mfxAbNWnxXCAAAA[0m[Pipeline] { (Clone Git repo)
[8mha:////4GumLMnSdxe5t46Cr/CSOCV5vgbcK8UBwwgJlTqokh+MAAAApB+LCAAAAAAAAP9tjTEOwjAQBC9BFLSUPOIiJKgQVVrLDS8wsTFOrDtjOyQVL+Jr/IFAJCq2WO1sM88XLFOEI0eLraHOUWocBt/baeHAsbt4HrDlMzZMib1BaQbJ2tQzSs4G5hQlLASsDDWekyObYS1adVeVV2SrU47TdxBQOn2DBxRiMmcV8xfGCJtrrxPTz/NXAGPIUG53n9qHN8W7Eii+AAAA[0m[Pipeline] tool
[8mha:////4EchIFyyU556Yy1i0N5jsWZA8GYeqj8qilQnPp0aaEY7AAAApR+LCAAAAAAAAP9tjTEOwjAQBC9BFLSUPOIiJESDqNJabniBiY1xYt0Z2yGpeBFf4w8EIlGxxWpnm3m+YJkiHDlabA11jlLjMPjeTgsHjt3F84Atn7FhSuwNSjNI1qaeUXI2MKcoYSFgZajxnBzZDGvRqruqvCJbnXKcvoOA0ukbPKAQkzmrmL8wRthce52Yfp6/AhhDhnK7+9Q+vAEG6D8DvgAAAA==[0m[Pipeline] envVarsForTool
[8mha:////4F/p+EMnq1FJDxvJXb/3RSPM3JoMJNAqqYwBaG/cKunWAAAAqB+LCAAAAAAAAP9tjTEOwjAUQ3+LOrAycohUSEgMiKlrlIUThCaEtNH/5SelnTgRV+MOtFRiwoNlW7Le6w1FZDgRO9FYbD3G2osu9G5KYiBur4EG0dBF1ISRghXKDoqMrZaqKFlYlOWwkrC2WAeKHl2CjWz0Q5dBoyvPiaftKCH35g5PyORETprTt4wM21tvIuGP8xcAY5cg3+1nO8zP4gOeMTC6wgAAAA==[0m[Pipeline] withEnv
[8mha:////4JKMw4qVtYHaySg8o1gt3cqMKm/2dGaa3XR95AmnlqDBAAAApx+LCAAAAAAAAP9tjTEOwjAUQ3+LOrAycohUTCAhpq5RFk4QmhDSRv+Xn5R24kRcjTvQUokJD5ZtyXqvNxSR4UTsRGOx9RhrL7rQuymJgbi9BhpEQxdRE0YKVig7KDK2WqqiZGFRlsNKwtpiHSh6dAk2stEPXQaNrjwnnrajhNybOzwhkxM5aU7fMjJsb72JhD/OXwCMXYJ8t5/tMD+LD0rlhNLCAAAA[0m[Pipeline] {
[8mha:////4IO6UOPu4+Jjc8PHhZa+EEfgXmY2sOtmc3MaJE5ImtUBAAAApB+LCAAAAAAAAP9tjTEOwjAQBC9BFLSUPOIiOhCiSmu54QUmNsaJdWdsh6TiRXyNPxCIRMUWq51t5vmCZYpw5GixNdQ5So3D4Hs7LRw4dhfPA7Z8xoYpsTcozSBZm3pGydnAnKKEhYCVocZzcmQzrEWr7qryimx1ynH6DgJKp2/wgEJM5qxi/sIYYXPtdWL6ef4KYAwZyu3uU/vwBr2eB0O+AAAA[0m[Pipeline] git
The recommended git tool is: NONE
using credential access_to_git
 > git rev-parse --resolve-git-dir /var/lib/jenkins/workspace/NODE_JS_TF_ANS_setup/.git # timeout=10
Fetching changes from the remote Git repository
 > git config remote.origin.url https://github.com/Suntorio/DevOps_Group_3.git # timeout=10
Fetching upstream changes from https://github.com/Suntorio/DevOps_Group_3.git
 > git --version # timeout=10
 > git --version # 'git version 2.34.1'
using GIT_SSH to set credentials git
 > git fetch --tags --force --progress -- https://github.com/Suntorio/DevOps_Group_3.git +refs/heads/*:refs/remotes/origin/* # timeout=10
 > git rev-parse refs/remotes/origin/master^{commit} # timeout=10
Checking out Revision ef7bdd993c9d38484dff0c29818670e0e2910c69 (refs/remotes/origin/master)
 > git config core.sparsecheckout # timeout=10
 > git checkout -f ef7bdd993c9d38484dff0c29818670e0e2910c69 # timeout=10
 > git branch -a -v --no-abbrev # timeout=10
 > git branch -D master # timeout=10
 > git checkout -b master ef7bdd993c9d38484dff0c29818670e0e2910c69 # timeout=10
Commit message: "change bucket's name"
 > git rev-list --no-walk 2242a89badba36ae392c99a443e4ea9f2d03c469 # timeout=10
[8mha:////4EbTfpr+pke0mkh/vVNjSpqFCeNPNnqNefHWUoqFIWuWAAAApR+LCAAAAAAAAP9tjTEOwjAQBC9BFLSUPOICVEgoFa3lhheYxBgn1l2wHZyKF/E1/oBFJCq2WO1sM683LIOHmr3BTlNvKTQWBzeavDCx76+OE3Z8wYYpsNModZLc6tOMkqOGOUUJCwErTY3jYMlEWItOPVTlFJnqHH3+jgJK297hCYXI5qh8/MLkYXMb28D08/wVwDQMEcr9Ntfu8AEWNdkpvgAAAA==[0m[Pipeline] }
[8mha:////4BA1Y5ZUhE3X0kRqW+wUwkYd60sIlNddcXG0sAxaLgSlAAAApR+LCAAAAAAAAP9tjTEOwjAQBC9BFLSUPOKi0FAgqrRWGl5gYmOcWHfGdkgqXsTX+AMWkajYYrWzzbzesI4BThwM9poGS7Gz6N1o8sKJw3B1PGHPF+yYIjuNrZ5aVrpZsOWkYUlRwkrARlPnOFoyCbailw9ZOUmmOqeQv6OA0qo7PKEQ2ZxkSF+YA+xuo4pMP89fAczeJyj3da768AEi+zpyvgAAAA==[0m[Pipeline] // withEnv
[8mha:////4Fr9GG3LlX3si/CvpVm7T6+Lb1iOTuV89fOaOmcrv917AAAApB+LCAAAAAAAAP9tjTEOwjAQBC9BFLSUPMIRER2iSmul4QUmPowT687YDknFi/gaf8AiEhVbrHa2mdcb1jHAiYMRPdJgKXZWeDeavMTEYbg6nkTPF9ExRXYoWpxa1tgs2HJCWFKUsJKwQeocR0smwVb26qEqp8hU5xTyd5RQWn2HJxQym5MK6QtzgN1t1JHp5/krgNn7BGVd59ofPjbYp22+AAAA[0m[Pipeline] }
[8mha:////4FGfXIm6J6VJpKI88yVr8BdpKoOmyihVMoJpLrTJ08XRAAAApB+LCAAAAAAAAP9tjTEOwjAQBC9BFLSUPOIiSImo0lppeIGJjXFi3RnbIal4EV/jD1hEomKL1c4283rDOgY4cTDYaxosxc6id6PJCycOw9XxhD1fsGOK7DS2empZ6WbBlpOGJUUJKwEbTZ3jaMkk2IpePmTlJJnqnEL+jgJKq+7whEJkc5IhfWEOsLuNKjL9PH8FMHufoDzUufb1BzCenzi+AAAA[0m[Pipeline] // stage
[8mha:////4DxfA4hoP7F8eEyrvrrf+sWgUr5SviMokBGFdbMkRH0eAAAApx+LCAAAAAAAAP9tjTEOwjAUQ3+LOrAycohUVGyIqWuUhROEJIS00f8lSWknTsTVuAOBSkx4sGxL1nu+oIoBjhQs6wz2DqNybPCjzYlNFPqLp4l1dGaKMJI3TJhJkDbtUgUlA4uKElYc1gaVp+jQJtjwTt5l7SXa+pRC3g4cSqdv8ICCZ3KSIX3LHGB7HXUk/HH+AmAeEpS7Jluz/zyrN+6T+eXCAAAA[0m[Pipeline] stage
[8mha:////4JuZ/Xpk85dlUm2rjj9JTimOM3waEb23LdiPqlKZD4xJAAAApx+LCAAAAAAAAP9tjTEOwjAUQ3+LOrAycohUQjAhpq5RFk4QmhDSRv+Xn5R24kRcjTvQUokJD5ZtyXqvNxSR4UTsRGOx9RhrL7rQuymJgbi9BhpEQxdRE0YKVig7KDK2WqqiZGFRlsNKwtpiHSh6dAk2stEPXQaNrjwnnrajhNybOzwhkxM5aU7fMjJsb72JhD/OXwCMXYJ8t5/tMD+LD/hYjrHCAAAA[0m[Pipeline] { (Install Ansible)
[8mha:////4AzV0idF8TjOcyYgqUklijTzG09YQeoGpR3UzFF06YVsAAAApR+LCAAAAAAAAP9tjTEOwjAQBC9BFLSUPOIiIUGDqNJabniBiY1xYt0Z2yGpeBFf4w8EIlGxxWpnm3m+YJkiHDlabA11jlLjMPjeTgsHjt3F84Atn7FhSuwNSjNI1qaeUXI2MKcoYSFgZajxnBzZDGvRqruqvCJbnXKcvoOA0ukbPKAQkzmrmL8wRthce52Yfp6/AhhDhnK7+9Q+vAEIWoEpvgAAAA==[0m[Pipeline] tool
[8mha:////4NjBiRyuC4MAItQ7tVBBnBjnY8VfA3rChLPJO3iwtuRRAAAApR+LCAAAAAAAAP9tjTEOwjAQBC9BFLSUPOIiISEKRJXWcsMLTGyME+vO2A5JxYv4Gn8gEImKLVY728zzBcsU4cjRYmuoc5Qah8H3dlo4cOwungds+YwNU2JvUJpBsjb1jJKzgTlFCQsBK0ON5+TIZliLVt1V5RXZ6pTj9B0ElE7f4AGFmMxZxfyFMcLm2uvE9PP8FcAYMpTb3af24Q1Ja5owvgAAAA==[0m[Pipeline] envVarsForTool
[8mha:////4BdZaMPSXsZBZntaaQCwfFOHooanoTRip3I86y82rnu1AAAAqB+LCAAAAAAAAP9tjUEKwjAURH8rXbh16SFSEARBXHUbsvEEsYkxbfi//qS2K0/k1byDrQVXzmKYGRje6w1FZDgRO9FYbD3G2osu9G5KYiBur4EG0dBF1ISRghXKDoqMrZaqKFlYlOWwkrC2WAeKHl2CjWz0Q5dBoyvPiaftKCH35g5PyORETprTt4wM21tvIuGP8xcAY5cg3+1nO8zP4gPmlJ7MwgAAAA==[0m[Pipeline] withEnv
[8mha:////4I50sY9zhznYGrGx1WdC7JjYrtmtSPP8ElbiRfLQTVpjAAAApx+LCAAAAAAAAP9tjTEOwjAUQ3+LOrAycohUYgIhpq5RFk4QmhDSRv+Xn5R24kRcjTvQUokJD5ZtyXqvNxSR4UTsRGOx9RhrL7rQuymJgbi9BhpEQxdRE0YKVig7KDK2WqqiZGFRlsNKwtpiHSh6dAk2stEPXQaNrjwnnrajhNybOzwhkxM5aU7fMjJsb72JhD/OXwCMXYJ8t5/tMD+LD0QKVszCAAAA[0m[Pipeline] {
[8mha:////4AnsooTkRpLqiLpC0rrVYUsR93RitV8eHjiTHAy7DRiVAAAApR+LCAAAAAAAAP9tjTEOwjAQBC9BFLSUPOKCoEIoFa3lhheYxBgn1l2wHZyKF/E1/oBFJCq2WO1sM683LIOHmr3BTlNvKTQWBzeavDCx76+OE3Z8wYYpsNModZLc6tOMkqOGOUUJCwErTY3jYMlEWItOPVTlFJnqHH3+jgJK297hCYXI5qh8/MLkYXMb28D08/wVwDREKHeHXPvt8AHN/bm5vgAAAA==[0m[Pipeline] sh
+ sudo apt-add-repository ppa:ansible/ansible -y
Hit:1 http://us-east-1.ec2.ports.ubuntu.com/ubuntu-ports jammy InRelease
Get:2 http://us-east-1.ec2.ports.ubuntu.com/ubuntu-ports jammy-updates InRelease [119 kB]
Get:3 http://us-east-1.ec2.ports.ubuntu.com/ubuntu-ports jammy-backports InRelease [109 kB]
Ign:4 https://pkg.jenkins.io/debian-stable binary/ InRelease
Hit:5 https://pkg.jenkins.io/debian-stable binary/ Release
Get:6 http://ports.ubuntu.com/ubuntu-ports jammy-security InRelease [110 kB]
Hit:7 https://ppa.launchpadcontent.net/ansible/ansible/ubuntu jammy InRelease
Get:8 http://us-east-1.ec2.ports.ubuntu.com/ubuntu-ports jammy-updates/main arm64 Packages [1011 kB]
Get:9 http://us-east-1.ec2.ports.ubuntu.com/ubuntu-ports jammy-updates/main Translation-en [245 kB]
Get:10 http://us-east-1.ec2.ports.ubuntu.com/ubuntu-ports jammy-updates/main arm64 c-n-f Metadata [15.7 kB]
Get:11 http://us-east-1.ec2.ports.ubuntu.com/ubuntu-ports jammy-updates/restricted arm64 Packages [726 kB]
Get:12 http://us-east-1.ec2.ports.ubuntu.com/ubuntu-ports jammy-updates/restricted Translation-en [179 kB]
Get:13 http://us-east-1.ec2.ports.ubuntu.com/ubuntu-ports jammy-updates/restricted arm64 c-n-f Metadata [376 B]
Get:14 http://us-east-1.ec2.ports.ubuntu.com/ubuntu-ports jammy-updates/universe arm64 Packages [909 kB]
Get:15 http://us-east-1.ec2.ports.ubuntu.com/ubuntu-ports jammy-updates/universe Translation-en [219 kB]
Get:16 http://us-east-1.ec2.ports.ubuntu.com/ubuntu-ports jammy-updates/universe arm64 c-n-f Metadata [19.4 kB]
Get:17 http://us-east-1.ec2.ports.ubuntu.com/ubuntu-ports jammy-updates/multiverse arm64 Packages [23.5 kB]
Get:18 http://us-east-1.ec2.ports.ubuntu.com/ubuntu-ports jammy-updates/multiverse arm64 c-n-f Metadata [260 B]
Get:20 http://ports.ubuntu.com/ubuntu-ports jammy-security/main arm64 Packages [808 kB]
Get:21 http://ports.ubuntu.com/ubuntu-ports jammy-security/main Translation-en [186 kB]
Get:22 http://ports.ubuntu.com/ubuntu-ports jammy-security/main arm64 c-n-f Metadata [11.1 kB]
Get:23 http://ports.ubuntu.com/ubuntu-ports jammy-security/restricted arm64 Packages [720 kB]
Get:24 http://ports.ubuntu.com/ubuntu-ports jammy-security/restricted Translation-en [176 kB]
Get:25 http://ports.ubuntu.com/ubuntu-ports jammy-security/restricted arm64 c-n-f Metadata [380 B]
Get:26 http://ports.ubuntu.com/ubuntu-ports jammy-security/universe arm64 Packages [711 kB]
Get:27 http://ports.ubuntu.com/ubuntu-ports jammy-security/universe Translation-en [146 kB]
Get:28 http://ports.ubuntu.com/ubuntu-ports jammy-security/universe arm64 c-n-f Metadata [14.2 kB]
Get:29 http://ports.ubuntu.com/ubuntu-ports jammy-security/multiverse arm64 Packages [19.6 kB]
Get:30 http://ports.ubuntu.com/ubuntu-ports jammy-security/multiverse arm64 c-n-f Metadata [236 B]
Fetched 6480 kB in 2s (3532 kB/s)
Reading package lists...
Repository: 'deb https://ppa.launchpadcontent.net/ansible/ansible/ubuntu/ jammy main'
Description:
Ansible is a radically simple IT automation platform that makes your applications and systems easier to deploy. Avoid writing scripts or custom code to deploy and update your applications— automate in a language that approaches plain English, using SSH, with no agents to install on remote systems.

http://ansible.com/

If you face any issues while installing Ansible PPA, file an issue here:
https://github.com/ansible-community/ppa/issues
More info: https://launchpad.net/~ansible/+archive/ubuntu/ansible
Adding repository.
Found existing deb entry in /etc/apt/sources.list.d/ansible-ubuntu-ansible-jammy.list
Adding deb entry to /etc/apt/sources.list.d/ansible-ubuntu-ansible-jammy.list
Found existing deb-src entry in /etc/apt/sources.list.d/ansible-ubuntu-ansible-jammy.list
Adding disabled deb-src entry to /etc/apt/sources.list.d/ansible-ubuntu-ansible-jammy.list
Adding key to /etc/apt/trusted.gpg.d/ansible-ubuntu-ansible.gpg with fingerprint 6125E2A8C77F2818FB7BD15B93C4A3FD7BB9C367
+ sudo apt-get update
Hit:1 http://us-east-1.ec2.ports.ubuntu.com/ubuntu-ports jammy InRelease
Hit:2 http://us-east-1.ec2.ports.ubuntu.com/ubuntu-ports jammy-updates InRelease
Hit:3 http://us-east-1.ec2.ports.ubuntu.com/ubuntu-ports jammy-backports InRelease
Ign:4 https://pkg.jenkins.io/debian-stable binary/ InRelease
Hit:5 https://pkg.jenkins.io/debian-stable binary/ Release
Hit:6 http://ports.ubuntu.com/ubuntu-ports jammy-security InRelease
Hit:7 https://ppa.launchpadcontent.net/ansible/ansible/ubuntu jammy InRelease
Reading package lists...
+ sudo apt-get install ansible -y
Reading package lists...
Building dependency tree...
Reading state information...
ansible is already the newest version (8.5.0-1ppa~jammy).
0 upgraded, 0 newly installed, 0 to remove and 40 not upgraded.
[8mha:////4HxRAqojb3M7zY5VwVoA2XZ4MIdjHkDf0CUn4ut84ns+AAAApR+LCAAAAAAAAP9tjTEOwjAQBC9BFLSUPOIioEIoFa3lhheYxBgn1l2wHZyKF/E1/oBFJCq2WO1sM683LIOHmr3BTlNvKTQWBzeavDCx76+OE3Z8wYYpsNModZLc6tOMkqOGOUUJCwErTY3jYMlEWItOPVTlFJnqHH3+jgJK297hCYXI5qh8/MLkYXMb28D08/wVwDQMEcr9Ntfu8AFSjtgYvgAAAA==[0m[Pipeline] }
[8mha:////4Eg0Gf7Pp98T++zyaEnERkASEbTz6FhORI6oDrC26fK3AAAApR+LCAAAAAAAAP9tjTEOwjAQBC9BFLSUPOIihQYJUaW10vACExvjxLoztkNS8SK+xh+wiETFFqudbeb1hnUMcOJgsNc0WIqdRe9GkxdOHIar4wl7vmDHFNlpbPXUstLNgi0nDUuKElYCNpo6x9GSSbAVvXzIykky1TmF/B0FlFbd4QmFyOYkQ/rCHGB3G1Vk+nn+CmD2PkG5r3PVhw9qzEvpvgAAAA==[0m[Pipeline] // withEnv
[8mha:////4BR2b67r8hvrFWu7MJM/dK+ZH2SDr0Y5EKzl+1jgIp1PAAAApR+LCAAAAAAAAP9tjTEOwjAQBC9BFLSUPMKRiKgQVVorDS8w8WGcWHfGdkgqXsTX+AMWkajYYrWzzbzesI4BThyM6JEGS7GzwrvR5CUmDsPV8SR6voiOKbJD0eLUssZmwZYTwpKihJWEDVLnOFoyCbayVw9VOUWmOqeQv6OE0uo7PKGQ2ZxUSF+YA+xuo45MP89fAczeJyjrOtf+8AFyY6ZcvgAAAA==[0m[Pipeline] }
[8mha:////4OYNGmUy5R8RIduV0RrfZq8a12l7s2NiTqbem7z0+G6cAAAApB+LCAAAAAAAAP9tjTEOwjAQBC9BFLSUPOIiQTpEldZKwwtMbIwT687YDknFi/gaf8AiEhVbrHa2mdcb1jHAiYPBXtNgKXYWvRtNXjhxGK6OJ+z5gh1TZKex1VPLSjcLtpw0LClKWAnYaOocR0smwVb08iErJ8lU5xTydxRQWnWHJxQim5MM6QtzgN1tVJHp5/krgNn7BOWhzrWvP1xjpDa+AAAA[0m[Pipeline] // stage
[8mha:////4DTmazdXaA8Yg1Dsbysd6EFjfBunO1Idg1DHD8F2uQuIAAAAqB+LCAAAAAAAAP9tjTEOwjAUQ3+LOrAycohUgJhQJ9aoCycITQhJo/9LkpJOnIircQcClZjwYNmWrPd8QRU8NOQ1swp7g6EzbHCjzokl8v3FUWKWzqwjDOQUa1VqSarjXFuKCmYVJSw4LBV2joJBHWHFrbiL2gnU9Sn6vB04lEbe4AEFz+QofPyWycP6OspA+OP8BcA0RCg322y7/edZvQH/S9KIwgAAAA==[0m[Pipeline] stage
[8mha:////4D4xGem7b6r7K32RMxq/Zc8DYGNHr32YDk+HZz3euprzAAAApx+LCAAAAAAAAP9tjTEOwjAUQ3+LOrAycoh0QLAgpq5RFk4QmhDSRv+Xn5R24kRcjTvQUokJD5ZtyXqvNxSR4UTsRGOx9RhrL7rQuymJgbi9BhpEQxdRE0YKVig7KDK2WqqiZGFRlsNKwtpiHSh6dAk2stEPXQaNrjwnnrajhNybOzwhkxM5aU7fMjJsb72JhD/OXwCMXYJ8t5/tMD+LD02yRsvCAAAA[0m[Pipeline] { (Terraform Plan)
[8mha:////4FZKAoG/8fJ/zPVcXkfPpvSDd5A+nF/LvatcW1kdhsskAAAApR+LCAAAAAAAAP9tjTEOwjAQBC9BFLSUPOJSIEGBqNJabniBiY1xYt0Z2yGpeBFf4w8EIlGxxWpnm3m+YJkiHDlabA11jlLjMPjeTgsHjt3F84Atn7FhSuwNSjNI1qaeUXI2MKcoYSFgZajxnBzZDGvRqruqvCJbnXKcvoOA0ukbPKAQkzmrmL8wRthce52Yfp6/AhhDhnK7+9Q+vAF9GxrMvgAAAA==[0m[Pipeline] tool
[8mha:////4NRtfO/xRRajhsmZ7RB15T6pwh4GzOX9vO3HBtigYadYAAAApR+LCAAAAAAAAP9tjTEOwjAQBC9BFLSUPOJSICEkRJXWcsMLTGyME+vO2A5JxYv4Gn8gEImKLVY728zzBcsU4cjRYmuoc5Qah8H3dlo4cOwungds+YwNU2JvUJpBsjb1jJKzgTlFCQsBK0ON5+TIZliLVt1V5RXZ6pTj9B0ElE7f4AGFmMxZxfyFMcLm2uvE9PP8FcAYMpTb3af24Q2yB4JLvgAAAA==[0m[Pipeline] envVarsForTool
[8mha:////4DhjR4VCxIevA6jP7ekJFJUgbZ4l97GP0WF0OEelRZJPAAAAqB+LCAAAAAAAAP9tjTEOwjAUQ3+LOrAycoh0QEJCiKlrlIUThCaEtNH/5SelnTgRV+MOtFRiwoNlW7Le6w1FZDgRO9FYbD3G2osu9G5KYiBur4EG0dBF1ISRghXKDoqMrZaqKFlYlOWwkrC2WAeKHl2CjWz0Q5dBoyvPiaftKCH35g5PyORETprTt4wM21tvIuGP8xcAY5cg3+1nO8zP4gOZZvKjwgAAAA==[0m[Pipeline] withEnv
[8mha:////4HFSCmB3Zqd+rRERQLPl4Qlou1YXh8/YLvbcVR0kJAsSAAAAqB+LCAAAAAAAAP9tjTEOwjAUQ3+LOrAycogUCRaEOrFGXThBaEJIGv1fkpR04kRcjTsQqMSEB8u2ZL3nC6rgoSGvmVXYGwydYYMbdU4ske8vjhKzdGYdYSCnWKtSS1Id59pSVDCrKGHBYamwcxQM6ggrbsVd1E6grk/R5+3AoTTyBg8oeCZH4eO3TB7W11EGwh/nLwCmIUK53WfbbT7P6g0Z/aLSwgAAAA==[0m[Pipeline] {
[8mha:////4CLyQmmrtLnzSeQ38QqgfzdPQ3vjcLcx9iIajXrbe9GrAAAApB+LCAAAAAAAAP9tjTEOwjAQBC9BFLSUPOICEh2iSmu54QUmNsaJdWdsh6TiRXyNPxCIRMUWq51t5vmCZYpw5GixNdQ5So3D4Hs7LRw4dhfPA7Z8xoYpsTcozSBZm3pGydnAnKKEhYCVocZzcmQzrEWr7qryimx1ynH6DgJKp2/wgEJM5qxi/sIYYXPtdWL6ef4KYAwZyv32U7vwBl2WGva+AAAA[0m[Pipeline] sh
+ cd ./jenkins/terraform_ansible_generic_instace_setup_template
+ echo yes
+ terraform init

[0m[1mInitializing the backend...[0m

[0m[1mInitializing provider plugins...[0m
- Reusing previous version of hashicorp/random from the dependency lock file
- Reusing previous version of hashicorp/aws from the dependency lock file
- Using previously-installed hashicorp/random v3.5.1
- Using previously-installed hashicorp/aws v5.23.1

[0m[1m[32mTerraform has been successfully initialized![0m[32m[0m
[0m[32m
You may now begin working with Terraform. Try running "terraform plan" to see
any changes that are required for your infrastructure. All Terraform commands
should now work.

If you ever set or change modules or backend configuration for Terraform,
rerun this command to reinitialize your working directory. If you forget, other
commands will detect it and remind you to do so if necessary.[0m
+ terraform plan -out=terraform.tfplan
[0m[1mrandom_pet.sg: Refreshing state... [id=concise-magpie][0m
[0m[1mdata.aws_vpc.main: Reading...[0m[0m
[0m[1mdata.aws_caller_identity.current: Reading...[0m[0m
[0m[1maws_security_group.web-sg: Refreshing state... [id=sg-0c5c007cb82bd3527][0m
[0m[1mdata.aws_caller_identity.current: Read complete after 0s [id=624586740279][0m
[0m[1maws_instance.nodejs-app: Refreshing state... [id=i-02e0483703d688f6f][0m
[0m[1mdata.aws_vpc.main: Read complete after 0s [id=vpc-0e56aa6f431e4a80b][0m
[0m[1mdata.aws_subnets.vpcsubnets: Reading...[0m[0m
[0m[1mdata.aws_subnets.vpcsubnets: Read complete after 0s [id=us-east-1][0m
[0m[1mdata.aws_subnet.vpcsubnet["1"]: Reading...[0m[0m
[0m[1mdata.aws_subnet.vpcsubnet["3"]: Reading...[0m[0m
[0m[1mdata.aws_subnet.vpcsubnet["2"]: Reading...[0m[0m
[0m[1mdata.aws_subnet.vpcsubnet["4"]: Reading...[0m[0m
[0m[1mdata.aws_subnet.vpcsubnet["5"]: Reading...[0m[0m
[0m[1mdata.aws_subnet.vpcsubnet["0"]: Reading...[0m[0m
[0m[1mdata.aws_subnet.vpcsubnet["3"]: Read complete after 0s [id=subnet-0900feef742362bd0][0m
[0m[1mdata.aws_subnet.vpcsubnet["0"]: Read complete after 0s [id=subnet-0f4ce9e451ba3b050][0m
[0m[1mdata.aws_subnet.vpcsubnet["5"]: Read complete after 0s [id=subnet-06892fd3d663d180a][0m
[0m[1mdata.aws_subnet.vpcsubnet["4"]: Read complete after 0s [id=subnet-0ae48cfabcd2d0bf7][0m
[0m[1mdata.aws_subnet.vpcsubnet["1"]: Read complete after 0s [id=subnet-09f6e38e171500023][0m
[0m[1mdata.aws_subnet.vpcsubnet["2"]: Read complete after 0s [id=subnet-06e30c251ac56337b][0m

[1m[36mNote:[0m[1m Objects have changed outside of Terraform
[0m
Terraform detected the following changes made outside of Terraform since the
last "terraform apply" which may have affected this plan:

[1m  # aws_instance.nodejs-app[0m has been deleted
[0m  [31m-[0m[0m resource "aws_instance" "nodejs-app" {
        id                                   = "i-02e0483703d688f6f"
      [31m-[0m[0m public_ip                            = "54.87.38.232" [90m-> null[0m[0m
        tags                                 = {
            "Name" = "Node_JS_app"
        }
        [90m# (31 unchanged attributes hidden)[0m[0m

        [90m# (8 unchanged blocks hidden)[0m[0m
    }


Unless you have made equivalent changes to your configuration, or ignored the
relevant attributes using ignore_changes, the following plan may include
actions to undo or respond to these changes.
[90m
─────────────────────────────────────────────────────────────────────────────[0m

Terraform used the selected providers to generate the following execution
plan. Resource actions are indicated with the following symbols:
  [32m+[0m create[0m

Terraform will perform the following actions:

[1m  # aws_instance.nodejs-app[0m will be created
[0m  [32m+[0m[0m resource "aws_instance" "nodejs-app" {
      [32m+[0m[0m ami                                  = "ami-053b0d53c279acc90"
      [32m+[0m[0m arn                                  = (known after apply)
      [32m+[0m[0m associate_public_ip_address          = (known after apply)
      [32m+[0m[0m availability_zone                    = (known after apply)
      [32m+[0m[0m cpu_core_count                       = (known after apply)
      [32m+[0m[0m cpu_threads_per_core                 = (known after apply)
      [32m+[0m[0m disable_api_stop                     = (known after apply)
      [32m+[0m[0m disable_api_termination              = (known after apply)
      [32m+[0m[0m ebs_optimized                        = (known after apply)
      [32m+[0m[0m get_password_data                    = false
      [32m+[0m[0m host_id                              = (known after apply)
      [32m+[0m[0m host_resource_group_arn              = (known after apply)
      [32m+[0m[0m iam_instance_profile                 = (known after apply)
      [32m+[0m[0m id                                   = (known after apply)
      [32m+[0m[0m instance_initiated_shutdown_behavior = (known after apply)
      [32m+[0m[0m instance_lifecycle                   = (known after apply)
      [32m+[0m[0m instance_state                       = (known after apply)
      [32m+[0m[0m instance_type                        = "t2.micro"
      [32m+[0m[0m ipv6_address_count                   = (known after apply)
      [32m+[0m[0m ipv6_addresses                       = (known after apply)
      [32m+[0m[0m key_name                             = "jenkins-ansible"
      [32m+[0m[0m monitoring                           = (known after apply)
      [32m+[0m[0m outpost_arn                          = (known after apply)
      [32m+[0m[0m password_data                        = (known after apply)
      [32m+[0m[0m placement_group                      = (known after apply)
      [32m+[0m[0m placement_partition_number           = (known after apply)
      [32m+[0m[0m primary_network_interface_id         = (known after apply)
      [32m+[0m[0m private_dns                          = (known after apply)
      [32m+[0m[0m private_ip                           = (known after apply)
      [32m+[0m[0m public_dns                           = (known after apply)
      [32m+[0m[0m public_ip                            = (known after apply)
      [32m+[0m[0m secondary_private_ips                = (known after apply)
      [32m+[0m[0m security_groups                      = (known after apply)
      [32m+[0m[0m source_dest_check                    = true
      [32m+[0m[0m spot_instance_request_id             = (known after apply)
      [32m+[0m[0m subnet_id                            = (known after apply)
      [32m+[0m[0m tags                                 = {
          [32m+[0m[0m "Name" = "Node_JS_app"
        }
      [32m+[0m[0m tags_all                             = {
          [32m+[0m[0m "Name" = "Node_JS_app"
        }
      [32m+[0m[0m tenancy                              = (known after apply)
      [32m+[0m[0m user_data                            = (known after apply)
      [32m+[0m[0m user_data_base64                     = (known after apply)
      [32m+[0m[0m user_data_replace_on_change          = false
      [32m+[0m[0m vpc_security_group_ids               = [
          [32m+[0m[0m "sg-0c5c007cb82bd3527",
        ]
    }

[1mPlan:[0m 1 to add, 0 to change, 0 to destroy.
[0m
Changes to Outputs:
  [33m~[0m[0m web-address-nodejs = "54.87.38.232" -> (known after apply)
[90m
─────────────────────────────────────────────────────────────────────────────[0m

Saved the plan to: terraform.tfplan

To perform exactly these actions, run the following command to apply:
    terraform apply "terraform.tfplan"
[8mha:////4GIXbHYvbGSo/XX+a7ypBu0wi/N4M9U9qa8q2/wglRUwAAAApB+LCAAAAAAAAP9tjTEOwjAQBC9BFLSUPOKCEB2iSmu54QUmNsaJdWdsh6TiRXyNPxCIRMUWq51t5vmCZYpw5GixNdQ5So3D4Hs7LRw4dhfPA7Z8xoYpsTcozSBZm3pGydnAnKKEhYCVocZzcmQzrEWr7qryimx1ynH6DgJKp2/wgEJM5qxi/sIYYXPtdWL6ef4KYAwhQ7nffWr7BlDdbXS+AAAA[0m[Pipeline] }
[8mha:////4DPl3/pj7AcZAEjW9k24ykACf3E/1eWY2WMiDswOR6XTAAAApR+LCAAAAAAAAP9tjTEOwjAQBC9BFLSUPOJShAYhqrRWGl5gYmOcWHfGdkgqXsTX+AMWkajYYrWzzbzesI4BThwM9poGS7Gz6N1o8sKJw3B1PGHPF+yYIjuNrZ5aVrpZsOWkYUlRwkrARlPnOFoyCbailw9ZOUmmOqeQv6OA0qo7PKEQ2ZxkSF+YA+xuo4pMP89fAczeJyj3da768AGWIKyJvgAAAA==[0m[Pipeline] // withEnv
[8mha:////4PUy04lpwVA+iir6mDPICchiUzbDsYRbxdYMVPSS9BAgAAAApR+LCAAAAAAAAP9tjTEOwjAQBC9BFLSUPMIpiGgQVVorDS8w8WGcWHfGdkgqXsTX+AMWkajYYrWzzbzesI4BThyM6JEGS7GzwrvR5CUmDsPV8SR6voiOKbJD0eLUssZmwZYTwpKihJWEDVLnOFoyCbayVw9VOUWmOqeQv6OE0uo7PKGQ2ZxUSF+YA+xuo45MP89fAczeJyjrOtf+8AG/DRYEvgAAAA==[0m[Pipeline] }
[8mha:////4E+P2ATyWlT2TdoN0jqeXD6LhFdUUqZuxsCTXBj+hPLcAAAApB+LCAAAAAAAAP9tjTEOwjAQBC9BFLSUPOJSQCpEldZKwwtMbIwT687YDknFi/gaf8AiEhVbrHa2mdcb1jHAiYPBXtNgKXYWvRtNXjhxGK6OJ+z5gh1TZKex1VPLSjcLtpw0LClKWAnYaOocR0smwVb08iErJ8lU5xTydxRQWnWHJxQim5MM6QtzgN1tVJHp5/krgNn7BOWhzrWvP6CPQ1a+AAAA[0m[Pipeline] // stage
[8mha:////4IMcxS5fX4o5DUDbUh+w9yrQZAkwYbxsxmTUpFf6gCj5AAAAqB+LCAAAAAAAAP9tjTEOwjAUQ3+LOrAycohUIMSCOrFGXThBaEJIGv1fkpR04kRcjTsQqMSEB8u2ZL3nC6rgoSGvmVXYGwydYYMbdU4ske8vjhKzdGYdYSCnWKtSS1Id59pSVDCrKGHBYamwcxQM6ggrbsVd1E6grk/R5+3AoTTyBg8oeCZH4eO3TB7W11EGwh/nLwCmIUK52Wbb7T/P6g3fB+HLwgAAAA==[0m[Pipeline] stage
[8mha:////4JXKoDNGSX11XX6wh5G75PSD6dD4boD8LiY/Qmtn29PxAAAApx+LCAAAAAAAAP9tjTEOwjAUQ3+LOrAycoh0QTAgpq5RFk4QmhDSRv+Xn5R24kRcjTvQUokJD5ZtyXqvNxSR4UTsRGOx9RhrL7rQuymJgbi9BhpEQxdRE0YKVig7KDK2WqqiZGFRlsNKwtpiHSh6dAk2stEPXQaNrjwnnrajhNybOzwhkxM5aU7fMjJsb72JhD/OXwCMXYJ8t5/tMD+LD+jQxyjCAAAA[0m[Pipeline] { (Plan verification and user input)
[8mha:////4MjVORXqSSxWoLjxVsG9KLTxhX1aksIem0vQYhH+tUXWAAAApR+LCAAAAAAAAP9tjTEOwjAQBC9BFLSUPOLSIIGEqNJabniBiY1xYt0Z2yGpeBFf4w8EIlGxxWpnm3m+YJkiHDlabA11jlLjMPjeTgsHjt3F84Atn7FhSuwNSjNI1qaeUXI2MKcoYSFgZajxnBzZDGvRqruqvCJbnXKcvoOA0ukbPKAQkzmrmL8wRthce52Yfp6/AhhDhnK7+9Q+vAGaE3/ivgAAAA==[0m[Pipeline] tool
[8mha:////4NuzzlLVp1gCzTmdKP4BnucUiSuqprS2sYpJBMj6Mr+kAAAApR+LCAAAAAAAAP9tjTEOwjAQBC9BFLSUPOLSICGEqNJabniBiY1xYt0Z2yGpeBFf4w8EIlGxxWpnm3m+YJkiHDlabA11jlLjMPjeTgsHjt3F84Atn7FhSuwNSjNI1qaeUXI2MKcoYSFgZajxnBzZDGvRqruqvCJbnXKcvoOA0ukbPKAQkzmrmL8wRthce52Yfp6/AhhDhnK7+9Q+vAHbImT7vgAAAA==[0m[Pipeline] envVarsForTool
[8mha:////4B6qyKEhURG/Rde+f/BitkEYZpkZtTJD5QvYFHtX8Mp4AAAAqB+LCAAAAAAAAP9tjTEOwjAUQ3+LOrAycoiUAcSAOrFGXThBaEJIGv1fkpR04kRcjTsQqMSEB8u2ZL3nC6rgoSGvmVXYGwydYYMbdU4ske8vjhKzdGYdYSCnWKtSS1Id59pSVDCrKGHBYamwcxQM6ggrbsVd1E6grk/R5+3AoTTyBg8oeCZH4eO3TB7W11EGwh/nLwCmIUK53WfbbT7P6g0kNDtSwgAAAA==[0m[Pipeline] withEnv
[8mha:////4GVCZsh8ZsF6svqhLiS6l4//HaR+BFPs72mzla9ISk/fAAAApx+LCAAAAAAAAP9tjTEOwjAUQ3+LOrAycogUBibE1DXKwglCE0La6P/yk9JOnIircQdaKjHhwbItWe/1hiIynIidaCy2HmPtRRd6NyUxELfXQINo6CJqwkjBCmUHRcZWS1WULCzKclhJWFusA0WPLsFGNvqhy6DRlefE03aUkHtzhydkciInzelbRobtrTeR8Mf5C4CxS5AfdrPt52fxAW2++SvCAAAA[0m[Pipeline] {
[8mha:////4LUNinVvKAkvEL6iGf6R6vIdHJ4UIWC0sy4ci3jFIOYCAAAApB+LCAAAAAAAAP9tjTEOwjAQBC9BFLSUPOIikKgQVVrLDS8wsTFOrDtjOyQVL+Jr/IFAJCq2WO1sM88XLFOEI0eLraHOUWocBt/baeHAsbt4HrDlMzZMib1BaQbJ2tQzSs4G5hQlLASsDDWekyObYS1adVeVV2SrU47TdxBQOn2DBxRiMmcV8xfGCJtrrxPTz/NXAGPIUO63n9qFN4OkKLa+AAAA[0m[Pipeline] input
proceed or abort?
[8mha:////4OfdLIG4leBb+wkMVtIBhRZrFNZZAPVF0gg6bOj6yKSyAAABKR+LCAAAAAAAAP9dj71OwzAUhW9SwYwYERu7nbhNmxZ1QLSooKpFSveoSZyf1tjGvqHtwkPwGrAg8Qo8BC/AxszAQqETnOWc5fuk8/QBe9bAQJmCLLhcVtKmFdGiLraLrJRZ5kKtiK21VgaJRa4tqaSukVxPo9loo7kRlVxOFPKDt8bLZ+fr3QVnDI3aCITD8WJ+N6diLgsaoalkcbo2cFzWmVWSpEpaJTj5Y2n3H5/7D/rVBfcS9gWXBZY73S3cg7PFj/7h57v+gWEXxwVY6+1wEZwThLxE1D1KmyQMCGv5JPR7oRd6dKESOpkOhvFVFM8u4rNJFFuOtaYB/T1JA5Z3eJK2c7/lJ1kz8b0gbHY5YyxkXY/5VBuVcp4NbzRuvgEvGHOVTQEAAA==[0mok or [8mha:////4LOshE1UVKtJaTsPdsjyRzRyvbLSWs/bdUBHF/8OiW14AAABIx+LCAAAAAAAAP9dkL1OwzAcxP9JVWbEiNjY7cRt2rSoA6IgQFWKlO5Rkjqflm1sh7YLD8FrwILEK/AQvAAbMwMLgUxwy93yO+nu6QP6WsFcqBxVlNcl12mJJGvyNqGNUHXGxAbpRkqhDNKGSo1KLhuDbpbh6nInqWIlrwNh6P5b7+Vz/PVug7WAXqOYgYNFFd/FmMU8x6FRJc9PtgqOimatBUep4Fowiv60jGaPz7MH+WqDfQV7jPLcFF3dLdyD1eKH//Czzn9g6GTZAFvZhr4B69hAVBgjpxgPkO8hMnSR7059x3dwJRIcLOfn0XUYrS6i0yCMNDWNxB7+HYk9ko1pko4yd+gm60HiOp4/mFBCiE8mDnFxnLS/fANlNzSLRgEAAA==[0mAbort
Approved by [8mha:////4I+kMxUJ80l18WepTOB+5uFtGu9fHnPzc24dJl/KET6WAAAAmh+LCAAAAAAAAP9b85aBtbiIQTGjNKU4P08vOT+vOD8nVc83PyU1x6OyILUoJzMv2y+/JJUBAhiZGBgqihhk0NSjKDWzXb3RdlLBUSYGJk8GtpzUvPSSDB8G5tKinBIGIZ+sxLJE/ZzEvHT94JKizLx0a6BxUmjGOUNodHsLgAyOEgY+/dLi1CL94tK8kvyizHwA6FGJ/MMAAAA=[0mSuntorio
[8mha:////4Exzw6tQwV1EQdsXo4mKyO/UW3ShGnRHNGZL27Um19h9AAAApB+LCAAAAAAAAP9tjTEOwjAQBC9BFLSUPOIihKgQVVrLDS8wsTFOrDtjOyQVL+Jr/IFAJCq2WO1sM88XLFOEI0eLraHOUWocBt/baeHAsbt4HrDlMzZMib1BaQbJ2tQzSs4G5hQlLASsDDWekyObYS1adVeVV2SrU47TdxBQOn2DBxRiMmcV8xfGCJtrrxPTz/NXAGMIGcr97lPbN5YEWne+AAAA[0m[Pipeline] }
[8mha:////4L8I4hWrQGOfBmP4Zv0JYZSB/4/leEcBs7Zt17iAg2bqAAAApB+LCAAAAAAAAP9tjTEOwjAQBC9BFLSUPOJCARWiSmu54QUmNsaJdWdsh6TiRXyNPxCIRMUWq51t5vmCZYpw5GixNdQ5So3D4Hs7LRw4dhfPA7Z8xoYpsTcozSBZm3pGydnAnKKEhYCVocZzcmQzrEWr7qryimx1ynH6DgJKp2/wgEJM5qxi/sIYYXPtdWL6ef4KYAwhQ7nffWr7BrgEWB2+AAAA[0m[Pipeline] // withEnv
[8mha:////4KCkiXkk+DWVTRkIKK1lmczEHhd31JbVYQ5MX72zuUAHAAAApR+LCAAAAAAAAP9tjTEOwjAQBC9BFLSUPMJpiCgQVVorDS8w8WGcWHfGdkgqXsTX+AMWkajYYrWzzbzesI4BThyM6JEGS7GzwrvR5CUmDsPV8SR6voiOKbJD0eLUssZmwZYTwpKihJWEDVLnOFoyCbayVw9VOUWmOqeQv6OE0uo7PKGQ2ZxUSF+YA+xuo45MP89fAczeJyjrOtf+8AH/c3tRvgAAAA==[0m[Pipeline] }
[8mha:////4ENyene9ZjqeH5NBEks3HT8jdZKQrFYD0EDqqsbYLbtLAAAApB+LCAAAAAAAAP9tjTEOwjAQBC9BFLSUPOLSQBpEldZKwwtMbIwT687YDknFi/gaf8AiEhVbrHa2mdcb1jHAiYPBXtNgKXYWvRtNXjhxGK6OJ+z5gh1TZKex1VPLSjcLtpw0LClKWAnYaOocR0smwVb08iErJ8lU5xTydxRQWnWHJxQim5MM6QtzgN1tVJHp5/krgNn7BOWhzrWvP8cx6KC+AAAA[0m[Pipeline] // stage
[8mha:////4FZS9dLUCFPMqxhV+noIVv6n/8K5i4B+oAT0KboWra6qAAAAqB+LCAAAAAAAAP9tjTEOwjAUQ3+LOrAycohUICEG1Ik16sIJQhNC0uj/kqSkEyfiatyBQCUmPFi2Jes9X1AFDw15zazC3mDoDBvcqHNiiXx/cZSYpTPrCAM5xVqVWpLqONeWooJZRQkLDkuFnaNgUEdYcSvuonYCdX2KPm8HDqWRN3hAwTM5Ch+/ZfKwvo4yEP44fwEwDRHKzTbbbv95Vm/O38qmwgAAAA==[0m[Pipeline] stage
[8mha:////4Dkx6//196LiKuHCy85Wi4MU+rbOE6YCvmiZm9H/9XKqAAAApx+LCAAAAAAAAP9tjTEOwjAUQ3+LOrAycoh0QiAhpq5RFk4QmhDSRv+Xn5R24kRcjTvQUokJD5ZtyXqvNxSR4UTsRGOx9RhrL7rQuymJgbi9BhpEQxdRE0YKVig7KDK2WqqiZGFRlsNKwtpiHSh6dAk2stEPXQaNrjwnnrajhNybOzwhkxM5aU7fMjJsb72JhD/OXwCMXYJ8t5/tMD+LDyb6zSXCAAAA[0m[Pipeline] { (Terraform Apply)
[8mha:////4LCpsolU2GL/cpJ5CyPadIkkZBttT5Vytdg/Ih7wcH4TAAAApB+LCAAAAAAAAP9tjTEOwjAQBC9BFLSUPOJSIYEQVVrLDS8wsTFOrDtjOyQVL+Jr/IFAJCq2WO1sM88XLFOEI0eLraHOUWocBt/baeHAsbt4HrDlMzZMib1BaQbJ2tQzSs4G5hQlLASsDDWekyObYS1adVeVV2SrU47TdxBQOn2DBxRiMmcV8xfGCJtrrxPTz/NXAGPIUG53n9qHN5s4RMC+AAAA[0m[Pipeline] tool
[8mha:////4ELKtHNH7dnYPzw2gI7yJGVUUFHADpe+D4L3MrSHqa5OAAAApR+LCAAAAAAAAP9tjTEOwjAQBC9BFLSUPOJCA0JCqWgtN7zAJMY4se6C7eBUvIiv8QcsIlGxxWpnm3m9YRk81OwNdpp6S6GxOLjR5IWJfX91nLDjCzZMgZ1GqZPkVp9mlBw1zClKWAhYaWocB0smwlp06qEqp8hU5+jzdxRQ2vYOTyhENkfl4xcmD5vb2Aamn+evAKYhQrk75Npvhw+LPcATvgAAAA==[0m[Pipeline] envVarsForTool
[8mha:////4Elv/EEw76wTsmccQfXcbEgYoV9Gg+q9Gql8m6VPnO34AAAAqB+LCAAAAAAAAP9tjTEOwjAUQ3+LOrAycohUDCAk1Ik16sIJQhNC0uj/kqSkEyfiatyBQCUmPFi2Jes9X1AFDw15zazC3mDoDBvcqHNiiXx/cZSYpTPrCAM5xVqVWpLqONeWooJZRQkLDkuFnaNgUEdYcSvuonYCdX2KPm8HDqWRN3hAwTM5Ch+/ZfKwvo4yEP44fwEwDRHK7T7bbvN5Vm+1RdKgwgAAAA==[0m[Pipeline] withEnv
[8mha:////4LX2wCei/C0GDWZR6A6lII0RdXVYAQVb3nCa94okDDycAAAApx+LCAAAAAAAAP9tjTEOwjAUQ3+LOrAycohUMLAgpq5RFk4QmhDSRv+Xn5R24kRcjTvQUokJD5ZtyXqvNxSR4UTsRGOx9RhrL7rQuymJgbi9BhpEQxdRE0YKVig7KDK2WqqiZGFRlsNKwtpiHSh6dAk2stEPXQaNrjwnnrajhNybOzwhkxM5aU7fMjJsb72JhD/OXwCMXYL8sJttPz+LD27blSrCAAAA[0m[Pipeline] {
[8mha:////4POWDgtSKn5h6+Dd3DbWekPmlxRLn38uiarsxSm54193AAAApR+LCAAAAAAAAP9tjTEOwjAQBC9BFLSUPOIigUSDqNJabniBiY1xYt0Z2yGpeBFf4w8EIlGxxWpnm3m+YJkiHDlabA11jlLjMPjeTgsHjt3F84Atn7FhSuwNSjNI1qaeUXI2MKcoYSFgZajxnBzZDGvRqruqvCJbnXKcvoOA0ukbPKAQkzmrmL8wRthce52Yfp6/AhhDhnK//dQuvAHlNhISvgAAAA==[0m[Pipeline] sh
+ cd ./jenkins/terraform_ansible_generic_instace_setup_template
+ terraform apply terraform.tfplan
[0m[1maws_instance.nodejs-app: Creating...[0m[0m
[0m[1maws_instance.nodejs-app: Still creating... [10s elapsed][0m[0m
[0m[1maws_instance.nodejs-app: Still creating... [20s elapsed][0m[0m
[0m[1maws_instance.nodejs-app: Still creating... [30s elapsed][0m[0m
[0m[1maws_instance.nodejs-app: Creation complete after 32s [id=i-0b63682741962142e][0m
[0m[1m[32m
Apply complete! Resources: 1 added, 0 changed, 0 destroyed.
[0m[0m[1m[32m
Outputs:

[0maccount_id = "624586740279"
caller_arn = "arn:aws:sts::624586740279:assumed-role/jenkins_role/i-091fe6fa850f140b8"
web-address-nodejs = "54.80.232.69"
[8mha:////4Exx6Dp+4mhLOOqz5kIeQZQP8owiN+bhxpHM137L2fryAAAApR+LCAAAAAAAAP9tjTEOwjAQBC9BFLSUPOIiIUSDqNJabniBiY1xYt0Z2yGpeBFf4w8EIlGxxWpnm3m+YJkiHDlabA11jlLjMPjeTgsHjt3F84Atn7FhSuwNSjNI1qaeUXI2MKcoYSFgZajxnBzZDGvRqruqvCJbnXKcvoOA0ukbPKAQkzmrmL8wRthce52Yfp6/AhhDyFDud5/avgHKLJPpvgAAAA==[0m[Pipeline] }
[8mha:////4JpC42TpuvYkymEP/tdeKKR3vYjEfn1PP3TXqa3DReUHAAAApB+LCAAAAAAAAP9tjTEOwjAQBC9BFLSUPOIiCmgQVVrLDS8wsTFOrDtjOyQVL+Jr/IFAJCq2WO1sM88XLFOEI0eLraHOUWocBt/baeHAsbt4HrDlMzZMib1BaQbJ2tQzSs4G5hQlLASsDDWekyObYS1adVeVV2SrU47TdxBQOn2DBxRiMmcV8xfGCJtrrxPTz/NXAGMIGcr97lPbN9Wuxru+AAAA[0m[Pipeline] // withEnv
[8mha:////4OUW9IpsHTPayjJ9vFUXdC5uPcxPc1UvODg6s4mg44sUAAAApR+LCAAAAAAAAP9tjTEOwjAQBC9BFLSUPMKpiJAQVVorDS8w8WGcWHfGdkgqXsTX+AMWkajYYrWzzbzesI4BThyM6JEGS7GzwrvR5CUmDsPV8SR6voiOKbJD0eLUssZmwZYTwpKihJWEDVLnOFoyCbayVw9VOUWmOqeQv6OE0uo7PKGQ2ZxUSF+YA+xuo45MP89fAczeJyjrOtf+8AEcN6NvvgAAAA==[0m[Pipeline] }
[8mha:////4DQAiUATfXPTyGY5xm5g3EArke5ATu4SD7zfH3CfepB9AAAApB+LCAAAAAAAAP9tjTEOwjAQBC9BFLSUPOJSQQpEldZKwwtMbIwT687YDknFi/gaf8AiEhVbrHa2mdcb1jHAiYPBXtNgKXYWvRtNXjhxGK6OJ+z5gh1TZKex1VPLSjcLtpw0LClKWAnYaOocR0smwVb08iErJ8lU5xTydxRQWnWHJxQim5MM6QtzgN1tVJHp5/krgNn7BOWhzrWvPyj5QDS+AAAA[0m[Pipeline] // stage
[8mha:////4BsTeA0mr+/rVRqc0lZQdgwP9P371+RcCqxP8S6lXQ+ZAAAAqB+LCAAAAAAAAP9tjTEOwjAUQ3+LOrAycohUMCAk1Ik16sIJQhNC0uj/kqSkEyfiatyBQCUmPFi2Jes9X1AFDw15zazC3mDoDBvcqHNiiXx/cZSYpTPrCAM5xVqVWpLqONeWooJZRQkLDkuFnaNgUEdYcSvuonYCdX2KPm8HDqWRN3hAwTM5Ch+/ZfKwvo4yEP44fwEwDRHKzTbbbv95Vm+Gd3RmwgAAAA==[0m[Pipeline] stage
[8mha:////4OTHN+xk2F/gdQ0i72t+VHYTqTtCEucLHtYNwmzcTvs6AAAApx+LCAAAAAAAAP9tjTEOwjAUQ3+LOrAycoh0QyDE1DXKwglCE0La6P/yk9JOnIircQdaKjHhwbItWe/1hiIynIidaCy2HmPtRRd6NyUxELfXQINo6CJqwkjBCmUHRcZWS1WULCzKclhJWFusA0WPLsFGNvqhy6DRlefE03aUkHtzhydkciInzelbRobtrTeR8Mf5C4CxS5Dv9rMd5mfxASgVHzvCAAAA[0m[Pipeline] { (Get Terraform Outputs)
[8mha:////4EYvm/QOb3O14P+YS1UY8Y7CEHvaWFA/s1k73Lv3FrOpAAAApR+LCAAAAAAAAP9tjTEOwjAQBC9BFLSUPOJCBUIoFa3lhheYxBgn1l2wHZyKF/E1/oBFJCq2WO1sM683LIOHmr3BTlNvKTQWBzeavDCx76+OE3Z8wYYpsNModZLc6tOMkqOGOUUJCwErTY3jYMlEWItOPVTlFJnqHH3+jgJK297hCYXI5qh8/MLkYXMb28D08/wVwDREKHeHXPvt8AHrW/o6vgAAAA==[0m[Pipeline] tool
[8mha:////4FihOPtwDMqxCV0w6f9ljSM1I/fLPPUtETyU957huvDEAAAApR+LCAAAAAAAAP9tjTEOwjAQBC9BFLSUPOIiGhBCqWgtN7zAJMY4se6C7eBUvIiv8QcsIlGxxWpnm3m9YRk81OwNdpp6S6GxOLjR5IWJfX91nLDjCzZMgZ1GqZPkVp9mlBw1zClKWAhYaWocB0smwlp06qEqp8hU5+jzdxRQ2vYOTyhENkfl4xcmD5vb2Aamn+evAKYhQrk75Npvhw+qauEjvgAAAA==[0m[Pipeline] envVarsForTool
[8mha:////4FHZORkWDJs6LZ53TFoYH2jMY7o/jSnn+FyJX59VBaXvAAAAqB+LCAAAAAAAAP9tjTEOwjAUQ3+LOrAycohUYgAh1Ik16sIJQhNC0uj/kqSkEyfiatyBQCUmPFi2Jes9X1AFDw15zazC3mDoDBvcqHNiiXx/cZSYpTPrCAM5xVqVWpLqONeWooJZRQkLDkuFnaNgUEdYcSvuonYCdX2KPm8HDqWRN3hAwTM5Ch+/ZfKwvo4yEP44fwEwDRHK7T7bbvN5Vm+fMSE2wgAAAA==[0m[Pipeline] withEnv
[8mha:////4EkFcJfBe/28EXp89pSlFM1WXe/Qj9kQ3yFp4y73n6+zAAAAqB+LCAAAAAAAAP9tjTEOwjAUQ3+LOrAycohUgoEBMXWNsnCC0ISQNvq//KS0EyfiatyBlkpMeLBsS9Z7vaGIDCdiJxqLrcdYe9GF3k1JDMTtNdAgGrqImjBSsELZQZGx1VIVJQuLshxWEtYW60DRo0uwkY1+6DJodOU58bQdJeTe3OEJmZzISXP6lpFhe+tNJPxx/gJg7BLkh91s+/lZfAARKflFwgAAAA==[0m[Pipeline] {
[8mha:////4JM0bQGQBCpvvXlIIXNkXx1azvC7YEf8ILJf6xhEfpCpAAAApR+LCAAAAAAAAP9tjTEOwjAQBC9BFLSUPOJSgESBqNJabniBiY1xYt0Z2yGpeBFf4w8EIlGxxWpnm3m+YJkiHDlabA11jlLjMPjeTgsHjt3F84Atn7FhSuwNSjNI1qaeUXI2MKcoYSFgZajxnBzZDGvRqruqvCJbnXKcvoOA0ukbPKAQkzmrmL8wRthce52Yfp6/AhhDhnK//dQuvAE/wUw2vgAAAA==[0m[Pipeline] sh
+ cd ./jenkins/terraform_ansible_generic_instace_setup_template
+ terraform output web-address-nodejs
[8mha:////4MJY/sNX0qVuiiitGxHyGLyX2LvPUmJEu7eYjMIIaRWqAAAApR+LCAAAAAAAAP9tjTEOwjAQBC9BFLSUPOJSIESBqNJabniBiY1xYt0Z2yGpeBFf4w8EIlGxxWpnm3m+YJkiHDlabA11jlLjMPjeTgsHjt3F84Atn7FhSuwNSjNI1qaeUXI2MKcoYSFgZajxnBzZDGvRqruqvCJbnXKcvoOA0ukbPKAQkzmrmL8wRthce52Yfp6/AhhDyFDud5/avgEM9aTqvgAAAA==[0m[Pipeline] }
[8mha:////4MWKLPgrW5I6dgqvemEg7U9FMeuKjSJVsReDlwliNlmnAAAApR+LCAAAAAAAAP9tjTEOwjAQBC9BFLSUPOIiUUCBqNJabniBiY1xYt0Z2yGpeBFf4w8EIlGxxWpnm3m+YJkiHDlabA11jlLjMPjeTgsHjt3F84Atn7FhSuwNSjNI1qaeUXI2MKcoYSFgZajxnBzZDGvRqruqvCJbnXKcvoOA0ukbPKAQkzmrmL8wRthce52Yfp6/AhhDyFDud5/avgE0tzcbvgAAAA==[0m[Pipeline] // withEnv
[8mha:////4ECx+rvKS/OBpb2am7eQFEqvEhCeLJqwObiNncI38sW2AAAApB+LCAAAAAAAAP9tjTEOwjAQBC9BFLSUPMLpiBCiSmul4QUmPowT687YDknFi/gaf8AiEhVbrHa2mdcb1jHAiYMRPdJgKXZWeDeavMTEYbg6nkTPF9ExRXYoWpxa1tgs2HJCWFKUsJKwQeocR0smwVb26qEqp8hU5xTyd5RQWn2HJxQym5MK6QtzgN1t1JHp5/krgNn7BGVd59ofPliMol6+AAAA[0m[Pipeline] }
[8mha:////4LMMLL62koR1FKa+idWeIxmUq+keOXQVUGYEjFsGuJ+xAAAApB+LCAAAAAAAAP9tjTEOwjAQBC9BFLSUPOLSQSREldZKwwtMbIwT687YDknFi/gaf8AiEhVbrHa2mdcb1jHAiYPBXtNgKXYWvRtNXjhxGK6OJ+z5gh1TZKex1VPLSjcLtpw0LClKWAnYaOocR0smwVb08iErJ8lU5xTydxRQWnWHJxQim5MM6QtzgN1tVJHp5/krgNn7BOWhzrWvPxsO89i+AAAA[0m[Pipeline] // stage
[8mha:////4L3X5DCRmD1LXCMAVA7m+zvYenzY6r006qnbjmJdFcarAAAAqB+LCAAAAAAAAP9tjTEOwjAUQ3+LOrAycohUsCCEOrFGXThBaEJIGv1fkpR04kRcjTsQqMSEB8u2ZL3nC6rgoSGvmVXYGwydYYMbdU4ske8vjhKzdGYdYSCnWKtSS1Id59pSVDCrKGHBYamwcxQM6ggrbsVd1E6grk/R5+3AoTTyBg8oeCZH4eO3TB7W11EGwh/nLwCmIUK52Wbb7T/P6g2Xr18LwgAAAA==[0m[Pipeline] stage
[8mha:////4BOXPwz4GNf9bUB4HUNhCNWoNdwdq+QCKIwI7Mg4zF5aAAAApx+LCAAAAAAAAP9tjTEOwjAUQ3+LOrAycoiUDRDqxBp14QShCSFp9H9JUtKJE3E17kCgEhMeLNuS9Z4vqIKHhrxmVmFvMHSGDW7UObFEvr84SszSmXWEgZxirUotSXWca0tRwayihAWHpcLOUTCoI6y4FXdRO4G6PkWftwOH0sgbPKDgmRyFj98yeVhfRxkIf5y/AJiGCOV2n223+TyrNxKsBBbCAAAA[0m[Pipeline] { (Run Ansible)
[8mha:////4K2O95o0Ms9MXLhA8Re71AHiaNWGn4anY9g8N2HIy3l2AAAApB+LCAAAAAAAAP9tjTEOwjAQBC9BFLSUPOICHRKiSmu54QUmNsaJdWdsh6TiRXyNPxCIRMUWq51t5vmCZYpw5GixNdQ5So3D4Hs7LRw4dhfPA7Z8xoYpsTcozSBZm3pGydnAnKKEhYCVocZzcmQzrEWr7qryimx1ynH6DgJKp2/wgEJM5qxi/sIYYXPtdWL6ef4KYAwZyv32U7vwBnZ6r6i+AAAA[0m[Pipeline] tool
[8mha:////4Dr2BuB35nYtNQVhCTcJFVeI1QjesWpgS5VgPijMgMBsAAAApB+LCAAAAAAAAP9tjTEOwjAQBC9BFLSUPOKCqJAQVVrLDS8wsTFOrDtjOyQVL+Jr/IFAJCq2WO1sM88XLFOEI0eLraHOUWocBt/baeHAsbt4HrDlMzZMib1BaQbJ2tQzSs4G5hQlLASsDDWekyObYS1adVeVV2SrU47TdxBQOn2DBxRiMmcV8xfGCJtrrxPTz/NXAGPIUO63n9qFN7UpgoO+AAAA[0m[Pipeline] envVarsForTool
[8mha:////4NGDp1oKyQyIW3AAQY8PYwmCzciRLP9sm0fJ4FHNm6xQAAAAqB+LCAAAAAAAAP9tjTEOwjAUQ3+LOrAycogUiQUJMXWNsnCC0ISQNvq//KS0EyfiatyBlkpMeLBsS9Z7vaGIDCdiJxqLrcdYe9GF3k1JDMTtNdAgGrqImjBSsELZQZGx1VIVJQuLshxWEtYW60DRo0uwkY1+6DJodOU58bQdJeTe3OEJmZzISXP6lpFhe+tNJPxx/gJg7BLkh91s+/lZfABIf0mZwgAAAA==[0m[Pipeline] withEnv
[8mha:////4E7ozBj2BAn9AXjejuFI8BX/U5X1Aa8EqZj+HXYA4RfzAAAAqB+LCAAAAAAAAP9tjTEOwjAUQ3+LOrAycoh0gAEJMXWNsnCC0ISQNvq//KS0EyfiatyBlkpMeLBsS9Z7vaGIDCdiJxqLrcdYe9GF3k1JDMTtNdAgGrqImjBSsELZQZGx1VIVJQuLshxWEtYW60DRo0uwkY1+6DJodOU58bQdJeTe3OEJmZzISXP6lpFhe+tNJPxx/gJg7BLkh91s+/lZfADxKa4dwgAAAA==[0m[Pipeline] {
[8mha:////4Jb/+FqJnowdClRpsCxYA105peQlyxnh5NSpV1alCeJaAAAAqB+LCAAAAAAAAP9tjTEOwjAUQ3+LOrAycoh0AQkJMXWNsnCC0ISQNvq//KS0EyfiatyBlkpMeLBsS9Z7vaGIDCdiJxqLrcdYe9GF3k1JDMTtNdAgGrqImjBSsELZQZGx1VIVJQuLshxWEtYW60DRo0uwkY1+6DJodOU58bQdJeTe3OEJmZzISXP6lpFhe+tNJPxx/gJg7BLkh91s+/lZfADX78n/wgAAAA==[0m[Pipeline] withCredentials
Masking supported pattern matches of $SSH_KEY
[8mha:////4P7sVXV+jcY9NBWq1aj34tHc097tKKmw9ln+5bQFY4d7AAAApx+LCAAAAAAAAP9tjTEOwjAUQ3+LOrAycoh0AiEhpq5RFk4QmhDSRv+Xn5R24kRcjTvQUokJD5ZtyXqvNxSR4UTsRGOx9RhrL7rQuymJgbi9BhpEQxdRE0YKVig7KDK2WqqiZGFRlsNKwtpiHSh6dAk2stEPXQaNrjwnnrajhNybOzwhkxM5aU7fMjJsb72JhD/OXwCMXYL8sJttPz+LD7lC07jCAAAA[0m[Pipeline] {
[8mha:////4LW9SyllV3zSXrMoyTK8Eo9bgDeMFVjT+QqEWQTdD3HIAAAApB+LCAAAAAAAAP9tjTEOwjAQBC9BFLSUPOLSARKiSmu54QUmNsaJdWdsh6TiRXyNPxCIRMUWq51t5vmCZYpw5GixNdQ5So3D4Hs7LRw4dhfPA7Z8xoYpsTcozSBZm3pGydnAnKKEhYCVocZzcmQzrEWr7qryimx1ynH6DgJKp2/wgEJM5qxi/sIYYXPtdWL6ef4KYAwZyv32U7vwBsroJZ2+AAAA[0m[Pipeline] sh
+ sleep 180
+ cd ./jenkins/terraform_ansible_generic_instace_setup_template/ansible
+ ansible-playbook -i instance_ip.txt playbook_apache.yaml -u ubuntu --private-key=**** -e ansible_ssh_common_args="-o StrictHostKeyChecking=no"

PLAY [Configure Apache Web Server on Ubuntu 22.04] *****************************

TASK [Gathering Facts] *********************************************************
ok: [54.80.232.69]

TASK [Update apt cache] ********************************************************
changed: [54.80.232.69]

TASK [Install Apache web server] ***********************************************
changed: [54.80.232.69]

TASK [Start and enable Apache service] *****************************************
ok: [54.80.232.69]

TASK [Create a sample HTML file] ***********************************************
changed: [54.80.232.69]

TASK [Get external IP address using AWS metadata] ******************************
ok: [54.80.232.69]

TASK [Display external IP address] *********************************************
ok: [54.80.232.69] => {
    "external_ip.stdout": "54.80.232.69"
}

TASK [Add external IP to Apache website] ***************************************
changed: [54.80.232.69]

RUNNING HANDLER [Restart Apache] ***********************************************
changed: [54.80.232.69]

PLAY RECAP *********************************************************************
54.80.232.69               : ok=9    changed=5    unreachable=0    failed=0    skipped=0    rescued=0    ignored=0   

[8mha:////4ENfpUo5RJwSulDaNCUzfyKx8fyRvAgdQapd97WV2PizAAAApB+LCAAAAAAAAP9tjTEOwjAQBC9BFLSUPOLSoUiIitZKwwtMYowd686xHZyKF/E1/kAgEhVbrHa2mecL1jHAkYNGq6g3FFuD3o16Xpg59FfHGS1fsGWK7BQ2KjfcqdOCDScFS4oSVgI2ilrH0ZBOsBVW3mXlJOnqnML8HQSUphvgAYWYzUmG9IUpwO42dpHp5/krgMn7BGVdf2r/Bnt+gFe+AAAA[0m[Pipeline] }
[8mha:////4N4caUpSJ2RBGAliGMTyX6S6sDIOjQqO3k2xaf9pgcX2AAAApB+LCAAAAAAAAP9tjTEOwjAQBC9BFLSUPOJSIYEQVVrLDS8wsTFOrDtjOyQVL+Jr/IFAJCq2WO1sM88XLFOEI0eLraHOUWocBt/baeHAsbt4HrDlMzZMib1BaQbJ2tQzSs4G5hQlLASsDDWekyObYS1adVeVV2SrU47TdxBQOn2DBxRiMmcV8xfGCJtrrxPTz/NXAGMIGcrd/lPbN2T81QW+AAAA[0m[Pipeline] // withCredentials
[8mha:////4L7+H4sACAolzjnPxYZWD1B8UHR2v9lBtTKaFESY0bGUAAAApR+LCAAAAAAAAP9tjTEOwjAQBC9BFLSUPOJCQQFCqWgtN7zAJMY4se6C7eBUvIiv8QcsIlGxxWpnm3m9YRk81OwNdpp6S6GxOLjR5IWJfX91nLDjCzZMgZ1GqZPkVp9mlBw1zClKWAhYaWocB0smwlp06qEqp8hU5+jzdxRQ2vYOTyhENkfl4xcmD5vb2Aamn+evAKZhiFAetrn2uw+OlqrzvgAAAA==[0m[Pipeline] }
[8mha:////4CMwOJL33eiAXJJsYnRKzwipCNJVz9LHDWYKxSMqOchvAAAApR+LCAAAAAAAAP9tjTEOwjAQBC9BFLSUPOIiRANCqWgtN7zAJMY4se6C7eBUvIiv8QcsIlGxxWpnm3m9YRk81OwNdpp6S6GxOLjR5IWJfX91nLDjCzZMgZ1GqZPkVp9mlBw1zClKWAhYaWocB0smwlp06qEqp8hU5+jzdxRQ2vYOTyhENkfl4xcmD5vb2Aamn+evAKZhiFAetrn2uw+I0JKmvgAAAA==[0m[Pipeline] // withEnv
[8mha:////4NEVhUlGhEHrOaigAppefqp2j9mcDODlxHL7gIDYlhbaAAAApR+LCAAAAAAAAP9tjTEOwjAQBC9BFLSUPOKCqEAoFa3lhheYxBgn1l2wHZyKF/E1/oBFJCq2WO1sM683LIOHmr3BTlNvKTQWBzeavDCx76+OE3Z8wYYpsNModZLc6tOMkqOGOUUJCwErTY3jYMlEWItOPVTlFJnqHH3+jgJK297hCYXI5qh8/MLkYXMb28D08/wVwDQMEcrDLtd++wGc8w+5vgAAAA==[0m[Pipeline] }
[8mha:////4HOg6E0HsrdqOgmkA69pMgFgx4k8PDjdOpZbfevi/j/nAAAApR+LCAAAAAAAAP9tjTEOwjAQBC9BFLSUPOJSUKAIUaW10vACExvjxLoztkNS8SK+xh+wiETFFqudbeb1hnUMcOJgsNc0WIqdRe9GkxdOHIar4wl7vmDHFNlpbPXUstLNgi0nDUuKElYCNpo6x9GSSbAVvXzIykky1TmF/B0FlFbd4QmFyOYkQ/rCHGB3G1Vk+nn+CmD2PkFZ73Md6g9ShBeMvgAAAA==[0m[Pipeline] // stage
[8mha:////4JyCUmaBdpc8r18HQvAUoSOrkRyFQFDaYcO3yVoHw2XIAAAApR+LCAAAAAAAAP9tjTEOwjAQBC9BFLSUPOIiEA1CqWgtN7zAJMY4se6C7eBUvIiv8QcsIlGxxWpnm3m9YRk81OwNdpp6S6GxOLjR5IWJfX91nLDjCzZMgZ1GqZPkVp9mlBw1zClKWAhYaWocB0smwlp06qEqp8hU5+jzdxRQ2vYOTyhENkfl4xcmD5vb2Aamn+evAKZhiFAe9rm2uw/kyppQvgAAAA==[0m[Pipeline] }
[8mha:////4IDtgQmbdKdQwwX1FW/Cwef1CKTesoAZU4SaE1ELqF4SAAAApR+LCAAAAAAAAP9tjTEOwjAQBC9BFLSUPOKiFBQIUaW10vACExvjxLoztkNS8SK+xh+wiETFFqudbeb1hnUMcOJgsNc0WIqdRe9GkxdOHIar4wl7vmDHFNlpbPXUstLNgi0nDUuKElYCNpo6x9GSSbAVvXzIykky1TmF/B0FlFbd4QmFyOYkQ/rCHGB3G1Vk+nn+CmD2PkF52Oeq6w/7SM8CvgAAAA==[0m[Pipeline] // withEnv
[8mha:////4IA3bp6NFiv+AyM1XxMnR298vp5hPDQnHn24Z6L1fEPyAAAApB+LCAAAAAAAAP9tjTEOwjAQBDdBFLSUPMJpEBJCVLRWGl5gEmOcWHfBvpBUvIiv8QciIlGx1c4083pjmSKOHJ1qLLWeUuVVF3o3PTVwbK+BB9XwRVVMiYNVpR1Kru1pxpLFYl6WY6GxslQFTp6cYK0b8zBFMOSKs8TJHTRyX9/xRKanspgoXxgjNre+Tky/zt8Axq4T5PudINt+AEhcVrG9AAAA[0m[Pipeline] }
[8mha:////4Ml8iNjs3KJH1Tu31KbQEASr90kIZknf4k3a0/K0hXpfAAAApB+LCAAAAAAAAP9tjTEOwjAQBDdBFLSUPMIpKBBCVLRWGl5gEmOcWHfBvpBUvIiv8QciIlGx1c4083pjmSKOHJ1qLLWeUuVVF3o3PTVwbK+BB9XwRVVMiYNVpR1Kru1pxpLFYl6WY6GxslQFTp6cYK0b8zBFMOSKs8TJHTRyX9/xRKanspgoXxgjNre+Tky/zt8Axq4T5PudINt+AFvgUhK9AAAA[0m[Pipeline] // node
[8mha:////4JXeEZSVqd1zPHZruL8+8+19q/VK566TDtjwk3PjHBTBAAAAox+LCAAAAAAAAP9tjTEOwjAQBDdBFLSUPMKRqECIitZKwwtMYowT6y7YF5KKF/E1/kBEJCq22plmXm8sU8SRo1ONpdZTqrzqQu+mpwaO7TXwoBq+qIopcbCqtEPJtT3NWLJYzMtyLDRWlqrAyZMTrHVjHqYIhlxxlji5g0bu6zueyPRUFhPlC2PE5tbXienX+RvA2HWCfL8TZNsPHEcF570AAAA=[0m[Pipeline] End of Pipeline
Finished: SUCCESS
