Started by user [8mha:////4I+kMxUJ80l18WepTOB+5uFtGu9fHnPzc24dJl/KET6WAAAAmh+LCAAAAAAAAP9b85aBtbiIQTGjNKU4P08vOT+vOD8nVc83PyU1x6OyILUoJzMv2y+/JJUBAhiZGBgqihhk0NSjKDWzXb3RdlLBUSYGJk8GtpzUvPSSDB8G5tKinBIGIZ+sxLJE/ZzEvHT94JKizLx0a6BxUmjGOUNodHsLgAyOEgY+/dLi1CL94tK8kvyizHwA6FGJ/MMAAAA=[0mSuntorio
[8mha:////4ODdo6M5HJRDENjDzhHjo1vEtU6/lJtQqHhvuyHfU0vrAAAAoh+LCAAAAAAAAP9tjTEOwjAQBM8BClpKHuFItIiK1krDC0x8GCfWnbEdkooX8TX+gCESFVvtrLSa5wtWKcKBo5UdUu8otU4GP9jS5Mixv3geZcdn2TIl9igbHBs2eJyx4YwwR1SwULBGaj0nRzbDRnX6rmuvydanHMu2V1A5c4MHCFXMWcf8hSnC9jqYxPTz/BXAFEIGsfuclm8zQVqFvQAAAA==[0m[Pipeline] Start of Pipeline
[8mha:////4OUPZEnUapEv4iiB4qWJ/F3wl9RnT7hUDq7WWGVnTUJTAAAApR+LCAAAAAAAAP9tjTEOwjAUQ3+KOrAycohUghExsUZZOEFIQkgb/d8mKe3EibgadyBQiQlLlmxL1nu+oE4RjhQdby12HpP2vA+jK4lPFLtroIm3dOGaMFGwXNpJkrGnpUrKFhaxClYC1hZ1oOTRZdiIVt1VExS65pxj2Q4CKm8GeAAThZxVzN8yR9jeRpMIf5y/AJj7DGxXvP/86jduZBmjwAAAAA==[0m[Pipeline] node
Running on [8mha:////4EahDa+bdvlNyJgu6pHhvwBQaOFTUIAL/cits8M4f0A3AAAAoR+LCAAAAAAAAP9b85aBtbiIQTGjNKU4P08vOT+vOD8nVc83PyU1x6OyILUoJzMv2y+/JJUBAhiZGBgqihhk0NSjKDWzXb3RdlLBUSYGJk8GtpzUvPSSDB8G5tKinBIGIZ+sxLJE/ZzEvHT94JKizLx0a6BxUmjGOUNodHsLgAz2EgZR/eT83ILSktQifY2k0sycEt3MPE19AHHxbH3KAAAA[0mJenkins in /var/lib/jenkins/workspace/all_atonce
[8mha:////4HyFKbZdA2g5pX0A2NeHomakeySBizWkQKQjUgY0PxZPAAAApR+LCAAAAAAAAP9tjTEOwjAUQ3+KOrAycoh0gA0xsUZZOEFIQkgb/d8mKe3EibgadyBQiQlLlmxL1nu+oE4RjhQdby12HpP2vA+jK4lPFLtroIm3dOGaMFGwXNpJkrGnpUrKFhaxClYC1hZ1oOTRZdiIVt1VExS65pxj2Q4CKm8GeAAThZxVzN8yR9jeRpMIf5y/AJj7DGxXvP/86jfoP95RwAAAAA==[0m[Pipeline] {
[8mha:////4Es9s3QtcHqWVcdIKFsa50Sw/7r6vGjmAoJGq1XAaM3jAAAApR+LCAAAAAAAAP9tjTEOwjAUQ3+KOrAycoh0gQkxsUZZOEFIQkgb/d8mKe3EibgadyBQiQlLlmxL1nu+oE4RjhQdby12HpP2vA+jK4lPFLtroIm3dOGaMFGwXNpJkrGnpUrKFhaxClYC1hZ1oOTRZdiIVt1VExS65pxj2Q4CKm8GeAAThZxVzN8yR9jeRpMIf5y/AJj7DGxXvP/86jc09154wAAAAA==[0m[Pipeline] withEnv
[8mha:////4AcymBHA7+EA5i/KLOtOfdR6jeHcp3cvQ8r/gX7UirCIAAAApR+LCAAAAAAAAP9tjTEOwjAUQ3+KOrAycoh0ggUxsUZZOEFIQkgb/d8mKe3EibgadyBQiQlLlmxL1nu+oE4RjhQdby12HpP2vA+jK4lPFLtroIm3dOGaMFGwXNpJkrGnpUrKFhaxClYC1hZ1oOTRZdiIVt1VExS65pxj2Q4CKm8GeAAThZxVzN8yR9jeRpMIf5y/AJj7DGxXvP/86jek7ggRwAAAAA==[0m[Pipeline] {
[8mha:////4NBVfujF4TROHJPWnXwEBNxP4orNg6A5bYFEDY3E47SOAAAApR+LCAAAAAAAAP9tjTEOwjAUQ3+KOrAycoh0gwExsUZZOEFIQkgb/d8mKe3EibgadyBQiQlLlmxL1nu+oE4RjhQdby12HpP2vA+jK4lPFLtroIm3dOGaMFGwXNpJkrGnpUrKFhaxClYC1hZ1oOTRZdiIVt1VExS65pxj2Q4CKm8GeAAThZxVzN8yR9jeRpMIf5y/AJj7DGxXvP/86jcChmMxwAAAAA==[0m[Pipeline] stage
[8mha:////4NibpppS3WLKJng7B+QxSQc7b+bcUwtZ4okzFlxoE63vAAAApR+LCAAAAAAAAP9tjTEOwjAUQ3+KOrAycoh0BAkxsUZZOEFIQkgb/d8mKe3EibgadyBQiQlLlmxL1nu+oE4RjhQdby12HpP2vA+jK4lPFLtroIm3dOGaMFGwXNpJkrGnpUrKFhaxClYC1hZ1oOTRZdiIVt1VExS65pxj2Q4CKm8GeAAThZxVzN8yR9jeRpMIf5y/AJj7DGxXvP/86jfpX/cvwAAAAA==[0m[Pipeline] { (Declarative: Tool Install)
[8mha:////4PLqrgmHNEpNmOZLiXzhpCJIh7EmA4/8UpgOQy0/BnTEAAAAoh+LCAAAAAAAAP9tjTEOAiEURD9rLGwtPQTbaoyVLaHxBMgiwpL/WWDdrTyRV/MOEjexcpJJ5k3zXm9Y5wQnSpZ7g73DrB2PYbR18YlSfws0cU9XrgkzBcOlmSR15rygpGJgCWtgJWBjUAfKDm2BrfDqodqg0LaXkup3FNC4boAnMFHNRaXyhTnB7j52mfDn+SuAORZg+9pD/AAeoCAqvAAAAA==[0m[Pipeline] tool
[8mha:////4C4w8hluvk9kAtJF+IkGcytjrjWOfbXR1N2R+CsY48NsAAAAox+LCAAAAAAAAP9tjTEOwjAQBDdBFLSUPMKBDglR0VppeIFJjHFi3QX7QlLxIr7GH4iIRMVWO9PM641lijhydKqx1HpKlVdd6N301MCxvQYeVMMXVTElDlaVdii5tqcZSxaLeVmOhcbKUhU4eXKCtW7MwxTBkCvOEid30Mh9fccTmZ7KYqJ8YYzY3Po6Mf06fwMYO0G2F+S7bfcBITL9lL0AAAA=[0m[Pipeline] envVarsForTool
[8mha:////4JFCAqGNCYfKQwl6ZroE9pNVa1MwY92Cg5bvYRSiruejAAAAox+LCAAAAAAAAP9tjbEOgjAURS8YB1dHP6KEzcQ4uTYsfkGFWgvNe9g+hMkv8tf8B4kkTt7pnrOc1xvrFHHk6FRrqfOUaq/6MLj5qZFjdw08qpYvqmZKHKyq7FhxY08LViwWy7IcK42NpTpw8uQEW92ahymCIVecJc7uoJH75o4nMj2XxUT5whSxuw1NYvp1/gYw9b0gL0tBtv8AHk6T5r0AAAA=[0m[Pipeline] }
[8mha:////4LtIxj+CfZ2rxGntlA2T5UTv15kvPo5HoCUsIgcWm238AAAAox+LCAAAAAAAAP9tjTEOwjAQBDdBFLSUPMIRNBSIitZKwwtMYowT6y7YF5KKF/E1/kBEJCq22plmXm8sU8SRo1ONpdZTqrzqQu+mpwaO7TXwoBq+qIopcbCqtEPJtT3NWLJYzMtyLDRWlqrAyZMTrHVjHqYIhlxxlji5g0bu6zueyPRUFhPlC2PE5tbXienX+RvA2HWCfLsTZPsPXymMMb0AAAA=[0m[Pipeline] // stage
[8mha:////4KfiGZeVcZdIQnoIUdUNpLBAjKn392ElADFteC37dy9wAAAApx+LCAAAAAAAAP9tjTEOwjAQBM9BKWgpeYQjhESDqGgtN7zAxMY4se6CfSGpeBFf4w8EIlGx1c5Kq3m+oMwJDpS8bBy2AXMdZBd7PzU5UGovkQbZ0FnWhJmik9oNmqw7zqiJHcwRBSwULB3WkXJAz7BSjbmbKhr01YnTtO0VFMHe4AFCTWY2ib8wJlhfe5sJf56/Ahg7BrFjKDbbz7F8A9kv0o/BAAAA[0m[Pipeline] withEnv
[8mha:////4IGGj0mtQ7N69eR1MRnsyDLJw3wPDV2PydIPenbIfSFwAAAApx+LCAAAAAAAAP9tjTEOwjAUQ3+LOrAycohUCDbE1DXKwglCE0La6P/yk9JOnIircQdaKjHhwbItWe/1hiIynIidaCy2HmPtRRd6NyUxELfXQINo6CJqwkjBCmUHRcZWS1WULCzKclhJWFusA0WPLsFGNvqhy6DRlefE03aUkHtzhydkciInzelbRobtrTeR8Mf5C4CxS5Dv9rMd5mfxAbNWnxXCAAAA[0m[Pipeline] {
[8mha:////4GsPi05DG45Qmf7ywnvvqnhR2WoiB4bPhun1Mt4I2sSHAAAApx+LCAAAAAAAAP9tjTEOwjAUQ3+LOrAycohUSDAhpq5RFk4QmhDSRv+Xn5R24kRcjTvQUokJD5ZtyXqvNxSR4UTsRGOx9RhrL7rQuymJgbi9BhpEQxdRE0YKVig7KDK2WqqiZGFRlsNKwtpiHSh6dAk2stEPXQaNrjwnnrajhNybOzwhkxM5aU7fMjJsb72JhD/OXwCMXYJ8t5/tMD+LD5WQ+PfCAAAA[0m[Pipeline] stage
[8mha:////4CFUgz7F27D6tKPuTFANsrw006hESCTkeC29Gv422roDAAAApx+LCAAAAAAAAP9tjTEOwjAUQ3+LOrAycohUDLAgpq5RFk4QmhDSRv+Xn5R24kRcjTvQUokJD5ZtyXqvNxSR4UTsRGOx9RhrL7rQuymJgbi9BhpEQxdRE0YKVig7KDK2WqqiZGFRlsNKwtpiHSh6dAk2stEPXQaNrjwnnrajhNybOzwhkxM5aU7fMjJsb72JhD/OXwCMXYJ8t5/tMD+LD/s94rDCAAAA[0m[Pipeline] { (Clone Git repo)
[8mha:////4JbbSoBTyHZZbMm2E4KRfiHArUsbjRf1M0IRn+BBeqboAAAApB+LCAAAAAAAAP9tjTEOwjAQBC9BFLSUPOIiGigQVVrLDS8wsTFOrDtjOyQVL+Jr/IFAJCq2WO1sM88XLFOEI0eLraHOUWocBt/baeHAsbt4HrDlMzZMib1BaQbJ2tQzSs4G5hQlLASsDDWekyObYS1adVeVV2SrU47TdxBQOn2DBxRiMmcV8xfGCJtrrxPTz/NXAGPIUG53n9qHN27Iu42+AAAA[0m[Pipeline] tool
[8mha:////4MoXpYxZJP6KXPBs8XNzUZnBPJ/++t+n/jOr9QdVSoHGAAAApR+LCAAAAAAAAP9tjTEOwjAQBC9BFLSUPOIiGoSEqNJabniBiY1xYt0Z2yGpeBFf4w8EIlGxxWpnm3m+YJkiHDlabA11jlLjMPjeTgsHjt3F84Atn7FhSuwNSjNI1qaeUXI2MKcoYSFgZajxnBzZDGvRqruqvCJbnXKcvoOA0ukbPKAQkzmrmL8wRthce52Yfp6/AhhDhnK7+9Q+vAGh1CMKvgAAAA==[0m[Pipeline] envVarsForTool
[8mha:////4CIGyrrkfcUBZWsVm7THf3G7IzmtYlIJLDtxDguO90AEAAAAqB+LCAAAAAAAAP9tjTEOwjAUQ3+LOrAycohULEgIMXWNsnCC0ISQNvq//KS0EyfiatyBlkpMeLBsS9Z7vaGIDCdiJxqLrcdYe9GF3k1JDMTtNdAgGrqImjBSsELZQZGx1VIVJQuLshxWEtYW60DRo0uwkY1+6DJodOU58bQdJeTe3OEJmZzISXP6lpFhe+tNJPxx/gJg7BLku/1sh/lZfAAv6VbYwgAAAA==[0m[Pipeline] withEnv
[8mha:////4CiSIjPm21zPYvY7zXE0renvAJD2oysfJWGB3Jvo3YOTAAAApx+LCAAAAAAAAP9tjTEOwjAUQ3+LOrAycogU2BDqxBp14QShCSFp9H9JUtKJE3E17kCgEhMeLNuS9Z4vqIKHhrxmVmFvMHSGDW7UObFEvr84SszSmXWEgZxirUotSXWca0tRwayihAWHpcLOUTCoI6y4FXdRO4G6PkWftwOH0sgbPKDgmRyFj98yeVhfRxkIf5y/AJiGCOV2n223+TyrN7xWSV3CAAAA[0m[Pipeline] {
[8mha:////4OPTi9NtsVNBgbwBhpPfTBsRODLvMDwPk3KXLb2y0YZ5AAAAox+LCAAAAAAAAP9tjTEOwjAQBC9BFLSUPOICtIgqreWGF5jYGCfWnbEdkooX8TX+QCASFVusdraZ5wuWKcKRo8XWUOcoNQ6D7+20cODYXTwP2PIZG6bE3qA0g2Rt6hklZwNzihIWAlaGGs/Jkc2wFq26q8orstUpx+k7CCidvsEDCjGZs4r5C2OEzbXXienn+SuAMWQo99tP7cIbaOP4NL4AAAA=[0m[Pipeline] git
The recommended git tool is: NONE
using credential access_to_git
 > git rev-parse --resolve-git-dir /var/lib/jenkins/workspace/all_atonce/.git # timeout=10
Fetching changes from the remote Git repository
 > git config remote.origin.url https://github.com/Suntorio/DevOps_Group_3.git # timeout=10
Fetching upstream changes from https://github.com/Suntorio/DevOps_Group_3.git
 > git --version # timeout=10
 > git --version # 'git version 2.34.1'
using GIT_SSH to set credentials git
 > git fetch --tags --force --progress -- https://github.com/Suntorio/DevOps_Group_3.git +refs/heads/*:refs/remotes/origin/* # timeout=10
 > git rev-parse refs/remotes/origin/master^{commit} # timeout=10
Checking out Revision 365fe08b715030d64a3c75e38a8f8099f6e1de71 (refs/remotes/origin/master)
 > git config core.sparsecheckout # timeout=10
 > git checkout -f 365fe08b715030d64a3c75e38a8f8099f6e1de71 # timeout=10
 > git branch -a -v --no-abbrev # timeout=10
 > git checkout -b master 365fe08b715030d64a3c75e38a8f8099f6e1de71 # timeout=10
Commit message: "updates"
First time build. Skipping changelog.
[8mha:////4J7Vtc1yI/prVBNHktyEy3JZxb+X2WfajniajIreSyATAAAAox+LCAAAAAAAAP9tjTEOwjAQBC9BFLSUPOKC0iIqWisNLzCJMXasO8d2cCpexNf4A4FIVGyx2tlmni9YxwBHDhqtot5QbA16N+p5YebQXx1ntHzBlimyU9io3HCnTgs2nBQsKUpYCdgoah1HQzrBVlh5l5WTpKtzCvN3EFCaboAHFGI2JxnSF6YAu9vYRaaf568AJu8TlHX9qf0b7E/nQb4AAAA=[0m[Pipeline] }
[8mha:////4GjTHbKBq5l6Q+yXU6Z0FROv++yB7Pwv4qKGfixhkTmlAAAApR+LCAAAAAAAAP9tjTEOwjAQBC9BFLSUPOIioEIoFa3lhheYxBgn1l2wHZyKF/E1/oBFJCq2WO1sM683LIOHmr3BTlNvKTQWBzeavDCx76+OE3Z8wYYpsNModZLc6tOMkqOGOUUJCwErTY3jYMlEWItOPVTlFJnqHH3+jgJK297hCYXI5qh8/MLkYXMb28D08/wVwDQMEcrdPtf28AEud0rYvgAAAA==[0m[Pipeline] // withEnv
[8mha:////4Og6gkpWgxxs1RowyiS/w2X0U0S9a2yBebSL5kXbneSmAAAApR+LCAAAAAAAAP9tjTEOwjAQBC9BFLSUPOIiEKJBqWgtN7zAJMY4se6C7eBUvIiv8QcsIlGxxWpnm3m9YRk81OwNdpp6S6GxOLjR5IWJfX91nLDjCzZMgZ1GqZPkVp9mlBw1zClKWAhYaWocB0smwlp06qEqp8hU5+jzdxRQ2vYOTyhENkfl4xcmD5vb2Aamn+evAKZhiFDu9rm2hw8HWvBVvgAAAA==[0m[Pipeline] }
[8mha:////4GGWf1bfG/txfOXc/HkH0MdArKdjckNmCL7Omkf8GRz2AAAApR+LCAAAAAAAAP9tjTEOwjAQBC9BFLSUPOIikFIhqrRWGl5gYmOcWHfGdkgqXsTX+AMWkajYYrWzzbzesI4BThwM9poGS7Gz6N1o8sKJw3B1PGHPF+yYIjuNrZ5aVrpZsOWkYUlRwkrARlPnOFoyCbailw9ZOUmmOqeQv6OA0qo7PKEQ2ZxkSF+YA+xuo4pMP89fAczeJygPda59/QEY2KUHvgAAAA==[0m[Pipeline] // stage
[8mha:////4AdpdPTEPwiSs9qvrVSnXFLC37ARj5+VomVr9gvxjpRMAAAAqB+LCAAAAAAAAP9tjTEOwjAUQ3+LOrAycohUIMSCOrFGXThBaEJIGv1fkpR04kRcjTsQqMSEB8u2ZL3nC6rgoSGvmVXYGwydYYMbdU4ske8vjhKzdGYdYSCnWKtSS1Id59pSVDCrKGHBYamwcxQM6ggrbsVd1E6grk/R5+3AoTTyBg8oeCZH4eO3TB7W11EGwh/nLwCmIUK52WXb7j/P6g2m+IRAwgAAAA==[0m[Pipeline] stage
[8mha:////4Fm9Ic0D8MFuCoWO/4VaUTNePsSPEpWQG4Eejhrv3mjwAAAAqB+LCAAAAAAAAP9tjTEOwjAUQ3+LOrAycohUYoABMXWNsnCC0ISQNvq//KS0EyfiatyBlkpMeLBsS9Z7vaGIDCdiJxqLrcdYe9GF3k1JDMTtNdAgGrqImjBSsELZQZGx1VIVJQuLshxWEtYW60DRo0uwkY1+6DJodOU58bQdJeTe3OEJmZzISXP6lpFhe+tNJPxx/gJg7BLku/1sh/lZfAAyQCqkwgAAAA==[0m[Pipeline] { (Terraform Plan)
[8mha:////4Fox3musqKHHxlXagPeN89r/f1DKIO+TG2+vAAO9a0WmAAAApR+LCAAAAAAAAP9tjTEOwjAQBC9BFLSUPOIi0YCEqNJabniBiY1xYt0Z2yGpeBFf4w8EIlGxxWpnm3m+YJkiHDlabA11jlLjMPjeTgsHjt3F84Atn7FhSuwNSjNI1qaeUXI2MKcoYSFgZajxnBzZDGvRqruqvCJbnXKcvoOA0ukbPKAQkzmrmL8wRthce52Yfp6/AhhDhnK7+9Q+vAGvZp0gvgAAAA==[0m[Pipeline] tool
[8mha:////4LH9quTx7pcwKldQgLT2jXqH8ypFNjM8Zdz9QGkXpiBzAAAApR+LCAAAAAAAAP9tjTEOwjAQBC9BFLSUPOIi0SCEqNJabniBiY1xYt0Z2yGpeBFf4w8EIlGxxWpnm3m+YJkiHDlabA11jlLjMPjeTgsHjt3F84Atn7FhSuwNSjNI1qaeUXI2MKcoYSFgZajxnBzZDGvRqruqvCJbnXKcvoOA0ukbPKAQkzmrmL8wRthce52Yfp6/AhhDhnK7+9Q+vAHuV4Y5vgAAAA==[0m[Pipeline] envVarsForTool
[8mha:////4IK98J5Pd6A03UKK3j3DEXqRQGB7hk2NU77jh3RYMBTPAAAAqB+LCAAAAAAAAP9tjTEOwjAUQ3+LOrAycogUwcCAOrFGXThBaEJIGv1fkpR04kRcjTsQqMSEB8u2ZL3nC6rgoSGvmVXYGwydYYMbdU4ske8vjhKzdGYdYSCnWKtSS1Id59pSVDCrKGHBYamwcxQM6ggrbsVd1E6grk/R5+3AoTTyBg8oeCZH4eO3TB7W11EGwh/nLwCmIUK53WfbbT7P6g3+pNbewgAAAA==[0m[Pipeline] withEnv
[8mha:////4NSZkmJOaGCh9mxQ+0jl7an4WAR3CAgOb3X7B60mJVPMAAAAph+LCAAAAAAAAP9tjTEOwjAUQ3+LOrAycogUxIiYukZZOEFoQkgb/V9+UtqJE3E17kBLJSY8WLYl673eUESGE7ETjcXWY6y96ELvpiQG4vYaaBANXURNGClYoeygyNhqqYqShUVZDisJa4t1oOjRJdjIRj90GTS68px42o4Scm/u8IRMTuSkOX3LyLC99SYS/jh/ATB2CfLDbrb9/Cw+ty4Up8IAAAA=[0m[Pipeline] {
[8mha:////4M0qE+5rI3UgTSkevHGKNCkvdjNroztFrIJ+WDhqSR4iAAAAph+LCAAAAAAAAP9tjTEOwjAUQ3+LOrAycohUwIiYukZZOEFoQkgb/V9+UtqJE3E17kBLJSY8WLYl673eUESGE7ETjcXWY6y96ELvpiQG4vYaaBANXURNGClYoeygyNhqqYqShUVZDisJa4t1oOjRJdjIRj90GTS68px42o4Scm/u8IRMTuSkOX3LyLC99SYS/jh/ATB2CfLDbrb9/Cw+2YMO4MIAAAA=[0m[Pipeline] dir
Running in /var/lib/jenkins/workspace/all_atonce/DevOps_jenkins_tf_ans_node_js_Setup/terraform_ansible_generic_instace_setup_template
[8mha:////4IQbARMCqIj5HeTyFuhaOcX/EK363TmRcxK33naklzUyAAAAph+LCAAAAAAAAP9tjTEOwjAUQ3+DOrAycohUoiNiYo26cILQhJA0+r9NUtKJE3E17kBLJSY8WLYl673eUMYAJwqGO42dxdha3vvRzIlnCt3NU+aOrrwljOQ1b3RuSOnzWhtKGlYVDDYCthpbT9GiSbATTj5k5SWa6pLCvB0FMKsGeEIhZnKSIX3LFGB/H1Uk/HH+AmDqE7D6sFi9PMsPfTawssIAAAA=[0m[Pipeline] {
[8mha:////4Eqwztk/D9JiR6eDtJAWJhdOrVkoU/ptREA75cYVsXeUAAAAox+LCAAAAAAAAP9tjTESwiAURH/iWNhaeghSxM6xsmVoPAEmiBDmfwJEUnkir+YdRDNj5RY7+7Z5zxesY4AjBc2swsFg7AzzbtJlsUxhuDrKzNKFdYSRnGJCZUG9Oi0oKClYUtWw4rBR2DmKBnWCLbfyLhsnUTfnFMp34FCbfoQHVLyYkwzpC3OA3W3qI+HP81cAs09Qt+2n9v4NGWcPtb4AAAA=[0m[Pipeline] sh
+ terraform init
+ echo yes

[0m[1mInitializing the backend...[0m
[0m[32m
Successfully configured the backend "s3"! Terraform will automatically
use this backend unless the backend configuration changes.[0m

[0m[1mInitializing provider plugins...[0m
- Finding hashicorp/aws versions matching "~> 5.0"...
- Finding hashicorp/random versions matching "~> 3.5"...
- Installing hashicorp/aws v5.24.0...
- Installed hashicorp/aws v5.24.0 (signed by HashiCorp)
- Installing hashicorp/random v3.5.1...
- Installed hashicorp/random v3.5.1 (signed by HashiCorp)

Terraform has created a lock file [1m.terraform.lock.hcl[0m to record the provider
selections it made above. Include this file in your version control repository
so that Terraform can guarantee to make the same selections by default when
you run "terraform init" in the future.[0m

[0m[1m[32mTerraform has been successfully initialized![0m[32m[0m
[0m[32m
You may now begin working with Terraform. Try running "terraform plan" to see
any changes that are required for your infrastructure. All Terraform commands
should now work.

If you ever set or change modules or backend configuration for Terraform,
rerun this command to reinitialize your working directory. If you forget, other
commands will detect it and remind you to do so if necessary.[0m
+ terraform plan -out=terraform.tfplan
[0m[1mdata.aws_caller_identity.current: Reading...[0m[0m
[0m[1mdata.aws_vpc.main: Reading...[0m[0m
[0m[1mdata.aws_caller_identity.current: Read complete after 0s [id=624586740279][0m
[0m[1mdata.aws_vpc.main: Read complete after 0s [id=vpc-0e56aa6f431e4a80b][0m
[0m[1mdata.aws_subnets.vpcsubnets: Reading...[0m[0m
[0m[1mdata.aws_subnets.vpcsubnets: Read complete after 0s [id=us-east-1][0m
[0m[1mdata.aws_subnet.vpcsubnet["3"]: Reading...[0m[0m
[0m[1mdata.aws_subnet.vpcsubnet["5"]: Reading...[0m[0m
[0m[1mdata.aws_subnet.vpcsubnet["1"]: Reading...[0m[0m
[0m[1mdata.aws_subnet.vpcsubnet["4"]: Reading...[0m[0m
[0m[1mdata.aws_subnet.vpcsubnet["2"]: Reading...[0m[0m
[0m[1mdata.aws_subnet.vpcsubnet["0"]: Reading...[0m[0m
[0m[1mdata.aws_subnet.vpcsubnet["5"]: Read complete after 0s [id=subnet-06892fd3d663d180a][0m
[0m[1mdata.aws_subnet.vpcsubnet["3"]: Read complete after 0s [id=subnet-0900feef742362bd0][0m
[0m[1mdata.aws_subnet.vpcsubnet["2"]: Read complete after 0s [id=subnet-06e30c251ac56337b][0m
[0m[1mdata.aws_subnet.vpcsubnet["4"]: Read complete after 0s [id=subnet-0ae48cfabcd2d0bf7][0m
[0m[1mdata.aws_subnet.vpcsubnet["0"]: Read complete after 0s [id=subnet-0f4ce9e451ba3b050][0m
[0m[1mdata.aws_subnet.vpcsubnet["1"]: Read complete after 0s [id=subnet-09f6e38e171500023][0m

Terraform used the selected providers to generate the following execution
plan. Resource actions are indicated with the following symbols:
  [32m+[0m create[0m

Terraform will perform the following actions:

[1m  # aws_instance.nodejs-app[0m will be created
[0m  [32m+[0m[0m resource "aws_instance" "nodejs-app" {
      [32m+[0m[0m ami                                  = "ami-053b0d53c279acc90"
      [32m+[0m[0m arn                                  = (known after apply)
      [32m+[0m[0m associate_public_ip_address          = (known after apply)
      [32m+[0m[0m availability_zone                    = (known after apply)
      [32m+[0m[0m cpu_core_count                       = (known after apply)
      [32m+[0m[0m cpu_threads_per_core                 = (known after apply)
      [32m+[0m[0m disable_api_stop                     = (known after apply)
      [32m+[0m[0m disable_api_termination              = (known after apply)
      [32m+[0m[0m ebs_optimized                        = (known after apply)
      [32m+[0m[0m get_password_data                    = false
      [32m+[0m[0m host_id                              = (known after apply)
      [32m+[0m[0m host_resource_group_arn              = (known after apply)
      [32m+[0m[0m iam_instance_profile                 = (known after apply)
      [32m+[0m[0m id                                   = (known after apply)
      [32m+[0m[0m instance_initiated_shutdown_behavior = (known after apply)
      [32m+[0m[0m instance_lifecycle                   = (known after apply)
      [32m+[0m[0m instance_state                       = (known after apply)
      [32m+[0m[0m instance_type                        = "t2.micro"
      [32m+[0m[0m ipv6_address_count                   = (known after apply)
      [32m+[0m[0m ipv6_addresses                       = (known after apply)
      [32m+[0m[0m key_name                             = "jenkins-ansible"
      [32m+[0m[0m monitoring                           = (known after apply)
      [32m+[0m[0m outpost_arn                          = (known after apply)
      [32m+[0m[0m password_data                        = (known after apply)
      [32m+[0m[0m placement_group                      = (known after apply)
      [32m+[0m[0m placement_partition_number           = (known after apply)
      [32m+[0m[0m primary_network_interface_id         = (known after apply)
      [32m+[0m[0m private_dns                          = (known after apply)
      [32m+[0m[0m private_ip                           = (known after apply)
      [32m+[0m[0m public_dns                           = (known after apply)
      [32m+[0m[0m public_ip                            = (known after apply)
      [32m+[0m[0m secondary_private_ips                = (known after apply)
      [32m+[0m[0m security_groups                      = (known after apply)
      [32m+[0m[0m source_dest_check                    = true
      [32m+[0m[0m spot_instance_request_id             = (known after apply)
      [32m+[0m[0m subnet_id                            = (known after apply)
      [32m+[0m[0m tags                                 = {
          [32m+[0m[0m "Name" = "Node_JS_app"
        }
      [32m+[0m[0m tags_all                             = {
          [32m+[0m[0m "Name" = "Node_JS_app"
        }
      [32m+[0m[0m tenancy                              = (known after apply)
      [32m+[0m[0m user_data                            = (known after apply)
      [32m+[0m[0m user_data_base64                     = (known after apply)
      [32m+[0m[0m user_data_replace_on_change          = false
      [32m+[0m[0m vpc_security_group_ids               = (known after apply)
    }

[1m  # aws_security_group.web-sg[0m will be created
[0m  [32m+[0m[0m resource "aws_security_group" "web-sg" {
      [32m+[0m[0m arn                    = (known after apply)
      [32m+[0m[0m description            = "Managed by Terraform"
      [32m+[0m[0m egress                 = [
          [32m+[0m[0m {
              [32m+[0m[0m cidr_blocks      = [
                  [32m+[0m[0m "0.0.0.0/0",
                ]
              [32m+[0m[0m description      = ""
              [32m+[0m[0m from_port        = 0
              [32m+[0m[0m ipv6_cidr_blocks = []
              [32m+[0m[0m prefix_list_ids  = []
              [32m+[0m[0m protocol         = "tcp"
              [32m+[0m[0m security_groups  = []
              [32m+[0m[0m self             = false
              [32m+[0m[0m to_port          = 65000
            },
        ]
      [32m+[0m[0m id                     = (known after apply)
      [32m+[0m[0m ingress                = [
          [32m+[0m[0m {
              [32m+[0m[0m cidr_blocks      = [
                  [32m+[0m[0m "0.0.0.0/0",
                ]
              [32m+[0m[0m description      = ""
              [32m+[0m[0m from_port        = 22
              [32m+[0m[0m ipv6_cidr_blocks = []
              [32m+[0m[0m prefix_list_ids  = []
              [32m+[0m[0m protocol         = "tcp"
              [32m+[0m[0m security_groups  = []
              [32m+[0m[0m self             = false
              [32m+[0m[0m to_port          = 22
            },
          [32m+[0m[0m {
              [32m+[0m[0m cidr_blocks      = [
                  [32m+[0m[0m "0.0.0.0/0",
                ]
              [32m+[0m[0m description      = ""
              [32m+[0m[0m from_port        = 3000
              [32m+[0m[0m ipv6_cidr_blocks = []
              [32m+[0m[0m prefix_list_ids  = []
              [32m+[0m[0m protocol         = "tcp"
              [32m+[0m[0m security_groups  = []
              [32m+[0m[0m self             = false
              [32m+[0m[0m to_port          = 3000
            },
          [32m+[0m[0m {
              [32m+[0m[0m cidr_blocks      = [
                  [32m+[0m[0m "0.0.0.0/0",
                ]
              [32m+[0m[0m description      = ""
              [32m+[0m[0m from_port        = 3001
              [32m+[0m[0m ipv6_cidr_blocks = []
              [32m+[0m[0m prefix_list_ids  = []
              [32m+[0m[0m protocol         = "tcp"
              [32m+[0m[0m security_groups  = []
              [32m+[0m[0m self             = false
              [32m+[0m[0m to_port          = 3001
            },
        ]
      [32m+[0m[0m name                   = (known after apply)
      [32m+[0m[0m name_prefix            = (known after apply)
      [32m+[0m[0m owner_id               = (known after apply)
      [32m+[0m[0m revoke_rules_on_delete = false
      [32m+[0m[0m tags_all               = (known after apply)
      [32m+[0m[0m vpc_id                 = (known after apply)
    }

[1m  # random_pet.sg[0m will be created
[0m  [32m+[0m[0m resource "random_pet" "sg" {
      [32m+[0m[0m id        = (known after apply)
      [32m+[0m[0m length    = 2
      [32m+[0m[0m separator = "-"
    }

[1mPlan:[0m 3 to add, 0 to change, 0 to destroy.
[0m
Changes to Outputs:
  [32m+[0m[0m account_id         = "624586740279"
  [32m+[0m[0m caller_arn         = "arn:aws:sts::624586740279:assumed-role/jenkins_role/i-091fe6fa850f140b8"
  [32m+[0m[0m web-address-nodejs = (known after apply)
[90m
─────────────────────────────────────────────────────────────────────────────[0m

Saved the plan to: terraform.tfplan

To perform exactly these actions, run the following command to apply:
    terraform apply "terraform.tfplan"
[8mha:////4FTu9nkZE9fFWS5/VsDp0lNSq3OfFOeL4mjNPbzfpOZ+AAAApx+LCAAAAAAAAP9tjTEOwjAUQ3+LOrAycoh0qJgQE2uUhROEJoSk0f9tkpJOnIircQdaKjHhwbItWe/1hioGOFEwzGnsLMbWst6PZk4sU+hunjJzdGUtYSSvmdBZkNLntQpKGlYVJWw4bDW2nqJFk2DHnXzI2ks09SWFeTtyKK0a4AkFn8lJhvQtU4D9fVSR8Mf5C4CpT1A2zWKH5Vl9AKAKZ6XCAAAA[0m[Pipeline] script
[8mha:////4D4xGem7b6r7K32RMxq/Zc8DYGNHr32YDk+HZz3euprzAAAApx+LCAAAAAAAAP9tjTEOwjAUQ3+LOrAycoh0QLAgpq5RFk4QmhDSRv+Xn5R24kRcjTvQUokJD5ZtyXqvNxSR4UTsRGOx9RhrL7rQuymJgbi9BhpEQxdRE0YKVig7KDK2WqqiZGFRlsNKwtpiHSh6dAk2stEPXQaNrjwnnrajhNybOzwhkxM5aU7fMjJsb72JhD/OXwCMXYJ8t5/tMD+LD02yRsvCAAAA[0m[Pipeline] {
[8mha:////4FZKAoG/8fJ/zPVcXkfPpvSDd5A+nF/LvatcW1kdhsskAAAApR+LCAAAAAAAAP9tjTEOwjAQBC9BFLSUPOJSIEGBqNJabniBiY1xYt0Z2yGpeBFf4w8EIlGxxWpnm3m+YJkiHDlabA11jlLjMPjeTgsHjt3F84Atn7FhSuwNSjNI1qaeUXI2MKcoYSFgZajxnBzZDGvRqruqvCJbnXKcvoOA0ukbPKAQkzmrmL8wRthce52Yfp6/AhhDhnK7+9Q+vAF9GxrMvgAAAA==[0m[Pipeline] sh
+ echo Output from previous stage
[8mha:////4N2GqE4lRVeniFr0TlTit1RkMPMwglalek+q50rKHHGaAAAApR+LCAAAAAAAAP9tjTEOwjAQBC9BFLSUPOJSICEkRJXWcsMLTGyME+vO2A5JxYv4Gn8gEImKLVY728zzBcsU4cjRYmuoc5Qah8H3dlo4cOwungds+YwNU2JvUJpBsjb1jJKzgTlFCQsBK0ON5+TIZliLVt1V5RXZ6pTj9B0ElE7f4AGFmMxZxfyFMcLm2uvE9PP8FcAYQoZyu//U7g1K83O2vgAAAA==[0m[Pipeline] }
[8mha:////4Ae9fb2Cr7zWpzf2w8XX71n7OjCFE20DMyKbDAyHrX3YAAAApR+LCAAAAAAAAP9tjTEOwjAQBC9BFLSUPOJSIAqEqNJabniBiY1xYt0Z2yGpeBFf4w8EIlGxxWpnm3m+YJkiHDlabA11jlLjMPjeTgsHjt3F84Atn7FhSuwNSjNI1qaeUXI2MKcoYSFgZajxnBzZDGvRqruqvCJbnXKcvoOA0ukbPKAQkzmrmL8wRthce52Yfp6/AhhDyFBu95/avQFVcSbkvgAAAA==[0m[Pipeline] // script
[8mha:////4DJVz+4qXzQwH4cqql2gXqHGmwH9O4rMSKmvAsazDB75AAAApB+LCAAAAAAAAP9tjTEOwjAQBC9BFLSUPMJBCh2iSmul4QUmPowT687YDknFi/gaf8AiEhVbrHa2mdcb1jHAiYMRPdJgKXZWeDeavMTEYbg6nkTPF9ExRXYoWpxa1tgs2HJCWFKUsJKwQeocR0smwVb26qEqp8hU5xTyd5RQWn2HJxQym5MK6QtzgN1t1JHp5/krgNn7BOVhn6uuPya77e++AAAA[0m[Pipeline] }
[8mha:////4I1ncOD7Dz+KsI0jIbaHB0Cp/Rjhs2DH8mx7MrCKq+uEAAAApR+LCAAAAAAAAP9tjTsOwjAQRDdBFLSUHGIjPh1KRWu54QQmMcaJtRtsB6fiRFyNO2ARiYopRvOmea83LIOHmr3BTlNvKTQWBzeavDCx76+OE3Z8wYYpsNModZLc6tOMkqOGOUUJCwErTY3jYMlEWItOPVTlFJnqHH3+jgJK297hCYXI5qh8/MLkYXMb28D08/wVwDQMEcrDNtd+9wEVWLZTvgAAAA==[0m[Pipeline] // dir
[8mha:////4OsIA2ogVFmzgVkekGO4O5UZ9OBteln+44V5k7A7UnnoAAAApR+LCAAAAAAAAP9tjTsOwjAQRDdBFLSUHGIjPh1KRWu54QQmMcaJtRtsB6fiRFyNO2ARiYopRvOmea83LIOHmr3BTlNvKTQWBzeavDCx76+OE3Z8wYYpsNModZLc6tOMkqOGOUUJCwErTY3jYMlEWItOPVTlFJnqHH3+jgJK297hCYXI5qh8/MLkYXMb28D08/wVwDQMEcrDLtd++wEBeytMvgAAAA==[0m[Pipeline] }
[8mha:////4GwuE2M2gQyzw1mXZmovoCi4YhQU4bj/d6NPk66SS+LPAAAApB+LCAAAAAAAAP9tjTEOwjAQBC9BFLSUPMJBCh2iSmul4QUmPowT687YDknFi/gaf8AiEhVbrHa2mdcb1jHAiYMRPdJgKXZWeDeavMTEYbg6nkTPF9ExRXYoWpxa1tgs2HJCWFKUsJKwQeocR0smwVb26qEqp8hU5xTyd5RQWn2HJxQym5MK6QtzgN1t1JHp5/krgNn7BOWhzlXvPzKYcPC+AAAA[0m[Pipeline] // withEnv
[8mha:////4AqyAUy3A6MnH+T5O490dQxblo5K93FrC8CAEW6rETAtAAAAph+LCAAAAAAAAP9tjTEOwjAQBC9BFLSUPMKRUCQKRJXWSsMLTHwYJ9adsR2SihfxNf6ARSQqtljtbDOvN6xjgBMHI3qkwVLsrPBuNHmJicNwdTyJni+iY4rsULQ4tayxWbDlhLCkKGElYYPUOY6WTIKt7NVDVU6Rqc4p5O8oobT6Dk8oZDYnFdIX5gC726gj08/zVwCz9wnKus61P3wAaAwKar4AAAA=[0m[Pipeline] }
[8mha:////4Fe5EWWHtl8rT9uyg3i6myr2nftAsbgltvC50u9uUxsPAAAApR+LCAAAAAAAAP9tjTEOwjAQBC9BFLSUPOIiIaBBqWgtN7zAJMY4se6C7eBUvIiv8QcsIlGxxWpnm3m9YRk81OwNdpp6S6GxOLjR5IWJfX91nLDjCzZMgZ1GqZPkVp9mlBw1zClKWAhYaWocB0smwlp06qEqp8hU5+jzdxRQ2vYOTyhENkfl4xcmD5vb2Aamn+evAKZhiFDu9rm2hw9b71HWvgAAAA==[0m[Pipeline] // stage
[8mha:////4NNp8QEWgO9DbjzAJlBRjOENSnVmf/6A+1qc+DBTl+P1AAAAqB+LCAAAAAAAAP9tjTEOwjAUQ3+LOrAycohUSBULYuoaZeEEIQkhbfR/SVLaiRNxNe5AoBITHizbkvWeL6higCMFyzqDvcOoHBv8aHNiE4X+4mliHZ2ZIozkDRNmEqRNu1RBycCiooQVh7VB5Sk6tAk2vJN3WXuJtj6lkLcDh9LpGzyg4JmcZEjfMgfYXkcdCX+cvwCYhwTlrsnW7D/P6g2czVQjwgAAAA==[0m[Pipeline] stage
[8mha:////4JXKoDNGSX11XX6wh5G75PSD6dD4boD8LiY/Qmtn29PxAAAApx+LCAAAAAAAAP9tjTEOwjAUQ3+LOrAycoh0QTAgpq5RFk4QmhDSRv+Xn5R24kRcjTvQUokJD5ZtyXqvNxSR4UTsRGOx9RhrL7rQuymJgbi9BhpEQxdRE0YKVig7KDK2WqqiZGFRlsNKwtpiHSh6dAk2stEPXQaNrjwnnrajhNybOzwhkxM5aU7fMjJsb72JhD/OXwCMXYJ8t5/tMD+LD+jQxyjCAAAA[0m[Pipeline] { (Approval)
[8mha:////4MjVORXqSSxWoLjxVsG9KLTxhX1aksIem0vQYhH+tUXWAAAApR+LCAAAAAAAAP9tjTEOwjAQBC9BFLSUPOLSIIGEqNJabniBiY1xYt0Z2yGpeBFf4w8EIlGxxWpnm3m+YJkiHDlabA11jlLjMPjeTgsHjt3F84Atn7FhSuwNSjNI1qaeUXI2MKcoYSFgZajxnBzZDGvRqruqvCJbnXKcvoOA0ukbPKAQkzmrmL8wRthce52Yfp6/AhhDhnK7+9Q+vAGaE3/ivgAAAA==[0m[Pipeline] tool
[8mha:////4NuzzlLVp1gCzTmdKP4BnucUiSuqprS2sYpJBMj6Mr+kAAAApR+LCAAAAAAAAP9tjTEOwjAQBC9BFLSUPOLSICGEqNJabniBiY1xYt0Z2yGpeBFf4w8EIlGxxWpnm3m+YJkiHDlabA11jlLjMPjeTgsHjt3F84Atn7FhSuwNSjNI1qaeUXI2MKcoYSFgZajxnBzZDGvRqruqvCJbnXKcvoOA0ukbPKAQkzmrmL8wRthce52Yfp6/AhhDhnK7+9Q+vAHbImT7vgAAAA==[0m[Pipeline] envVarsForTool
[8mha:////4B6qyKEhURG/Rde+f/BitkEYZpkZtTJD5QvYFHtX8Mp4AAAAqB+LCAAAAAAAAP9tjTEOwjAUQ3+LOrAycoiUAcSAOrFGXThBaEJIGv1fkpR04kRcjTsQqMSEB8u2ZL3nC6rgoSGvmVXYGwydYYMbdU4ske8vjhKzdGYdYSCnWKtSS1Id59pSVDCrKGHBYamwcxQM6ggrbsVd1E6grk/R5+3AoTTyBg8oeCZH4eO3TB7W11EGwh/nLwCmIUK53WfbbT7P6g0kNDtSwgAAAA==[0m[Pipeline] withEnv
[8mha:////4GVCZsh8ZsF6svqhLiS6l4//HaR+BFPs72mzla9ISk/fAAAApx+LCAAAAAAAAP9tjTEOwjAUQ3+LOrAycogUBibE1DXKwglCE0La6P/yk9JOnIircQdaKjHhwbItWe/1hiIynIidaCy2HmPtRRd6NyUxELfXQINo6CJqwkjBCmUHRcZWS1WULCzKclhJWFusA0WPLsFGNvqhy6DRlefE03aUkHtzhydkciInzelbRobtrTeR8Mf5C4CxS5AfdrPt52fxAW2++SvCAAAA[0m[Pipeline] {
[8mha:////4LUNinVvKAkvEL6iGf6R6vIdHJ4UIWC0sy4ci3jFIOYCAAAApB+LCAAAAAAAAP9tjTEOwjAQBC9BFLSUPOIikKgQVVrLDS8wsTFOrDtjOyQVL+Jr/IFAJCq2WO1sM88XLFOEI0eLraHOUWocBt/baeHAsbt4HrDlMzZMib1BaQbJ2tQzSs4G5hQlLASsDDWekyObYS1adVeVV2SrU47TdxBQOn2DBxRiMmcV8xfGCJtrrxPTz/NXAGPIUO63n9qFN4OkKLa+AAAA[0m[Pipeline] echo
Output from the Previous Stage: null
[8mha:////4GY42jToi8P+u0Fbbxh3372cX3QwWLAlyHz5emxm5xMfAAAApx+LCAAAAAAAAP9tjTEOwjAUQ3+LOrAycohUCDEhpq5RFk4QmhDSRv+Xn5R24kRcjTvQUokJD5ZtyXqvNxSR4UTsRGOx9RhrL7rQuymJgbi9BhpEQxdRE0YKVig7KDK2WqqiZGFRlsNKwtpiHSh6dAk2stEPXQaNrjwnnrajhNybOzwhkxM5aU7fMjJsb72JhD/OXwCMXYL8sJttPz+LD6bAv6fCAAAA[0m[Pipeline] script
[8mha:////4FU3zs2d4VQUjR01aAyEbwU45ujxG793R+W0JXTWi6fbAAAApx+LCAAAAAAAAP9tjTEOwjAUQ3+LOrAycoh0ACbE1DXKwglCE0La6P/yk9JOnIircQdaKjHhwbItWe/1hiIynIidaCy2HmPtRRd6NyUxELfXQINo6CJqwkjBCmUHRcZWS1WULCzKclhJWFusA0WPLsFGNvqhy6DRlefE03aUkHtzhydkciInzelbRobtrTeR8Mf5C4CxS5AfdrPt52fxAd9J1uLCAAAA[0m[Pipeline] {
[8mha:////4Pq+FuIl6BoUvIvLSaEUZ68hDDk1qItiYnXtp75/6dFpAAAAox+LCAAAAAAAAP9tjTEOwjAQBC9BFLSUPOLSkApR0VppeIFJjLFj3Tm2g1PxIr7GHwhEomKL1c4283zBOgY4ctBoFfWGYmvQu1HPCzOH/uo4o+ULtkyRncJG5YY7dVqw4aRgSVHCSsBGUes4GtIJtsLKu6ycJF2dU5i/g4DSdAM8oBCzOcmQvjAF2N3GLjL9PH8FMPkEZb3/VO3f4x1Rq74AAAA=[0m[Pipeline] input
[8mha:////4AEB8sLfcNNXVwDRtXR68D8+S/FlkzzZ2Jpxq8jLLQagAAAAmR+LCAAAAAAAAP9b85aBtbiIQSajNKU4P08vOT+vOD8nVc+jsiC1KCczL9svvyTVzHb1RttJBUeZGJg8GdhyUvPSSzJ8GJhLi3JKGIR8shLLEvVzEvPS9YNLijLz0q0rihik0IxzhtAgwxgggJGJgaGiAMjgL2GQ0M/KT9JPzMmJTyzJz0tO1TfVz8wrKC3RBwCgEhZZnQAAAA==[0mInput requested
Approved by [8mha:////4I+kMxUJ80l18WepTOB+5uFtGu9fHnPzc24dJl/KET6WAAAAmh+LCAAAAAAAAP9b85aBtbiIQTGjNKU4P08vOT+vOD8nVc83PyU1x6OyILUoJzMv2y+/JJUBAhiZGBgqihhk0NSjKDWzXb3RdlLBUSYGJk8GtpzUvPSSDB8G5tKinBIGIZ+sxLJE/ZzEvHT94JKizLx0a6BxUmjGOUNodHsLgAyOEgY+/dLi1CL94tK8kvyizHwA6FGJ/MMAAAA=[0mSuntorio
[8mha:////4NefKa/Kf00a8YFa3podwAf0wJWWL76JKYWS8uMJhSxIAAAApB+LCAAAAAAAAP9tjTEOwjAQBC9BFLSUPOLSAA2iSmu54QUmNsaJdWdsh6TiRXyNPxCIRMUWq51t5vmCZYpw5GixNdQ5So3D4Hs7LRw4dhfPA7Z8xoYpsTcozSBZm3pGydnAnKKEhYCVocZzcmQzrEWr7qryimx1ynH6DgJKp2/wgEJM5qxi/sIYYXPtdWL6ef4KYAwhQ7nbf2r7Bqph/Ve+AAAA[0m[Pipeline] }
[8mha:////4G8s5uRf9wu33hlyYET/dXJd2wo2jiQPYWSFl646BGLCAAAApR+LCAAAAAAAAP9tjTEOwjAQBC9BFLSUPOJSIESBqNJabniBiY1xYt0Z2yGpeBFf4w8EIlGxxWpnm3m+YJkiHDlabA11jlLjMPjeTgsHjt3F84Atn7FhSuwNSjNI1qaeUXI2MKcoYSFgZajxnBzZDGvRqruqvCJbnXKcvoOA0ukbPKAQkzmrmL8wRthce52Yfp6/AhhDyFDu9p/avgGsJ8UCvgAAAA==[0m[Pipeline] // script
[8mha:////4A+Ho9xcIfjfplKAXxAzTULhu4RuvFw5q4rQNt66iDqlAAAApR+LCAAAAAAAAP9tjTEOwjAQBC9BFLSUPOIiCiQkRJXWcsMLTGyME+vO2A5JxYv4Gn8gEImKLVY728zzBcsU4cjRYmuoc5Qah8H3dlo4cOwungds+YwNU2JvUJpBsjb1jJKzgTlFCQsBK0ON5+TIZliLVt1V5RXZ6pTj9B0ElE7f4AGFmMxZxfyFMcLm2uvE9PP8FcAYQoZyt//U9g1V9J0dvgAAAA==[0m[Pipeline] }
[8mha:////4EXch+DzvD3tVjksFhV3LGwHIFf0njs8uANIX7MiCHxEAAAApB+LCAAAAAAAAP9tjTEOwjAQBC9BFLSUPOJCQ4EQVVrLDS8wsTFOrDtjOyQVL+Jr/IFAJCq2WO1sM88XLFOEI0eLraHOUWocBt/baeHAsbt4HrDlMzZMib1BaQbJ2tQzSs4G5hQlLASsDDWekyObYS1adVeVV2SrU47TdxBQOn2DBxRiMmcV8xfGCJtrrxPTz/NXAGMIGcrd/lPbN2YXxqG+AAAA[0m[Pipeline] // withEnv
[8mha:////4Am79TpkZXV09PkMZcI1bmy0Thv2uK/+gd47AfHFhGWkAAAApR+LCAAAAAAAAP9tjTEOwjAQBC9BFLSUPOJCgaBAqWgtN7zAJMY4se6C7eBUvIiv8QcsIlGxxWpnm3m9YRk81OwNdpp6S6GxOLjR5IWJfX91nLDjCzZMgZ1GqZPkVp9mlBw1zClKWAhYaWocB0smwlp06qEqp8hU5+jzdxRQ2vYOTyhENkfl4xcmD5vb2Aamn+evAKZhiFDut7l2hw/R+F4wvgAAAA==[0m[Pipeline] }
[8mha:////4OkcjqhjlWLTl+jLfoLNKq/Qwp+aEp4NiUceYWhAJwmZAAAApR+LCAAAAAAAAP9tjTEOwjAQBC9BFLSUPOIiJJQGUaW10vACExvjxLoztkNS8SK+xh+wiETFFqudbeb1hnUMcOJgsNc0WIqdRe9GkxdOHIar4wl7vmDHFNlpbPXUstLNgi0nDUuKElYCNpo6x9GSSbAVvXzIykky1TmF/B0FlFbd4QmFyOYkQ/rCHGB3G1Vk+nn+CmD2PkFZ73Md6g/iGwWMvgAAAA==[0m[Pipeline] // stage
[8mha:////4DoQBhPPFr1puixX4JVYh0UOJnBRPIeD6aAM0MWdXeQiAAAAqB+LCAAAAAAAAP9tjTEOwjAUQ3+LOrAycohUIMSCOrFGXThBaEJIGv1fkpR04kRcjTsQqMSEB8u2ZL3nC6rgoSGvmVXYGwydYYMbdU4ske8vjhKzdGYdYSCnWKtSS1Id59pSVDCrKGHBYamwcxQM6ggrbsVd1E6grk/R5+3AoTTyBg8oeCZH4eO3TB7W11EGwh/nLwCmIUK52WXbbz/P6g2jnlovwgAAAA==[0m[Pipeline] stage
[8mha:////4GPwUmBX6MTLcViOAfaz7ZOzJ8qwZS76ehepQVVUM+KsAAAAqB+LCAAAAAAAAP9tjTEOwjAUQ3+LOrAycohUAokFMXWNsnCC0ISQNvq//KS0EyfiatyBlkpMeLBsS9Z7vaGIDCdiJxqLrcdYe9GF3k1JDMTtNdAgGrqImjBSsELZQZGx1VIVJQuLshxWEtYW60DRo0uwkY1+6DJodOU58bQdJeTe3OEJmZzISXP6lpFhe+tNJPxx/gJg7BLkh91s+/lZfADKbit4wgAAAA==[0m[Pipeline] { (Terraform Apply)
[8mha:////4Co128H8+gDQJrLndJcnSTnMGitcDkU16KkO9hWvyQx0AAAApB+LCAAAAAAAAP9tjTEOwjAQBC9BFLSUPOJSgGgQVVrLDS8wsTFOrDtjOyQVL+Jr/IFAJCq2WO1sM88XLFOEI0eLraHOUWocBt/baeHAsbt4HrDlMzZMib1BaQbJ2tQzSs4G5hQlLASsDDWekyObYS1adVeVV2SrU47TdxBQOn2DBxRiMmcV8xfGCJtrrxPTz/NXAGPIUO63n9qFN5arJPu+AAAA[0m[Pipeline] tool
[8mha:////4Eh7uFVAnU8+qQLG0sEsi0RKuIPWJYr8etvUjG45atNcAAAApB+LCAAAAAAAAP9tjTEOwjAQBC9BFLSUPOJSIGgQVVrLDS8wsTFOrDtjOyQVL+Jr/IFAJCq2WO1sM88XLFOEI0eLraHOUWocBt/baeHAsbt4HrDlMzZMib1BaQbJ2tQzSs4G5hQlLASsDDWekyObYS1adVeVV2SrU47TdxBQOn2DBxRiMmcV8xfGCJtrrxPTz/NXAGPIUO63n9qFN9eaP+K+AAAA[0m[Pipeline] envVarsForTool
[8mha:////4I0nfMaqU/yFZkWoBgrhnWW8rPHE5h/rj6abn4x06ov1AAAApx+LCAAAAAAAAP9tjTEOwjAUQ3+DOrAycoh0QOqCmFijLpwgNCEkjf5vk5R04kRcjTvQUokJD5ZtyXqvN5QxwImC4U5jZzG2lvd+NHPimUJ385S5oytvCSN5zRudG1L6vNaGkoZVBYONgK3G1lO0aBLshJMPWXmJprqkMG9HAcyqAZ5QiJmcZEjfMgXY30cVCX+cvwCY+gSsPixWL8/yA7kgaOnCAAAA[0m[Pipeline] withEnv
[8mha:////4GJUkheaXrw/oS7pSV06A9CAim8IFsz01Pca0OMdaV7rAAAAph+LCAAAAAAAAP9tjTEOwjAUQ3+LOrAycoh0KwNiYo2ycILQhJA0+r9NUtKJE3E17kBLJSY8WLYl673eUMUAJwqGOY2dxdha1vvRzIllCt3NU2aOrqwljOQ1EzoLUvq8VkFJw6qihA2HrcbWU7RoEuy4kw9Ze4mmvqQwb0cOpVUDPKHgMznJkL5lCrC/jyoS/jh/ATD1CcqmWeywPKsPXl9jU8IAAAA=[0m[Pipeline] {
[8mha:////4AhabWupDmlo64klxWrv0BcXB/2r//H9SG24EXrNtTMyAAAApx+LCAAAAAAAAP9tjTEOwjAUQ3+LOrAycoh0AyTE1DXKwglCE0La6P/yk9JOnIircQdaKjHhwbItWe/1hiIynIidaCy2HmPtRRd6NyUxELfXQINo6CJqwkjBCmUHRcZWS1WULCzKclhJWFusA0WPLsFGNvqhy6DRlefE03aUkHtzhydkciInzelbRobtrTeR8Mf5C4CxS5Dv9rMd5mfxAUsyu2PCAAAA[0m[Pipeline] dir
Running in /var/lib/jenkins/workspace/all_atonce/DevOps_jenkins_tf_ans_node_js_Setup/terraform_ansible_generic_instace_setup_template
[8mha:////4OTHN+xk2F/gdQ0i72t+VHYTqTtCEucLHtYNwmzcTvs6AAAApx+LCAAAAAAAAP9tjTEOwjAUQ3+LOrAycoh0QyDE1DXKwglCE0La6P/yk9JOnIircQdaKjHhwbItWe/1hiIynIidaCy2HmPtRRd6NyUxELfXQINo6CJqwkjBCmUHRcZWS1WULCzKclhJWFusA0WPLsFGNvqhy6DRlefE03aUkHtzhydkciInzelbRobtrTeR8Mf5C4CxS5Dv9rMd5mfxASgVHzvCAAAA[0m[Pipeline] {
[8mha:////4EYvm/QOb3O14P+YS1UY8Y7CEHvaWFA/s1k73Lv3FrOpAAAApR+LCAAAAAAAAP9tjTEOwjAQBC9BFLSUPOJCBUIoFa3lhheYxBgn1l2wHZyKF/E1/oBFJCq2WO1sM683LIOHmr3BTlNvKTQWBzeavDCx76+OE3Z8wYYpsNModZLc6tOMkqOGOUUJCwErTY3jYMlEWItOPVTlFJnqHH3+jgJK297hCYXI5qh8/MLkYXMb28D08/wVwDREKHeHXPvt8AHrW/o6vgAAAA==[0m[Pipeline] sh
+ terraform apply terraform.tfplan
[0m[1mrandom_pet.sg: Creating...[0m[0m
[0m[1mrandom_pet.sg: Creation complete after 0s [id=evolving-shad][0m
[0m[1maws_security_group.web-sg: Creating...[0m[0m
[0m[1maws_security_group.web-sg: Creation complete after 2s [id=sg-097e366c10e1eff04][0m
[0m[1maws_instance.nodejs-app: Creating...[0m[0m
[0m[1maws_instance.nodejs-app: Still creating... [10s elapsed][0m[0m
[0m[1maws_instance.nodejs-app: Still creating... [20s elapsed][0m[0m
[0m[1maws_instance.nodejs-app: Creation complete after 22s [id=i-0cbcf0c553d9d0e8f][0m
[0m[1m[32m
Apply complete! Resources: 3 added, 0 changed, 0 destroyed.
[0m[0m[1m[32m
Outputs:

[0maccount_id = "624586740279"
caller_arn = "arn:aws:sts::624586740279:assumed-role/jenkins_role/i-091fe6fa850f140b8"
web-address-nodejs = "54.165.29.51"
[8mha:////4M4Dr487IXDiNRn7jObRkt8zfSNTOil7SgzASw9B4wAFAAAApR+LCAAAAAAAAP9tjTEOwjAQBC9BFLSUPOIiGhBCqWgtN7zAJMY4se6C7eBUvIiv8QcsIlGxxWpnm3m9YRk81OwNdpp6S6GxOLjR5IWJfX91nLDjCzZMgZ1GqZPkVp9mlBw1zClKWAhYaWocB0smwlp06qEqp8hU5+jzdxRQ2vYOTyhENkfl4xcmD5vb2Aamn+evAKZhiFDut7l2hw9Fb/uIvgAAAA==[0m[Pipeline] }
[8mha:////4NYKMgX/B+u8Z7X2JxFfKYYrizeAWWeoziorM+KWm8TfAAAAph+LCAAAAAAAAP9tjTEOwjAQBC9BFLSUPOIiUQASSkVrueEFJjHGiXUXbAen4kV8jT9gEYmKLVY728zrDcvgoWZvsNPUWwqNxcGNJi9M7Pur44QdX7BhCuw0Sp0kt/o0o+SoYU5RwkLASlPjOFgyEdaiUw9VOUWmOkefv6OA0rZ3eEIhsjkqH78wedjcxjYw/Tx/BTANQ4Ryv821O3wAfS1oeb4AAAA=[0m[Pipeline] // dir
[8mha:////4GYZloozubDHHHHKHUBtj+z8xUJfDXl63XPAEyez7/65AAAApR+LCAAAAAAAAP9tjTEOwjAQBC9BFLSUPOJSIJECUaW10vACExvjxLoztkNS8SK+xh+wiETFFqudbeb1hnUMcOJgsNc0WIqdRe9GkxdOHIar4wl7vmDHFNlpbPXUstLNgi0nDUuKElYCNpo6x9GSSbAVvXzIykky1TmF/B0FlFbd4QmFyOYkQ/rCHGB3G1Vk+nn+CmD2PkFZ73Md6g9J44sivgAAAA==[0m[Pipeline] }
[8mha:////4GCtwF2jl6BBd/b256kr0ZqJu55U8rqFVWWzfEjZZi6mAAAApR+LCAAAAAAAAP9tjTEOwjAQBC9BFLSUPMJpUCgQVVorDS8w8WGcWHfGdkgqXsTX+AMWkajYYrWzzbzesI4BThyM6JEGS7GzwrvR5CUmDsPV8SR6voiOKbJD0eLUssZmwZYTwpKihJWEDVLnOFoyCbayVw9VOUWmOqeQv6OE0uo7PKGQ2ZxUSF+YA+xuo45MP89fAczeJygP+1x1/QFn44lIvgAAAA==[0m[Pipeline] // withEnv
[8mha:////4DaY2xFy362StrCp4htRcztQb353Gq3qkerJJPkcBj4BAAAApR+LCAAAAAAAAP9tjTEOwjAQBC9BFLSUPOJSIKBAqWgtN7zAJMY4se6C7eBUvIiv8QcsIlGxxWpnm3m9YRk81OwNdpp6S6GxOLjR5IWJfX91nLDjCzZMgZ1GqZPkVp9mlBw1zClKWAhYaWocB0smwlp06qEqp8hU5+jzdxRQ2vYOTyhENkfl4xcmD5vb2Aamn+evAKZhiFAedrn22w9NxL/zvgAAAA==[0m[Pipeline] }
[8mha:////4Od4pQ4z5ffyUx9gzdecnwghzyDAzv1Z4gjxnvhK2DGrAAAApR+LCAAAAAAAAP9tjTEOwjAQBC9BFLSUPMKRKEKBqNJaaXiBiQ/jxLoztkNS8SK+xh+wiETFFqudbeb1hnUMcOJgRI80WIqdFd6NJi8xcRiujifR80V0TJEdihanljU2C7acEJYUJawkbJA6x9GSSbCVvXqoyiky1TmF/B0llFbf4QmFzOakQvrCHGB3G3Vk+nn+CmD2PkF5qHPV+w91hiwCvgAAAA==[0m[Pipeline] // stage
[8mha:////4D+Z5IBfA0uinRMvbsIVw4Ax518bzAcUrMcurq3fnZ6sAAAAqB+LCAAAAAAAAP9tjTEOwjAUQ3+LOrAycohUSEgdEFPXKAsnCEkIaaP/S5LSTpyIq3EHApWY8GDZlqz3fEEVAxwpWNYZ7B1G5djgR5sTmyj0F08T6+jMFGEkb5gwkyBt2qUKSgYWFSWsOKwNKk/RoU2w4Z28y9pLtPUphbwdOJRO3+ABBc/kJEP6ljnA9jrqSPjj/AXAPCQod/tsTfN5Vm+kBODZwgAAAA==[0m[Pipeline] stage
[8mha:////4FCUwyxadHq8M+Y737Fs+HnjPJVUU0AgEXylei2aqxinAAAAph+LCAAAAAAAAP9tjTEOwjAUQ3+LOrAycoh0LBJiYo2ycILQhJA0+r9NUtKJE3E17kBLJSY8WLYl673eUMUAJwqGOY2dxdha1vvRzIllCt3NU2aOrqwljOQ1EzoLUvq8VkFJw6qihA2HrcbWU7RoEuy4kw9Ze4mmvqQwb0cOpVUDPKHgMznJkL5lCrC/jyoS/jh/ATD1CcqmWeywPKsPkHVpXsIAAAA=[0m[Pipeline] { (Get Terraform Outputs)
[8mha:////4EIhD2XhOXmfZYJqcv6g2GD6BMSWI9glLixAaraoP9BbAAAAox+LCAAAAAAAAP9tjTEOwjAQBC9BFLSUPOJSAkJUaS03vMDExjix7oztkFS8iK/xBwKRqNhitbPNPF+wTBGOHC22hjpHqXEYfG+nhQPH7uJ5wJbP2DAl9galGSRrU88oORuYU5SwELAy1HhOjmyGtWjVXVVeka1OOU7fQUDp9A0eUIjJnFXMXxgjbK69Tkw/z18BjCFDud19ah/eiOvlgb4AAAA=[0m[Pipeline] tool
[8mha:////4KxwPZ+67mlPBdjnFyPZwL9lBskltb0b14f+Ej7JApgkAAAApB+LCAAAAAAAAP9tjTEOwjAQBC9BFLSUPOJCRyREldZKwwtMbIwT687YDknFi/gaf8AiEhVbrHa2mdcb1jHAiYPBXtNgKXYWvRtNXjhxGK6OJ+z5gh1TZKex1VPLSjcLtpw0LClKWAnYaOocR0smwVb08iErJ8lU5xTydxRQWnWHJxQim5MM6QtzgN1tVJHp5/krgNknKA91rnrvP/wXe1u+AAAA[0m[Pipeline] envVarsForTool
[8mha:////4KjfD2h2xWWoV2auC/Y0mBtSAHiol8giOX+wl/Re5fS9AAAAqB+LCAAAAAAAAP9tjTEOwjAUQ3+LOrAycohUTFRCTF2jLJwgJCGkjf4vSUo7cSKuxh0IVGLCg2Vbst7zBVUMcKRgWWewdxiVY4MfbU5sotBfPE2sozNThJG8YcJMgrRplyooGVhUlLDisDaoPEWHNsGGd/Iuay/R1qcU8nbgUDp9gwcUPJOTDOlb5gDb66gj4Y/zFwDzkKDcN9ma3edZvQF3oNYcwgAAAA==[0m[Pipeline] withEnv
[8mha:////4BL0LHgxUe8qH2hIZNCBJpCdNfaeJ0WjSGvVN6FT7iXJAAAApx+LCAAAAAAAAP9tjTEOwjAUQ3+LOrAycohUMCEhpq5RFk4QmhDSRv+Xn5R24kRcjTvQUokJD5ZtyXqvNxSR4UTsRGOx9RhrL7rQuymJgbi9BhpEQxdRE0YKVig7KDK2WqqiZGFRlsNKwtpiHSh6dAk2stEPXQaNrjwnnrajhNybOzwhkxM5aU7fMjJsb72JhD/OXwCMXYL8sJttPz+LDy1zm5PCAAAA[0m[Pipeline] {
[8mha:////4PsGnBSrd4HqjjeZ9j/qecmO07uIzbRZb818e8xWL7XmAAAAqB+LCAAAAAAAAP9tjTEOwjAUQ3+LOrAycohUggUJMXWNsnCC0ISQNvq//KS0EyfiatyBlkpMeLBsS9Z7vaGIDCdiJxqLrcdYe9GF3k1JDMTtNdAgGrqImjBSsELZQZGx1VIVJQuLshxWEtYW60DRo0uwkY1+6DJodOU58bQdJeTe3OEJmZzISXP6lpFhe+tNJPxx/gJg7BLkh91s+/lZfACJxiXBwgAAAA==[0m[Pipeline] dir
Running in /var/lib/jenkins/workspace/all_atonce/DevOps_jenkins_tf_ans_node_js_Setup/terraform_ansible_generic_instace_setup_template
[8mha:////4E7ozBj2BAn9AXjejuFI8BX/U5X1Aa8EqZj+HXYA4RfzAAAAqB+LCAAAAAAAAP9tjTEOwjAUQ3+LOrAycoh0gAEJMXWNsnCC0ISQNvq//KS0EyfiatyBlkpMeLBsS9Z7vaGIDCdiJxqLrcdYe9GF3k1JDMTtNdAgGrqImjBSsELZQZGx1VIVJQuLshxWEtYW60DRo0uwkY1+6DJodOU58bQdJeTe3OEJmZzISXP6lpFhe+tNJPxx/gJg7BLkh91s+/lZfADxKa4dwgAAAA==[0m[Pipeline] {
[8mha:////4G6otLn+M+q1yA0g6MWfoj5nUq1wnwasHvfLPr40N1K0AAAApR+LCAAAAAAAAP9tjTEOwjAQBC9BFLSUPOLSgISEqNJabniBiY1xYt0Z2yGpeBFf4w8EIlGxxWpnm3m+YJkiHDlabA11jlLjMPjeTgsHjt3F84Atn7FhSuwNSjNI1qaeUXI2MKcoYSFgZajxnBzZDGvRqruqvCJbnXKcvoOA0ukbPKAQkzmrmL8wRthce52Yfp6/AhhDhnK//dQuvAFhm4w4vgAAAA==[0m[Pipeline] sh
+ terraform output web-address-nodejs
[8mha:////4Jr3xWyb/XWfsaYTitxkCjiWGpSe6QfkpyhABDJGdCEKAAAApR+LCAAAAAAAAP9tjTEOwjAQBC9BFLSUPOLSIISEqNJabniBiY1xYt0Z2yGpeBFf4w8EIlGxxWpnm3m+YJkiHDlabA11jlLjMPjeTgsHjt3F84Atn7FhSuwNSjNI1qaeUXI2MKcoYSFgZajxnBzZDGvRqruqvCJbnXKcvoOA0ukbPKAQkzmrmL8wRthce52Yfp6/AhhDyFDud5/avgEnfoSDvgAAAA==[0m[Pipeline] }
[8mha:////4Bz4PtH+pk/8o6JsD93cSjhhC+iWU+G937fAf0FiC023AAAApR+LCAAAAAAAAP9tjTEOwjAQBC9BFLSUPOJSUICEqNJabniBiY1xYt0Z2yGpeBFf4w8EIlGxxWpnm3m+YJkiHDlabA11jlLjMPjeTgsHjt3F84Atn7FhSuwNSjNI1qaeUXI2MKcoYSFgZajxnBzZDGvRqruqvCJbnXKcvoOA0ukbPKAQkzmrmL8wRthce52Yfp6/AhhDyFDud5/avgEhOLzWvgAAAA==[0m[Pipeline] // dir
[8mha:////4O4cb1FoEd6YZ8ztQFd4AaQp9YeRJMdi9m62d2Q0foRaAAAApB+LCAAAAAAAAP9tjTEOwjAQBC9BFLSUPOIiUUVCVLRWGl5gEmPsWHeO7eBUvIiv8QcCkajYYrWzzTxfsI4Bjhw0WkW9odga9G7U88LMob86zmj5gi1TZKewUbnhTp0WbDgpWFKUsBKwUdQ6joZ0gq2w8i4rJ0lX5xTm7yCgNN0ADyjEbE4ypC9MAXa3sYtMP89fAUzeJyjr+lP7N2K67VC+AAAA[0m[Pipeline] }
[8mha:////4Hmq5NuwsXnxBXaZLLA00nI5rvjkKrdcLVp4YTSn9IW6AAAApB+LCAAAAAAAAP9tjTEOwjAQBC9BFLSUPOIiOhCiSmu54QUmNsaJdWdsh6TiRXyNPxCIRMUWq51t5vmCZYpw5GixNdQ5So3D4Hs7LRw4dhfPA7Z8xoYpsTcozSBZm3pGydnAnKKEhYCVocZzcmQzrEWr7qryimx1ynH6DgJKp2/wgEJM5qxi/sIYYXPtdWL6ef4KYAwhQ7nbf2r7Bn04uAK+AAAA[0m[Pipeline] // withEnv
[8mha:////4B6c9ldDYmA32o2U+633k2xc0/YzcjOpNwh4PiQL1TW6AAAApB+LCAAAAAAAAP9tjTEOwjAQBC9BFLSUPOJCBwilorXc8AKTGOPEugu2g1PxIr7GH7CIRMUWq51t5vWGZfBQszfYaeothcbi4EaTFyb2/dVxwo4v2DAFdhqlTpJbfZpRctQwpyhhIWClqXEcLJkIa9Gph6qcIlOdo8/fUUBp2zs8oRDZHJWPX5g8bG5jG5h+nr8CmIYhQnnY5trtP2rGhH2+AAAA[0m[Pipeline] }
[8mha:////4NZKtrvYyG45piSl9quMrqCsQmsUzkb1eDxtGkoJ3SBMAAAApR+LCAAAAAAAAP9tjTEOwjAQBC9BFLSUPMIRVYQQVVorDS8w8WGcWHfGdkgqXsTX+AMWkajYYrWzzbzesI4BThyM6JEGS7GzwrvR5CUmDsPV8SR6voiOKbJD0eLUssZmwZYTwpKihJWEDVLnOFoyCbayVw9VOUWmOqeQv6OE0uo7PKGQ2ZxUSF+YA+xuo45MP89fAczeJygP+1x1/QFeCGcmvgAAAA==[0m[Pipeline] // stage
[8mha:////4MSGlS/KaA8vIWWllS5Fm4h0dW11kTCT5DWWkJ/tzfZIAAAAqB+LCAAAAAAAAP9tjTEOwjAUQ3+LOrAycohUIBaEOrFGXThBaEJIGv1fkpR04kRcjTsQqMSEB8u2ZL3nC6rgoSGvmVXYGwydYYMbdU4ske8vjhKzdGYdYSCnWKtSS1Id59pSVDCrKGHBYamwcxQM6ggrbsVd1E6grk/R5+3AoTTyBg8oeCZH4eO3TB7W11EGwh/nLwCmIUK52WXbbz/P6g1K7hLZwgAAAA==[0m[Pipeline] stage
[8mha:////4AIWFg0F4mLNlnh9bpsfRxvF6Yae9mBUXSEu9ZuESdqSAAAApx+LCAAAAAAAAP9tjTEOwjAUQ3+LOrAycohUggkhpq5RFk4QmhDSRv+Xn5R24kRcjTvQUokJD5ZtyXqvNxSR4UTsRGOx9RhrL7rQuymJgbi9BhpEQxdRE0YKVig7KDK2WqqiZGFRlsNKwtpiHSh6dAk2stEPXQaNrjwnnrajhNybOzwhkxM5aU7fMjJsb72JhD/OXwCMXYL8sJttPz+LD1KB9/zCAAAA[0m[Pipeline] { (Install Ansible)
[8mha:////4K+Lp+psdTiCACvcjdnW+1rmjuvaaK5uCjkbTD8/JIcGAAAApB+LCAAAAAAAAP9tjTEOwjAQBC9BFLSUPOJSQIMQVVrLDS8wsTFOrDtjOyQVL+Jr/IFAJCq2WO1sM88XLFOEI0eLraHOUWocBt/baeHAsbt4HrDlMzZMib1BaQbJ2tQzSs4G5hQlLASsDDWekyObYS1adVeVV2SrU47TdxBQOn2DBxRiMmcV8xfGCJtrrxPTz/NXAGPIUO63n9qFNwf+WCm+AAAA[0m[Pipeline] tool
[8mha:////4Jm3XEhllufJLAWzNmamJ7yVWWtOon5RbGE5kcwKacirAAAApR+LCAAAAAAAAP9tjTEOwjAQBC9BFLSUPOJSIAqEqNJabniBiY1xYt0Z2yGpeBFf4w8EIlGxxWpnm3m+YJkiHDlabA11jlLjMPjeTgsHjt3F84Atn7FhSuwNSjNI1qaeUXI2MKcoYSFgZajxnBzZDGvRqruqvCJbnXKcvoOA0ukbPKAQkzmrmL8wRthce52Yfp6/AhhDhnK//dQuvAFGz0MwvgAAAA==[0m[Pipeline] envVarsForTool
[8mha:////4MQMPhgm9uTp+ktYn5we/09ldkdqzmkviP/4JkLDUpF0AAAAqB+LCAAAAAAAAP9tjTEOwjAUQ3+LOrAycoh0QEJCiKlrlIUThCaEtNH/5SelnTgRV+MOtFRiwoNlW7Le6w1FZDgRO9FYbD3G2osu9G5KYiBur4EG0dBF1ISRghXKDoqMrZaqKFlYlOWwkrC2WAeKHl2CjWz0Q5dBoyvPiaftKCH35g5PyORETprTt4wM21tvIuGP8xcAY5cgP+xm28/P4gMhz7RtwgAAAA==[0m[Pipeline] withEnv
[8mha:////4KOpGabJqEXBSPV1m+FajWY6hI1zCuWPwUZG8Y0Dry0GAAAApx+LCAAAAAAAAP9tjTEOwjAUQ3+LOrAycoh0AyHE1DXKwglCE0La6P/yk9JOnIircQdaKjHhwbItWe/1hiIynIidaCy2HmPtRRd6NyUxELfXQINo6CJqwkjBCmUHRcZWS1WULCzKclhJWFusA0WPLsFGNvqhy6DRlefE03aUkHtzhydkciInzelbRobtrTeR8Mf5C4CxS5AfdrPt52fxAcawv9fCAAAA[0m[Pipeline] {
[8mha:////4PWYWfOVkgEGsfUmaivRGW2IU8H7qST3ruDP3L1QujxpAAAAox+LCAAAAAAAAP9tjTEOwjAQBC9BFLSUPOJSAkJUaS03vMDExjix7oztkFS8iK/xBwKRqNhitbPNPF+wTBGOHC22hjpHqXEYfG+nhQPH7uJ5wJbP2DAl9galGSRrU88oORuYU5SwELAy1HhOjmyGtWjVXVVeka1OOU7fQUDp9A0eUIjJnFXMXxgjbK69Tkw/z18BjCFDud9+ahfeGJWicb4AAAA=[0m[Pipeline] sh
+ sudo apt-add-repository ppa:ansible/ansible -y
Hit:1 http://us-east-1.ec2.ports.ubuntu.com/ubuntu-ports jammy InRelease
Get:2 http://us-east-1.ec2.ports.ubuntu.com/ubuntu-ports jammy-updates InRelease [119 kB]
Get:3 http://us-east-1.ec2.ports.ubuntu.com/ubuntu-ports jammy-backports InRelease [109 kB]
Ign:4 https://pkg.jenkins.io/debian-stable binary/ InRelease
Hit:5 https://pkg.jenkins.io/debian-stable binary/ Release
Get:6 http://ports.ubuntu.com/ubuntu-ports jammy-security InRelease [110 kB]
Get:7 http://us-east-1.ec2.ports.ubuntu.com/ubuntu-ports jammy-updates/main arm64 Packages [1012 kB]
Get:8 https://ppa.launchpadcontent.net/ansible/ansible/ubuntu jammy InRelease [18.0 kB]
Get:9 http://us-east-1.ec2.ports.ubuntu.com/ubuntu-ports jammy-updates/main Translation-en [246 kB]
Get:10 http://us-east-1.ec2.ports.ubuntu.com/ubuntu-ports jammy-updates/universe arm64 Packages [910 kB]
Get:11 http://us-east-1.ec2.ports.ubuntu.com/ubuntu-ports jammy-updates/universe Translation-en [218 kB]
Get:13 http://ports.ubuntu.com/ubuntu-ports jammy-security/main arm64 Packages [808 kB]
Get:14 http://ports.ubuntu.com/ubuntu-ports jammy-security/main Translation-en [187 kB]
Get:15 https://ppa.launchpadcontent.net/ansible/ansible/ubuntu jammy/main arm64 Packages [1140 B]
Get:16 http://ports.ubuntu.com/ubuntu-ports jammy-security/universe arm64 Packages [711 kB]
Get:17 http://ports.ubuntu.com/ubuntu-ports jammy-security/universe Translation-en [146 kB]
Fetched 4595 kB in 1s (3233 kB/s)
Reading package lists...
Repository: 'deb https://ppa.launchpadcontent.net/ansible/ansible/ubuntu/ jammy main'
Description:
Ansible is a radically simple IT automation platform that makes your applications and systems easier to deploy. Avoid writing scripts or custom code to deploy and update your applications— automate in a language that approaches plain English, using SSH, with no agents to install on remote systems.

http://ansible.com/

If you face any issues while installing Ansible PPA, file an issue here:
https://github.com/ansible-community/ppa/issues
More info: https://launchpad.net/~ansible/+archive/ubuntu/ansible
Adding repository.
Found existing deb entry in /etc/apt/sources.list.d/ansible-ubuntu-ansible-jammy.list
Adding deb entry to /etc/apt/sources.list.d/ansible-ubuntu-ansible-jammy.list
Found existing deb-src entry in /etc/apt/sources.list.d/ansible-ubuntu-ansible-jammy.list
Adding disabled deb-src entry to /etc/apt/sources.list.d/ansible-ubuntu-ansible-jammy.list
Adding key to /etc/apt/trusted.gpg.d/ansible-ubuntu-ansible.gpg with fingerprint 6125E2A8C77F2818FB7BD15B93C4A3FD7BB9C367
+ sudo apt-get update
Hit:1 http://us-east-1.ec2.ports.ubuntu.com/ubuntu-ports jammy InRelease
Hit:2 http://us-east-1.ec2.ports.ubuntu.com/ubuntu-ports jammy-updates InRelease
Hit:3 http://us-east-1.ec2.ports.ubuntu.com/ubuntu-ports jammy-backports InRelease
Ign:4 https://pkg.jenkins.io/debian-stable binary/ InRelease
Hit:5 https://pkg.jenkins.io/debian-stable binary/ Release
Hit:6 http://ports.ubuntu.com/ubuntu-ports jammy-security InRelease
Hit:7 https://ppa.launchpadcontent.net/ansible/ansible/ubuntu jammy InRelease
Reading package lists...
+ sudo apt-get install ansible -y
Reading package lists...
Building dependency tree...
Reading state information...
The following packages will be upgraded:
  ansible
1 upgraded, 0 newly installed, 0 to remove and 28 not upgraded.
Need to get 16.5 MB of archives.
After this operation, 14.6 MB of additional disk space will be used.
Get:1 https://ppa.launchpadcontent.net/ansible/ansible/ubuntu jammy/main arm64 ansible all 8.6.0-1ppa~jammy [16.5 MB]
debconf: unable to initialize frontend: Dialog
debconf: (Dialog frontend will not work on a dumb terminal, an emacs shell buffer, or without a controlling terminal.)
debconf: falling back to frontend: Readline
debconf: unable to initialize frontend: Readline
debconf: (This frontend requires a controlling tty.)
debconf: falling back to frontend: Teletype
dpkg-preconfigure: unable to re-open stdin: 
Fetched 16.5 MB in 2s (7030 kB/s)
(Reading database ... (Reading database ... 5%(Reading database ... 10%(Reading database ... 15%(Reading database ... 20%(Reading database ... 25%(Reading database ... 30%(Reading database ... 35%(Reading database ... 40%(Reading database ... 45%(Reading database ... 50%(Reading database ... 55%(Reading database ... 60%(Reading database ... 65%(Reading database ... 70%(Reading database ... 75%(Reading database ... 80%(Reading database ... 85%(Reading database ... 90%(Reading database ... 95%(Reading database ... 100%(Reading database ... 139454 files and directories currently installed.)
Preparing to unpack .../ansible_8.6.0-1ppa~jammy_all.deb ...
Unpacking ansible (8.6.0-1ppa~jammy) over (8.5.0-1ppa~jammy) ...
Setting up ansible (8.6.0-1ppa~jammy) ...
  File "/usr/lib/python3/dist-packages/ansible_collections/netapp/ontap/plugins/modules/na_ontap_s3_users.py", line 7
    from __future__ import absolute_import, division, print_function
    ^^^^^^^^^^^^^^^^^^^^^^^^^^^^^^^^^^^^^^^^^^^^^^^^^^^^^^^^^^^^^^^^
SyntaxError: from __future__ imports must occur at the beginning of the file
dpkg: error processing package ansible (--configure):
 installed ansible package post-installation script subprocess returned error exit status 1
Errors were encountered while processing:
 ansible
needrestart is being skipped since dpkg has failed
E: Sub-process /usr/bin/dpkg returned an error code (1)
[8mha:////4EkCKyiAkye/o11hQK9OCkHDPQ5l3SEwFObUqqf8UrqQAAAAox+LCAAAAAAAAP9tjTEOwjAQBC9BFLSUPOJSoghR0VppeIFJjLFj3Tm2g1PxIr7GHwhEomKL1c4283zBOgY4ctBoFfWGYmvQu1HPCzOH/uo4o+ULtkyRncJG5YY7dVqw4aRgSVHCSsBGUes4GtIJtsLKu6ycJF2dU5i/g4DSdAM8oBCzOcmQvjAF2N3GLjL9PH8FMHmfoKzrT+3fvae3VL4AAAA=[0m[Pipeline] }
[8mha:////4HXhRaoUBU6h/ohO+DxQDBodJjYw3GAsjhiiDSQrKzoUAAAAph+LCAAAAAAAAP9tjbEOgjAURR8QB1dHP6LgYmIMk2vD4hfUUmuheQ/bhzD5Rf6a/2AjiZN3uucs5/WGVQxQU7CiM9g7jNqJwY82PTFR6K+eJtHRRWjCSN6IxkwNtea0YENsYFmWQyFhbVB7ig4tw0Z26qFKr9CWZw7JHSXkrr3DEzKZyqwCf2EOsL2NbST8df4GYB4GhmJXVQz5Yf8BpqkVfb8AAAA=[0m[Pipeline] // withEnv
[8mha:////4CsBo+ftLNrI7M3iJaEWEM0sGYXpa3AUajOtbATR8CXuAAAApR+LCAAAAAAAAP9tjTESgjAQRRcYC1tLDxFkrByHyjZD4wkiiTGQ2cVkESpP5NW8gxmZsfJX/73mvd6wigFqClZ0BnuHsXVi8KNNT0wU+qunSXR0ES1hJG9EY6aGtDkt2BAbWJblUEhYG2w9RYeWYSM79VClV2jLM4fkjhJyp+/whEymMqvAX5gDbG+jjoS/zt8AzMPAUFS7iiE/7D+MjiPGvwAAAA==[0m[Pipeline] }
[8mha:////4B65/S4SNg8Oi5f/UPfXJrzwiuJtCoKASaDYr9ACuC21AAAApR+LCAAAAAAAAP9tjTESgjAQRZcwFraWHiIoneNQ2WZoPEEMMQYyu5gsQuWJvJp3kJEZK3/132ve6w2rFKGi6GRrsfOYjJd9GNz85EixuwYaZUsXaQgTBStrO9bU2NOCNbGFZZmAXMHaogmUPDqGjWr1QxdBoyvOHGd3VCB8c4cnZGous478hSnC9jY0ifDX+RuAqe8Z8v2uZBCH8gO0zLA3vwAAAA==[0m[Pipeline] // stage
[8mha:////4F1YFQRYWEW+bMj7u1lfRYSKDyGK8J4R16qBS4Ia6u+BAAAAqB+LCAAAAAAAAP9tjbEOgjAURR8QBldHP6JIdDNMrg2LX1BLrYXmPWwfwuQX+Wv+gyiJk3e65yY35/mCPAaoKFjRGuwcRu1E7wc7NzFS6C6eRtHSWWjCSN6I2ow1Nea4YE1sYEmSQiZhZVB7ig4tw1q26q4Kr9AWJw7zdpCQuuYGD0jkbGYV+AtTgM11aCLhz/NXAFPPkJZ7hqzc7j7X/A0Vu2NJwwAAAA==[0m[Pipeline] stage
[8mha:////4JyP1DLnbGXJKy/NwSk4k4oMksHSIaGsM9x3GpIXZ5JhAAAAqB+LCAAAAAAAAP9tjTEOwjAUQ39bdWBl5BApCDbUiTXqwglCEkLS6P+SpLQTJ+Jq3IHSSkx4sGxL1nu9oYwBagqGOY2txSgt63xvpsQGCu3V08AcXZgkjOQ1a/TQkNKnpTaUNCzKcig4rDRKT9GiSbDmTjxE5QWa6pzCtB055Fbd4QkZn8hJhDSXMcDm1qtI+OP8BcDYJSh22/3sh++3/ABmL9OZxAAAAA==[0m[Pipeline] { (Run Ansible for the battleships app)
Stage "Run Ansible for the battleships app" skipped due to earlier failure(s)
[8mha:////4P/9ZS5rpOo214avzCU65us3pS3QvojsCn3W6TDbhoquAAAApR+LCAAAAAAAAP9tjTEOwjAQBC+JKGgpeYQDElQoFa2VhhcY2xg71l2wHZyKF/E1/kCUSFRssdrZZt4fWMUADQXDnMbOYpSW9X4w02KZQnfzlJmjK5OEkbxmrc4tKX1esKWkYUlRQsVhrVF6ihZNgg134ilqL9DUlxSm78ShtOoBLyj4ZE4ipBnGANv7oCLhz/NXAGPfJ6j2u+Pchy+wtrN+wAAAAA==[0m[Pipeline] }
[8mha:////4Cf1YhcqfZKFE4u3dmxFB7VGPl/xz8SOVmMHM5+W5W0wAAAAph+LCAAAAAAAAP9tjTEOwjAQBC+JKGgpeYQDQqJBqWitNLzA2MbYse6C7eBUvIiv8QeiRKJii9XONvP+wCoGaCgY5jR2FqO0rPeDmRbLFLqbp8wcXZkkjOQ1a3VuSenzgi0lDUuKEioOa43SU7RoEmy4E09Re4GmvqQwfScOpVUPeEHBJ3MSIc0wBtjeBxUJf56/Ahj7PkG13x3nPnwBjjk/0cAAAAA=[0m[Pipeline] // stage
[8mha:////4I5HnHGmto0+pu6mojdw6GJFj+6ZwQwZew4Bj9r13LWYAAAAqR+LCAAAAAAAAP9tjbEOgjAURR8QBldHP6JIYuJgmFwbFr+glloLzXvYPoTJL/LX/AdREifvdM9Nbs7zBXkMUFGwojXYOYzaid4Pdm5ipNBdPI2ipbPQhJG8EbUZa2rMccGa2MCSJIVMwsqg9hQdWoa1bNVdFV6hLU4c5u0gIXXNDR6QyNnMKvAXpgCb69BEwp/nrwCmniEtdwxZud1/rvkbA/ny0sMAAAA=[0m[Pipeline] stage
[8mha:////4GB1821HKsyTI27BA0CbzQTl0HifNUwtG87hOTgYxCc1AAAAqB+LCAAAAAAAAP9tjTEOwjAUQ39bdWBl5BApTCChTqxRF04QkhCSRv+XJKWdOBFX4w6UVmLCg2Vbst7rDWUMUFMwzGlsLUZpWed7MyU2UGivngbm6MIkYSSvWaOHhpQ+LbWhpGFRlkPBYaVReooWTYI1d+IhKi/QVOcUpu3IIbfqDk/I+EROIqS5jAE2t15Fwh/nLwDGLkGx2+5nP3y/5Qdi1BftxAAAAA==[0m[Pipeline] { (Run Ansible for the dadjokes app)
Stage "Run Ansible for the dadjokes app" skipped due to earlier failure(s)
[8mha:////4ORlOAha0oU7fEMcmRFWGtDzmC4tK2GB79yKCM0eOgmcAAAApR+LCAAAAAAAAP9tjTEOwjAQBC+JKGgpeYQDHQilorXS8AJjG2PHugu2g1PxIr7GH4gSiYotVjvbzPsDqxigoWCY09hZjNKy3g9mWixT6G6eMnN0ZZIwktes1bklpc8LtpQ0LClKqDisNUpP0aJJsOFOPEXtBZr6ksL0nTiUVj3gBQWfzEmENMMYYHsfVCT8ef4KYOz7BNV+d5z78AXvkKWwwAAAAA==[0m[Pipeline] }
[8mha:////4EO3iV+t/K+MLlMokXEdhYseloBd4zJd6s3RAus4HgxKAAAApR+LCAAAAAAAAP9tjTESgjAQRRcYC1tLDxGgsnCsbDM0niCSGAOZXUwWofJEXs07GGXGyl/8+e837/mCVQxwoGBFZ7B3GFsnBj/atMREob94mkRHZ9ESRvJGNGZqSJvjgg2xgSVZDoWEtcHWU3RoGTayU3dVeoW2PHFI315C7vQNHpDJZGYV+AtzgO111JHw5/krgHkYGIq6rj5d7d4zyCh5wAAAAA==[0m[Pipeline] // stage
[8mha:////4GutUqFLRWzT6oqcKMQGPsVOYABQLDPm/SOu6VTF+15BAAAApR+LCAAAAAAAAP9tjTEOwjAQBC+JKGgpeYQjS3SIitZKwwuMY4wT6y6xLyQVL+Jr/AGLSFRstTPNvN6wSRFOFJ3oLPYek/FiCJPLT8wU+1ugWXR0FYYwUbCisXNDrT2v2BBbWFeUUCnYWjSBkkfHsFOdfug6aHT1hWN2RwWlb0d4QqFymXXkLywR9vepTYS/zt8ALMPAUEkpGUp5+ACTmuk2vwAAAA==[0m[Pipeline] }
[8mha:////4JK7jUClL+DJZq7zp7deh0+jTFaV5259nFeDdU9qPQ+JAAAApB+LCAAAAAAAAP9tjTEOwjAQBC+JKGgpeYSjQImoaK00vMDExjix7ox9wal4EV/jD0REomKrnWnm9YZVinCkaEVvcHCYOieCH+38RKY4XD1l0dNFdISJvBGtyS1pc1qwJTawrCihkrA22HlKDi3DRvbqoWqv0NZnjrM7SCidvsMTCjmXWUX+whRhext1Ivx1/gZgCoGhapodQ9nsP559GS6/AAAA[0m[Pipeline] // withEnv
[8mha:////4NMezOymMFOkelC0cglfLpECVRomqZU53vi1GGgD8ZFYAAAApR+LCAAAAAAAAP9tjTEOwjAQBM+JKGgpeYSjCIkGUdFaaXiBiY1xYt0F+4JT8SK+xh+IiETFVjvTzOsNqxThSNHJzmLvMbVeDmF085OZYn8NlGVHF9kSJgpWNjY3ZOxpwYbYwjJRQKlgbbENlDw6ho3q9ENXQaOrzhxnd1BQeHOHJwg1l1lH/sIUYXsbTSL8df4GYBoGhrKudwxi/wG4gDMqvgAAAA==[0m[Pipeline] }
[8mha:////4MKf5LHNtduqr7ryzvz6iXYFVf9Xa8wIfxfaTWvmaKGAAAAApB+LCAAAAAAAAP9tjTEOwjAQBM+JKGgpeYSjSFAhKlorDS8wsTFOrLtgX3AqXsTX+AMRkajYameaeb1hlSIcKTrZWew9ptbLIYxufjJT7K+BsuzoIlvCRMHKxuaGjD0t2BBbWCYKKBWsLbaBkkfHsFGdfugqaHTVmePsDgoKb+7wBKHmMuvIX5gibG+jSYS/zt8ATMPAUNb1jkHsPxINGgG+AAAA[0m[Pipeline] // withEnv
[8mha:////4OJYrH0VZIrrccW/rMI877z4R1gaY6alAZ1RryTkAPyiAAAApB+LCAAAAAAAAP9tjTEOwjAQBM+JKGgpeYSjSFAhKlorDS8wsTFOrLtgX3AqXsTX+AMRkajYameaeb1hlSIcKTrZWew9ptbLIYxufjJT7K+BsuzoIlvCRMHKxuaGjD0t2BBbWCYKKBWsLbaBkkfHsFGdfugqaHTVmePsDgoKb+7wBKHmMuvIX5gibG+jSYS/zt8ATMPAUNb1nkHsPjQUfUu+AAAA[0m[Pipeline] }
[8mha:////4A4z/CjTdR28/WymdHdQVuHram+HlWS5TwR51+eW6vBYAAAApR+LCAAAAAAAAP9tjTEOwjAQBM+JKGgpeYSjCIkGUdFaaXiBiY1xYt0F+4JT8SK+xh+IiETFVjvTzOsNqxThSNHJzmLvMbVeDmF085OZYn8NlGVHF9kSJgpWNjY3ZOxpwYbYwjJRQKlgbbENlDw6ho3q9ENXQaOrzhxnd1BQeHOHJwg1l1lH/sIUYXsbTSL8df4GYBoGhrKu9wxi9wFH+7mSvgAAAA==[0m[Pipeline] // node
[8mha:////4KBUZyqhKokTTt0WRtyu3v+k8H8kh9t677qLe+Uv450oAAAApB+LCAAAAAAAAP9tjTEOwjAQBM+JKGgpeYSj0FAgKlorDS8wsTFOrLtgX3AqXsTX+AMRkajYameaeb1hlSIcKTrZWew9ptbLIYxufjJT7K+BsuzoIlvCRMHKxuaGjD0t2BBbWCYKKBWsLbaBkkfHsFGdfugqaHTVmePsDgoKb+7wBKHmMuvIX5gibG+jSYS/zt8ATMPAUNb1nkHsPmHi3ti+AAAA[0m[Pipeline] End of Pipeline
ERROR: script returned exit code 100
Finished: FAILURE
