Started by an SCM change
[8mha:////4ODdo6M5HJRDENjDzhHjo1vEtU6/lJtQqHhvuyHfU0vrAAAAoh+LCAAAAAAAAP9tjTEOwjAQBM8BClpKHuFItIiK1krDC0x8GCfWnbEdkooX8TX+gCESFVvtrLSa5wtWKcKBo5UdUu8otU4GP9jS5Mixv3geZcdn2TIl9igbHBs2eJyx4YwwR1SwULBGaj0nRzbDRnX6rmuvydanHMu2V1A5c4MHCFXMWcf8hSnC9jqYxPTz/BXAFEIGsfuclm8zQVqFvQAAAA==[0m[Pipeline] Start of Pipeline
[8mha:////4OUPZEnUapEv4iiB4qWJ/F3wl9RnT7hUDq7WWGVnTUJTAAAApR+LCAAAAAAAAP9tjTEOwjAUQ3+KOrAycohUghExsUZZOEFIQkgb/d8mKe3EibgadyBQiQlLlmxL1nu+oE4RjhQdby12HpP2vA+jK4lPFLtroIm3dOGaMFGwXNpJkrGnpUrKFhaxClYC1hZ1oOTRZdiIVt1VExS65pxj2Q4CKm8GeAAThZxVzN8yR9jeRpMIf5y/AJj7DGxXvP/86jduZBmjwAAAAA==[0m[Pipeline] node
Running on [8mha:////4EahDa+bdvlNyJgu6pHhvwBQaOFTUIAL/cits8M4f0A3AAAAoR+LCAAAAAAAAP9b85aBtbiIQTGjNKU4P08vOT+vOD8nVc83PyU1x6OyILUoJzMv2y+/JJUBAhiZGBgqihhk0NSjKDWzXb3RdlLBUSYGJk8GtpzUvPSSDB8G5tKinBIGIZ+sxLJE/ZzEvHT94JKizLx0a6BxUmjGOUNodHsLgAz2EgZR/eT83ILSktQifY2k0sycEt3MPE19AHHxbH3KAAAA[0mJenkins in /var/lib/jenkins/workspace/DevOps_jenkins_tf_ans_node_js_setup_2websites_setup
[8mha:////4HyFKbZdA2g5pX0A2NeHomakeySBizWkQKQjUgY0PxZPAAAApR+LCAAAAAAAAP9tjTEOwjAUQ3+KOrAycoh0gA0xsUZZOEFIQkgb/d8mKe3EibgadyBQiQlLlmxL1nu+oE4RjhQdby12HpP2vA+jK4lPFLtroIm3dOGaMFGwXNpJkrGnpUrKFhaxClYC1hZ1oOTRZdiIVt1VExS65pxj2Q4CKm8GeAAThZxVzN8yR9jeRpMIf5y/AJj7DGxXvP/86jfoP95RwAAAAA==[0m[Pipeline] {
[8mha:////4Es9s3QtcHqWVcdIKFsa50Sw/7r6vGjmAoJGq1XAaM3jAAAApR+LCAAAAAAAAP9tjTEOwjAUQ3+KOrAycoh0gQkxsUZZOEFIQkgb/d8mKe3EibgadyBQiQlLlmxL1nu+oE4RjhQdby12HpP2vA+jK4lPFLtroIm3dOGaMFGwXNpJkrGnpUrKFhaxClYC1hZ1oOTRZdiIVt1VExS65pxj2Q4CKm8GeAAThZxVzN8yR9jeRpMIf5y/AJj7DGxXvP/86jc09154wAAAAA==[0m[Pipeline] withEnv
[8mha:////4AcymBHA7+EA5i/KLOtOfdR6jeHcp3cvQ8r/gX7UirCIAAAApR+LCAAAAAAAAP9tjTEOwjAUQ3+KOrAycoh0ggUxsUZZOEFIQkgb/d8mKe3EibgadyBQiQlLlmxL1nu+oE4RjhQdby12HpP2vA+jK4lPFLtroIm3dOGaMFGwXNpJkrGnpUrKFhaxClYC1hZ1oOTRZdiIVt1VExS65pxj2Q4CKm8GeAAThZxVzN8yR9jeRpMIf5y/AJj7DGxXvP/86jek7ggRwAAAAA==[0m[Pipeline] {
[8mha:////4NBVfujF4TROHJPWnXwEBNxP4orNg6A5bYFEDY3E47SOAAAApR+LCAAAAAAAAP9tjTEOwjAUQ3+KOrAycoh0gwExsUZZOEFIQkgb/d8mKe3EibgadyBQiQlLlmxL1nu+oE4RjhQdby12HpP2vA+jK4lPFLtroIm3dOGaMFGwXNpJkrGnpUrKFhaxClYC1hZ1oOTRZdiIVt1VExS65pxj2Q4CKm8GeAAThZxVzN8yR9jeRpMIf5y/AJj7DGxXvP/86jcChmMxwAAAAA==[0m[Pipeline] stage
[8mha:////4NibpppS3WLKJng7B+QxSQc7b+bcUwtZ4okzFlxoE63vAAAApR+LCAAAAAAAAP9tjTEOwjAUQ3+KOrAycoh0BAkxsUZZOEFIQkgb/d8mKe3EibgadyBQiQlLlmxL1nu+oE4RjhQdby12HpP2vA+jK4lPFLtroIm3dOGaMFGwXNpJkrGnpUrKFhaxClYC1hZ1oOTRZdiIVt1VExS65pxj2Q4CKm8GeAAThZxVzN8yR9jeRpMIf5y/AJj7DGxXvP/86jfpX/cvwAAAAA==[0m[Pipeline] { (Declarative: Tool Install)
[8mha:////4PLqrgmHNEpNmOZLiXzhpCJIh7EmA4/8UpgOQy0/BnTEAAAAoh+LCAAAAAAAAP9tjTEOAiEURD9rLGwtPQTbaoyVLaHxBMgiwpL/WWDdrTyRV/MOEjexcpJJ5k3zXm9Y5wQnSpZ7g73DrB2PYbR18YlSfws0cU9XrgkzBcOlmSR15rygpGJgCWtgJWBjUAfKDm2BrfDqodqg0LaXkup3FNC4boAnMFHNRaXyhTnB7j52mfDn+SuAORZg+9pD/AAeoCAqvAAAAA==[0m[Pipeline] tool
[8mha:////4C4w8hluvk9kAtJF+IkGcytjrjWOfbXR1N2R+CsY48NsAAAAox+LCAAAAAAAAP9tjTEOwjAQBDdBFLSUPMKBDglR0VppeIFJjHFi3QX7QlLxIr7GH4iIRMVWO9PM641lijhydKqx1HpKlVdd6N301MCxvQYeVMMXVTElDlaVdii5tqcZSxaLeVmOhcbKUhU4eXKCtW7MwxTBkCvOEid30Mh9fccTmZ7KYqJ8YYzY3Po6Mf06fwMYO0G2F+S7bfcBITL9lL0AAAA=[0m[Pipeline] envVarsForTool
[8mha:////4JFCAqGNCYfKQwl6ZroE9pNVa1MwY92Cg5bvYRSiruejAAAAox+LCAAAAAAAAP9tjbEOgjAURS8YB1dHP6KEzcQ4uTYsfkGFWgvNe9g+hMkv8tf8B4kkTt7pnrOc1xvrFHHk6FRrqfOUaq/6MLj5qZFjdw08qpYvqmZKHKyq7FhxY08LViwWy7IcK42NpTpw8uQEW92ahymCIVecJc7uoJH75o4nMj2XxUT5whSxuw1NYvp1/gYw9b0gL0tBtv8AHk6T5r0AAAA=[0m[Pipeline] }
[8mha:////4LtIxj+CfZ2rxGntlA2T5UTv15kvPo5HoCUsIgcWm238AAAAox+LCAAAAAAAAP9tjTEOwjAQBDdBFLSUPMIRNBSIitZKwwtMYowT6y7YF5KKF/E1/kBEJCq22plmXm8sU8SRo1ONpdZTqrzqQu+mpwaO7TXwoBq+qIopcbCqtEPJtT3NWLJYzMtyLDRWlqrAyZMTrHVjHqYIhlxxlji5g0bu6zueyPRUFhPlC2PE5tbXienX+RvA2HWCfLsTZPsPXymMMb0AAAA=[0m[Pipeline] // stage
[8mha:////4KfiGZeVcZdIQnoIUdUNpLBAjKn392ElADFteC37dy9wAAAApx+LCAAAAAAAAP9tjTEOwjAQBM9BKWgpeYQjhESDqGgtN7zAxMY4se6CfSGpeBFf4w8EIlGx1c5Kq3m+oMwJDpS8bBy2AXMdZBd7PzU5UGovkQbZ0FnWhJmik9oNmqw7zqiJHcwRBSwULB3WkXJAz7BSjbmbKhr01YnTtO0VFMHe4AFCTWY2ib8wJlhfe5sJf56/Ahg7BrFjKDbbz7F8A9kv0o/BAAAA[0m[Pipeline] withEnv
[8mha:////4IGGj0mtQ7N69eR1MRnsyDLJw3wPDV2PydIPenbIfSFwAAAApx+LCAAAAAAAAP9tjTEOwjAUQ3+LOrAycohUCDbE1DXKwglCE0La6P/yk9JOnIircQdaKjHhwbItWe/1hiIynIidaCy2HmPtRRd6NyUxELfXQINo6CJqwkjBCmUHRcZWS1WULCzKclhJWFusA0WPLsFGNvqhy6DRlefE03aUkHtzhydkciInzelbRobtrTeR8Mf5C4CxS5Dv9rMd5mfxAbNWnxXCAAAA[0m[Pipeline] {
[8mha:////4GsPi05DG45Qmf7ywnvvqnhR2WoiB4bPhun1Mt4I2sSHAAAApx+LCAAAAAAAAP9tjTEOwjAUQ3+LOrAycohUSDAhpq5RFk4QmhDSRv+Xn5R24kRcjTvQUokJD5ZtyXqvNxSR4UTsRGOx9RhrL7rQuymJgbi9BhpEQxdRE0YKVig7KDK2WqqiZGFRlsNKwtpiHSh6dAk2stEPXQaNrjwnnrajhNybOzwhkxM5aU7fMjJsb72JhD/OXwCMXYJ8t5/tMD+LD5WQ+PfCAAAA[0m[Pipeline] stage
[8mha:////4CFUgz7F27D6tKPuTFANsrw006hESCTkeC29Gv422roDAAAApx+LCAAAAAAAAP9tjTEOwjAUQ3+LOrAycohUDLAgpq5RFk4QmhDSRv+Xn5R24kRcjTvQUokJD5ZtyXqvNxSR4UTsRGOx9RhrL7rQuymJgbi9BhpEQxdRE0YKVig7KDK2WqqiZGFRlsNKwtpiHSh6dAk2stEPXQaNrjwnnrajhNybOzwhkxM5aU7fMjJsb72JhD/OXwCMXYJ8t5/tMD+LD/s94rDCAAAA[0m[Pipeline] { (Clone Git repo)
[8mha:////4JbbSoBTyHZZbMm2E4KRfiHArUsbjRf1M0IRn+BBeqboAAAApB+LCAAAAAAAAP9tjTEOwjAQBC9BFLSUPOIiGigQVVrLDS8wsTFOrDtjOyQVL+Jr/IFAJCq2WO1sM88XLFOEI0eLraHOUWocBt/baeHAsbt4HrDlMzZMib1BaQbJ2tQzSs4G5hQlLASsDDWekyObYS1adVeVV2SrU47TdxBQOn2DBxRiMmcV8xfGCJtrrxPTz/NXAGPIUG53n9qHN27Iu42+AAAA[0m[Pipeline] tool
[8mha:////4MoXpYxZJP6KXPBs8XNzUZnBPJ/++t+n/jOr9QdVSoHGAAAApR+LCAAAAAAAAP9tjTEOwjAQBC9BFLSUPOIiGoSEqNJabniBiY1xYt0Z2yGpeBFf4w8EIlGxxWpnm3m+YJkiHDlabA11jlLjMPjeTgsHjt3F84Atn7FhSuwNSjNI1qaeUXI2MKcoYSFgZajxnBzZDGvRqruqvCJbnXKcvoOA0ukbPKAQkzmrmL8wRthce52Yfp6/AhhDhnK7+9Q+vAGh1CMKvgAAAA==[0m[Pipeline] envVarsForTool
[8mha:////4CIGyrrkfcUBZWsVm7THf3G7IzmtYlIJLDtxDguO90AEAAAAqB+LCAAAAAAAAP9tjTEOwjAUQ3+LOrAycohULEgIMXWNsnCC0ISQNvq//KS0EyfiatyBlkpMeLBsS9Z7vaGIDCdiJxqLrcdYe9GF3k1JDMTtNdAgGrqImjBSsELZQZGx1VIVJQuLshxWEtYW60DRo0uwkY1+6DJodOU58bQdJeTe3OEJmZzISXP6lpFhe+tNJPxx/gJg7BLku/1sh/lZfAAv6VbYwgAAAA==[0m[Pipeline] withEnv
[8mha:////4CiSIjPm21zPYvY7zXE0renvAJD2oysfJWGB3Jvo3YOTAAAApx+LCAAAAAAAAP9tjTEOwjAUQ3+LOrAycogU2BDqxBp14QShCSFp9H9JUtKJE3E17kCgEhMeLNuS9Z4vqIKHhrxmVmFvMHSGDW7UObFEvr84SszSmXWEgZxirUotSXWca0tRwayihAWHpcLOUTCoI6y4FXdRO4G6PkWftwOH0sgbPKDgmRyFj98yeVhfRxkIf5y/AJiGCOV2n223+TyrN7xWSV3CAAAA[0m[Pipeline] {
[8mha:////4OPTi9NtsVNBgbwBhpPfTBsRODLvMDwPk3KXLb2y0YZ5AAAAox+LCAAAAAAAAP9tjTEOwjAQBC9BFLSUPOICtIgqreWGF5jYGCfWnbEdkooX8TX+QCASFVusdraZ5wuWKcKRo8XWUOcoNQ6D7+20cODYXTwP2PIZG6bE3qA0g2Rt6hklZwNzihIWAlaGGs/Jkc2wFq26q8orstUpx+k7CCidvsEDCjGZs4r5C2OEzbXXienn+SuAMWQo99tP7cIbaOP4NL4AAAA=[0m[Pipeline] git
The recommended git tool is: NONE
using credential access_to_git
 > git rev-parse --resolve-git-dir /var/lib/jenkins/workspace/DevOps_jenkins_tf_ans_node_js_setup_2websites_setup/.git # timeout=10
Fetching changes from the remote Git repository
 > git config remote.origin.url https://github.com/Suntorio/DevOps_Group_3.git # timeout=10
Fetching upstream changes from https://github.com/Suntorio/DevOps_Group_3.git
 > git --version # timeout=10
 > git --version # 'git version 2.34.1'
using GIT_SSH to set credentials git
 > git fetch --tags --force --progress -- https://github.com/Suntorio/DevOps_Group_3.git +refs/heads/*:refs/remotes/origin/* # timeout=10
 > git rev-parse refs/remotes/origin/master^{commit} # timeout=10
Checking out Revision e92b79caa7065264418e8fdd958949b18c864c70 (refs/remotes/origin/master)
 > git config core.sparsecheckout # timeout=10
 > git checkout -f e92b79caa7065264418e8fdd958949b18c864c70 # timeout=10
 > git branch -a -v --no-abbrev # timeout=10
 > git branch -D master # timeout=10
 > git checkout -b master e92b79caa7065264418e8fdd958949b18c864c70 # timeout=10
Commit message: "updates"
 > git rev-list --no-walk 62471eedd6e6aaa704e8a4f76bd12fd4ab5e429b # timeout=10
[8mha:////4J7Vtc1yI/prVBNHktyEy3JZxb+X2WfajniajIreSyATAAAAox+LCAAAAAAAAP9tjTEOwjAQBC9BFLSUPOKC0iIqWisNLzCJMXasO8d2cCpexNf4A4FIVGyx2tlmni9YxwBHDhqtot5QbA16N+p5YebQXx1ntHzBlimyU9io3HCnTgs2nBQsKUpYCdgoah1HQzrBVlh5l5WTpKtzCvN3EFCaboAHFGI2JxnSF6YAu9vYRaaf568AJu8TlHX9qf0b7E/nQb4AAAA=[0m[Pipeline] }
[8mha:////4GjTHbKBq5l6Q+yXU6Z0FROv++yB7Pwv4qKGfixhkTmlAAAApR+LCAAAAAAAAP9tjTEOwjAQBC9BFLSUPOIioEIoFa3lhheYxBgn1l2wHZyKF/E1/oBFJCq2WO1sM683LIOHmr3BTlNvKTQWBzeavDCx76+OE3Z8wYYpsNModZLc6tOMkqOGOUUJCwErTY3jYMlEWItOPVTlFJnqHH3+jgJK297hCYXI5qh8/MLkYXMb28D08/wVwDQMEcrdPtf28AEud0rYvgAAAA==[0m[Pipeline] // withEnv
[8mha:////4Og6gkpWgxxs1RowyiS/w2X0U0S9a2yBebSL5kXbneSmAAAApR+LCAAAAAAAAP9tjTEOwjAQBC9BFLSUPOIiEKJBqWgtN7zAJMY4se6C7eBUvIiv8QcsIlGxxWpnm3m9YRk81OwNdpp6S6GxOLjR5IWJfX91nLDjCzZMgZ1GqZPkVp9mlBw1zClKWAhYaWocB0smwlp06qEqp8hU5+jzdxRQ2vYOTyhENkfl4xcmD5vb2Aamn+evAKZhiFDu9rm2hw8HWvBVvgAAAA==[0m[Pipeline] }
[8mha:////4GGWf1bfG/txfOXc/HkH0MdArKdjckNmCL7Omkf8GRz2AAAApR+LCAAAAAAAAP9tjTEOwjAQBC9BFLSUPOIikFIhqrRWGl5gYmOcWHfGdkgqXsTX+AMWkajYYrWzzbzesI4BThwM9poGS7Gz6N1o8sKJw3B1PGHPF+yYIjuNrZ5aVrpZsOWkYUlRwkrARlPnOFoyCbailw9ZOUmmOqeQv6OA0qo7PKEQ2ZxkSF+YA+xuo4pMP89fAczeJygPda59/QEY2KUHvgAAAA==[0m[Pipeline] // stage
[8mha:////4AdpdPTEPwiSs9qvrVSnXFLC37ARj5+VomVr9gvxjpRMAAAAqB+LCAAAAAAAAP9tjTEOwjAUQ3+LOrAycohUIMSCOrFGXThBaEJIGv1fkpR04kRcjTsQqMSEB8u2ZL3nC6rgoSGvmVXYGwydYYMbdU4ske8vjhKzdGYdYSCnWKtSS1Id59pSVDCrKGHBYamwcxQM6ggrbsVd1E6grk/R5+3AoTTyBg8oeCZH4eO3TB7W11EGwh/nLwCmIUK52WXb7j/P6g2m+IRAwgAAAA==[0m[Pipeline] stage
[8mha:////4Fm9Ic0D8MFuCoWO/4VaUTNePsSPEpWQG4Eejhrv3mjwAAAAqB+LCAAAAAAAAP9tjTEOwjAUQ3+LOrAycohUYoABMXWNsnCC0ISQNvq//KS0EyfiatyBlkpMeLBsS9Z7vaGIDCdiJxqLrcdYe9GF3k1JDMTtNdAgGrqImjBSsELZQZGx1VIVJQuLshxWEtYW60DRo0uwkY1+6DJodOU58bQdJeTe3OEJmZzISXP6lpFhe+tNJPxx/gJg7BLku/1sh/lZfAAyQCqkwgAAAA==[0m[Pipeline] { (Terraform Plan)
[8mha:////4Fox3musqKHHxlXagPeN89r/f1DKIO+TG2+vAAO9a0WmAAAApR+LCAAAAAAAAP9tjTEOwjAQBC9BFLSUPOIi0YCEqNJabniBiY1xYt0Z2yGpeBFf4w8EIlGxxWpnm3m+YJkiHDlabA11jlLjMPjeTgsHjt3F84Atn7FhSuwNSjNI1qaeUXI2MKcoYSFgZajxnBzZDGvRqruqvCJbnXKcvoOA0ukbPKAQkzmrmL8wRthce52Yfp6/AhhDhnK7+9Q+vAGvZp0gvgAAAA==[0m[Pipeline] tool
[8mha:////4LH9quTx7pcwKldQgLT2jXqH8ypFNjM8Zdz9QGkXpiBzAAAApR+LCAAAAAAAAP9tjTEOwjAQBC9BFLSUPOIi0SCEqNJabniBiY1xYt0Z2yGpeBFf4w8EIlGxxWpnm3m+YJkiHDlabA11jlLjMPjeTgsHjt3F84Atn7FhSuwNSjNI1qaeUXI2MKcoYSFgZajxnBzZDGvRqruqvCJbnXKcvoOA0ukbPKAQkzmrmL8wRthce52Yfp6/AhhDhnK7+9Q+vAHuV4Y5vgAAAA==[0m[Pipeline] envVarsForTool
[8mha:////4IK98J5Pd6A03UKK3j3DEXqRQGB7hk2NU77jh3RYMBTPAAAAqB+LCAAAAAAAAP9tjTEOwjAUQ3+LOrAycogUwcCAOrFGXThBaEJIGv1fkpR04kRcjTsQqMSEB8u2ZL3nC6rgoSGvmVXYGwydYYMbdU4ske8vjhKzdGYdYSCnWKtSS1Id59pSVDCrKGHBYamwcxQM6ggrbsVd1E6grk/R5+3AoTTyBg8oeCZH4eO3TB7W11EGwh/nLwCmIUK53WfbbT7P6g3+pNbewgAAAA==[0m[Pipeline] withEnv
[8mha:////4NSZkmJOaGCh9mxQ+0jl7an4WAR3CAgOb3X7B60mJVPMAAAAph+LCAAAAAAAAP9tjTEOwjAUQ3+LOrAycogUxIiYukZZOEFoQkgb/V9+UtqJE3E17kBLJSY8WLYl673eUESGE7ETjcXWY6y96ELvpiQG4vYaaBANXURNGClYoeygyNhqqYqShUVZDisJa4t1oOjRJdjIRj90GTS68px42o4Scm/u8IRMTuSkOX3LyLC99SYS/jh/ATB2CfLDbrb9/Cw+ty4Up8IAAAA=[0m[Pipeline] {
[8mha:////4M0qE+5rI3UgTSkevHGKNCkvdjNroztFrIJ+WDhqSR4iAAAAph+LCAAAAAAAAP9tjTEOwjAUQ3+LOrAycohUwIiYukZZOEFoQkgb/V9+UtqJE3E17kBLJSY8WLYl673eUESGE7ETjcXWY6y96ELvpiQG4vYaaBANXURNGClYoeygyNhqqYqShUVZDisJa4t1oOjRJdjIRj90GTS68px42o4Scm/u8IRMTuSkOX3LyLC99SYS/jh/ATB2CfLDbrb9/Cw+2YMO4MIAAAA=[0m[Pipeline] dir
Running in /var/lib/jenkins/workspace/DevOps_jenkins_tf_ans_node_js_setup_2websites_setup/DevOps_jenkins_tf_ans_node_js_Setup/terraform_ansible_generic_instace_setup_template
[8mha:////4IQbARMCqIj5HeTyFuhaOcX/EK363TmRcxK33naklzUyAAAAph+LCAAAAAAAAP9tjTEOwjAUQ3+DOrAycohUoiNiYo26cILQhJA0+r9NUtKJE3E17kBLJSY8WLYl673eUMYAJwqGO42dxdha3vvRzIlnCt3NU+aOrrwljOQ1b3RuSOnzWhtKGlYVDDYCthpbT9GiSbATTj5k5SWa6pLCvB0FMKsGeEIhZnKSIX3LFGB/H1Uk/HH+AmDqE7D6sFi9PMsPfTawssIAAAA=[0m[Pipeline] {
[8mha:////4Eqwztk/D9JiR6eDtJAWJhdOrVkoU/ptREA75cYVsXeUAAAAox+LCAAAAAAAAP9tjTESwiAURH/iWNhaeghSxM6xsmVoPAEmiBDmfwJEUnkir+YdRDNj5RY7+7Z5zxesY4AjBc2swsFg7AzzbtJlsUxhuDrKzNKFdYSRnGJCZUG9Oi0oKClYUtWw4rBR2DmKBnWCLbfyLhsnUTfnFMp34FCbfoQHVLyYkwzpC3OA3W3qI+HP81cAs09Qt+2n9v4NGWcPtb4AAAA=[0m[Pipeline] sh
+ echo yes
+ terraform init

[0m[1mInitializing the backend...[0m

[0m[1mInitializing provider plugins...[0m
- Reusing previous version of hashicorp/random from the dependency lock file
- Reusing previous version of hashicorp/aws from the dependency lock file
- Using previously-installed hashicorp/random v3.5.1
- Using previously-installed hashicorp/aws v5.24.0

[0m[1m[32mTerraform has been successfully initialized![0m[32m[0m
[0m[32m
You may now begin working with Terraform. Try running "terraform plan" to see
any changes that are required for your infrastructure. All Terraform commands
should now work.

If you ever set or change modules or backend configuration for Terraform,
rerun this command to reinitialize your working directory. If you forget, other
commands will detect it and remind you to do so if necessary.[0m
+ terraform plan -out=terraform.tfplan
[0m[1mdata.aws_vpc.main: Reading...[0m[0m
[0m[1mdata.aws_caller_identity.current: Reading...[0m[0m
[0m[1mdata.aws_caller_identity.current: Read complete after 0s [id=624586740279][0m
[0m[1mdata.aws_vpc.main: Read complete after 0s [id=vpc-0e56aa6f431e4a80b][0m
[0m[1mdata.aws_subnets.vpcsubnets: Reading...[0m[0m
[0m[1mdata.aws_subnets.vpcsubnets: Read complete after 0s [id=us-east-1][0m
[0m[1mdata.aws_subnet.vpcsubnet["1"]: Reading...[0m[0m
[0m[1mdata.aws_subnet.vpcsubnet["2"]: Reading...[0m[0m
[0m[1mdata.aws_subnet.vpcsubnet["0"]: Reading...[0m[0m
[0m[1mdata.aws_subnet.vpcsubnet["5"]: Reading...[0m[0m
[0m[1mdata.aws_subnet.vpcsubnet["3"]: Reading...[0m[0m
[0m[1mdata.aws_subnet.vpcsubnet["4"]: Reading...[0m[0m
[0m[1mdata.aws_subnet.vpcsubnet["1"]: Read complete after 0s [id=subnet-09f6e38e171500023][0m
[0m[1mdata.aws_subnet.vpcsubnet["5"]: Read complete after 0s [id=subnet-06892fd3d663d180a][0m
[0m[1mdata.aws_subnet.vpcsubnet["2"]: Read complete after 0s [id=subnet-06e30c251ac56337b][0m
[0m[1mdata.aws_subnet.vpcsubnet["3"]: Read complete after 0s [id=subnet-0900feef742362bd0][0m
[0m[1mdata.aws_subnet.vpcsubnet["4"]: Read complete after 0s [id=subnet-0ae48cfabcd2d0bf7][0m
[0m[1mdata.aws_subnet.vpcsubnet["0"]: Read complete after 0s [id=subnet-0f4ce9e451ba3b050][0m

Terraform used the selected providers to generate the following execution
plan. Resource actions are indicated with the following symbols:
  [32m+[0m create[0m

Terraform will perform the following actions:

[1m  # aws_instance.nodejs-app[0m will be created
[0m  [32m+[0m[0m resource "aws_instance" "nodejs-app" {
      [32m+[0m[0m ami                                  = "ami-053b0d53c279acc90"
      [32m+[0m[0m arn                                  = (known after apply)
      [32m+[0m[0m associate_public_ip_address          = (known after apply)
      [32m+[0m[0m availability_zone                    = (known after apply)
      [32m+[0m[0m cpu_core_count                       = (known after apply)
      [32m+[0m[0m cpu_threads_per_core                 = (known after apply)
      [32m+[0m[0m disable_api_stop                     = (known after apply)
      [32m+[0m[0m disable_api_termination              = (known after apply)
      [32m+[0m[0m ebs_optimized                        = (known after apply)
      [32m+[0m[0m get_password_data                    = false
      [32m+[0m[0m host_id                              = (known after apply)
      [32m+[0m[0m host_resource_group_arn              = (known after apply)
      [32m+[0m[0m iam_instance_profile                 = (known after apply)
      [32m+[0m[0m id                                   = (known after apply)
      [32m+[0m[0m instance_initiated_shutdown_behavior = (known after apply)
      [32m+[0m[0m instance_lifecycle                   = (known after apply)
      [32m+[0m[0m instance_state                       = (known after apply)
      [32m+[0m[0m instance_type                        = "t2.micro"
      [32m+[0m[0m ipv6_address_count                   = (known after apply)
      [32m+[0m[0m ipv6_addresses                       = (known after apply)
      [32m+[0m[0m key_name                             = "jenkins-ansible"
      [32m+[0m[0m monitoring                           = (known after apply)
      [32m+[0m[0m outpost_arn                          = (known after apply)
      [32m+[0m[0m password_data                        = (known after apply)
      [32m+[0m[0m placement_group                      = (known after apply)
      [32m+[0m[0m placement_partition_number           = (known after apply)
      [32m+[0m[0m primary_network_interface_id         = (known after apply)
      [32m+[0m[0m private_dns                          = (known after apply)
      [32m+[0m[0m private_ip                           = (known after apply)
      [32m+[0m[0m public_dns                           = (known after apply)
      [32m+[0m[0m public_ip                            = (known after apply)
      [32m+[0m[0m secondary_private_ips                = (known after apply)
      [32m+[0m[0m security_groups                      = (known after apply)
      [32m+[0m[0m source_dest_check                    = true
      [32m+[0m[0m spot_instance_request_id             = (known after apply)
      [32m+[0m[0m subnet_id                            = (known after apply)
      [32m+[0m[0m tags                                 = {
          [32m+[0m[0m "Name" = "Node_JS_app"
        }
      [32m+[0m[0m tags_all                             = {
          [32m+[0m[0m "Name" = "Node_JS_app"
        }
      [32m+[0m[0m tenancy                              = (known after apply)
      [32m+[0m[0m user_data                            = (known after apply)
      [32m+[0m[0m user_data_base64                     = (known after apply)
      [32m+[0m[0m user_data_replace_on_change          = false
      [32m+[0m[0m vpc_security_group_ids               = (known after apply)
    }

[1m  # aws_security_group.web-sg[0m will be created
[0m  [32m+[0m[0m resource "aws_security_group" "web-sg" {
      [32m+[0m[0m arn                    = (known after apply)
      [32m+[0m[0m description            = "Managed by Terraform"
      [32m+[0m[0m egress                 = [
          [32m+[0m[0m {
              [32m+[0m[0m cidr_blocks      = [
                  [32m+[0m[0m "0.0.0.0/0",
                ]
              [32m+[0m[0m description      = ""
              [32m+[0m[0m from_port        = 0
              [32m+[0m[0m ipv6_cidr_blocks = []
              [32m+[0m[0m prefix_list_ids  = []
              [32m+[0m[0m protocol         = "tcp"
              [32m+[0m[0m security_groups  = []
              [32m+[0m[0m self             = false
              [32m+[0m[0m to_port          = 65000
            },
        ]
      [32m+[0m[0m id                     = (known after apply)
      [32m+[0m[0m ingress                = [
          [32m+[0m[0m {
              [32m+[0m[0m cidr_blocks      = [
                  [32m+[0m[0m "0.0.0.0/0",
                ]
              [32m+[0m[0m description      = ""
              [32m+[0m[0m from_port        = 22
              [32m+[0m[0m ipv6_cidr_blocks = []
              [32m+[0m[0m prefix_list_ids  = []
              [32m+[0m[0m protocol         = "tcp"
              [32m+[0m[0m security_groups  = []
              [32m+[0m[0m self             = false
              [32m+[0m[0m to_port          = 22
            },
          [32m+[0m[0m {
              [32m+[0m[0m cidr_blocks      = [
                  [32m+[0m[0m "0.0.0.0/0",
                ]
              [32m+[0m[0m description      = ""
              [32m+[0m[0m from_port        = 3000
              [32m+[0m[0m ipv6_cidr_blocks = []
              [32m+[0m[0m prefix_list_ids  = []
              [32m+[0m[0m protocol         = "tcp"
              [32m+[0m[0m security_groups  = []
              [32m+[0m[0m self             = false
              [32m+[0m[0m to_port          = 3000
            },
          [32m+[0m[0m {
              [32m+[0m[0m cidr_blocks      = [
                  [32m+[0m[0m "0.0.0.0/0",
                ]
              [32m+[0m[0m description      = ""
              [32m+[0m[0m from_port        = 3001
              [32m+[0m[0m ipv6_cidr_blocks = []
              [32m+[0m[0m prefix_list_ids  = []
              [32m+[0m[0m protocol         = "tcp"
              [32m+[0m[0m security_groups  = []
              [32m+[0m[0m self             = false
              [32m+[0m[0m to_port          = 3001
            },
        ]
      [32m+[0m[0m name                   = (known after apply)
      [32m+[0m[0m name_prefix            = (known after apply)
      [32m+[0m[0m owner_id               = (known after apply)
      [32m+[0m[0m revoke_rules_on_delete = false
      [32m+[0m[0m tags_all               = (known after apply)
      [32m+[0m[0m vpc_id                 = (known after apply)
    }

[1m  # random_pet.sg[0m will be created
[0m  [32m+[0m[0m resource "random_pet" "sg" {
      [32m+[0m[0m id        = (known after apply)
      [32m+[0m[0m length    = 2
      [32m+[0m[0m separator = "-"
    }

[1mPlan:[0m 3 to add, 0 to change, 0 to destroy.
[0m
Changes to Outputs:
  [32m+[0m[0m account_id         = "624586740279"
  [32m+[0m[0m caller_arn         = "arn:aws:sts::624586740279:assumed-role/jenkins_role/i-091fe6fa850f140b8"
  [32m+[0m[0m web-address-nodejs = (known after apply)
[90m
─────────────────────────────────────────────────────────────────────────────[0m

Saved the plan to: terraform.tfplan

To perform exactly these actions, run the following command to apply:
    terraform apply "terraform.tfplan"
[8mha:////4FTu9nkZE9fFWS5/VsDp0lNSq3OfFOeL4mjNPbzfpOZ+AAAApx+LCAAAAAAAAP9tjTEOwjAUQ3+LOrAycoh0qJgQE2uUhROEJoSk0f9tkpJOnIircQdaKjHhwbItWe/1hioGOFEwzGnsLMbWst6PZk4sU+hunjJzdGUtYSSvmdBZkNLntQpKGlYVJWw4bDW2nqJFk2DHnXzI2ks09SWFeTtyKK0a4AkFn8lJhvQtU4D9fVSR8Mf5C4CpT1A2zWKH5Vl9AKAKZ6XCAAAA[0m[Pipeline] script
[8mha:////4D4xGem7b6r7K32RMxq/Zc8DYGNHr32YDk+HZz3euprzAAAApx+LCAAAAAAAAP9tjTEOwjAUQ3+LOrAycoh0QLAgpq5RFk4QmhDSRv+Xn5R24kRcjTvQUokJD5ZtyXqvNxSR4UTsRGOx9RhrL7rQuymJgbi9BhpEQxdRE0YKVig7KDK2WqqiZGFRlsNKwtpiHSh6dAk2stEPXQaNrjwnnrajhNybOzwhkxM5aU7fMjJsb72JhD/OXwCMXYJ8t5/tMD+LD02yRsvCAAAA[0m[Pipeline] {
[8mha:////4FZKAoG/8fJ/zPVcXkfPpvSDd5A+nF/LvatcW1kdhsskAAAApR+LCAAAAAAAAP9tjTEOwjAQBC9BFLSUPOJSIEGBqNJabniBiY1xYt0Z2yGpeBFf4w8EIlGxxWpnm3m+YJkiHDlabA11jlLjMPjeTgsHjt3F84Atn7FhSuwNSjNI1qaeUXI2MKcoYSFgZajxnBzZDGvRqruqvCJbnXKcvoOA0ukbPKAQkzmrmL8wRthce52Yfp6/AhhDhnK7+9Q+vAF9GxrMvgAAAA==[0m[Pipeline] sh
+ echo Output from previous stage
[8mha:////4N2GqE4lRVeniFr0TlTit1RkMPMwglalek+q50rKHHGaAAAApR+LCAAAAAAAAP9tjTEOwjAQBC9BFLSUPOJSICEkRJXWcsMLTGyME+vO2A5JxYv4Gn8gEImKLVY728zzBcsU4cjRYmuoc5Qah8H3dlo4cOwungds+YwNU2JvUJpBsjb1jJKzgTlFCQsBK0ON5+TIZliLVt1V5RXZ6pTj9B0ElE7f4AGFmMxZxfyFMcLm2uvE9PP8FcAYQoZyu//U7g1K83O2vgAAAA==[0m[Pipeline] }
[8mha:////4Ae9fb2Cr7zWpzf2w8XX71n7OjCFE20DMyKbDAyHrX3YAAAApR+LCAAAAAAAAP9tjTEOwjAQBC9BFLSUPOJSIAqEqNJabniBiY1xYt0Z2yGpeBFf4w8EIlGxxWpnm3m+YJkiHDlabA11jlLjMPjeTgsHjt3F84Atn7FhSuwNSjNI1qaeUXI2MKcoYSFgZajxnBzZDGvRqruqvCJbnXKcvoOA0ukbPKAQkzmrmL8wRthce52Yfp6/AhhDyFBu95/avQFVcSbkvgAAAA==[0m[Pipeline] // script
[8mha:////4DJVz+4qXzQwH4cqql2gXqHGmwH9O4rMSKmvAsazDB75AAAApB+LCAAAAAAAAP9tjTEOwjAQBC9BFLSUPMJBCh2iSmul4QUmPowT687YDknFi/gaf8AiEhVbrHa2mdcb1jHAiYMRPdJgKXZWeDeavMTEYbg6nkTPF9ExRXYoWpxa1tgs2HJCWFKUsJKwQeocR0smwVb26qEqp8hU5xTyd5RQWn2HJxQym5MK6QtzgN1t1JHp5/krgNn7BOVhn6uuPya77e++AAAA[0m[Pipeline] }
[8mha:////4I1ncOD7Dz+KsI0jIbaHB0Cp/Rjhs2DH8mx7MrCKq+uEAAAApR+LCAAAAAAAAP9tjTsOwjAQRDdBFLSUHGIjPh1KRWu54QQmMcaJtRtsB6fiRFyNO2ARiYopRvOmea83LIOHmr3BTlNvKTQWBzeavDCx76+OE3Z8wYYpsNModZLc6tOMkqOGOUUJCwErTY3jYMlEWItOPVTlFJnqHH3+jgJK297hCYXI5qh8/MLkYXMb28D08/wVwDQMEcrDNtd+9wEVWLZTvgAAAA==[0m[Pipeline] // dir
[8mha:////4OsIA2ogVFmzgVkekGO4O5UZ9OBteln+44V5k7A7UnnoAAAApR+LCAAAAAAAAP9tjTsOwjAQRDdBFLSUHGIjPh1KRWu54QQmMcaJtRtsB6fiRFyNO2ARiYopRvOmea83LIOHmr3BTlNvKTQWBzeavDCx76+OE3Z8wYYpsNModZLc6tOMkqOGOUUJCwErTY3jYMlEWItOPVTlFJnqHH3+jgJK297hCYXI5qh8/MLkYXMb28D08/wVwDQMEcrDLtd++wEBeytMvgAAAA==[0m[Pipeline] }
[8mha:////4GwuE2M2gQyzw1mXZmovoCi4YhQU4bj/d6NPk66SS+LPAAAApB+LCAAAAAAAAP9tjTEOwjAQBC9BFLSUPMJBCh2iSmul4QUmPowT687YDknFi/gaf8AiEhVbrHa2mdcb1jHAiYMRPdJgKXZWeDeavMTEYbg6nkTPF9ExRXYoWpxa1tgs2HJCWFKUsJKwQeocR0smwVb26qEqp8hU5xTyd5RQWn2HJxQym5MK6QtzgN1t1JHp5/krgNn7BOWhzlXvPzKYcPC+AAAA[0m[Pipeline] // withEnv
[8mha:////4AqyAUy3A6MnH+T5O490dQxblo5K93FrC8CAEW6rETAtAAAAph+LCAAAAAAAAP9tjTEOwjAQBC9BFLSUPMKRUCQKRJXWSsMLTHwYJ9adsR2SihfxNf6ARSQqtljtbDOvN6xjgBMHI3qkwVLsrPBuNHmJicNwdTyJni+iY4rsULQ4tayxWbDlhLCkKGElYYPUOY6WTIKt7NVDVU6Rqc4p5O8oobT6Dk8oZDYnFdIX5gC726gj08/zVwCz9wnKus61P3wAaAwKar4AAAA=[0m[Pipeline] }
[8mha:////4Fe5EWWHtl8rT9uyg3i6myr2nftAsbgltvC50u9uUxsPAAAApR+LCAAAAAAAAP9tjTEOwjAQBC9BFLSUPOIiIaBBqWgtN7zAJMY4se6C7eBUvIiv8QcsIlGxxWpnm3m9YRk81OwNdpp6S6GxOLjR5IWJfX91nLDjCzZMgZ1GqZPkVp9mlBw1zClKWAhYaWocB0smwlp06qEqp8hU5+jzdxRQ2vYOTyhENkfl4xcmD5vb2Aamn+evAKZhiFDu9rm2hw9b71HWvgAAAA==[0m[Pipeline] // stage
[8mha:////4NNp8QEWgO9DbjzAJlBRjOENSnVmf/6A+1qc+DBTl+P1AAAAqB+LCAAAAAAAAP9tjTEOwjAUQ3+LOrAycohUSBULYuoaZeEEIQkhbfR/SVLaiRNxNe5AoBITHizbkvWeL6higCMFyzqDvcOoHBv8aHNiE4X+4mliHZ2ZIozkDRNmEqRNu1RBycCiooQVh7VB5Sk6tAk2vJN3WXuJtj6lkLcDh9LpGzyg4JmcZEjfMgfYXkcdCX+cvwCYhwTlrsnW7D/P6g2czVQjwgAAAA==[0m[Pipeline] stage
[8mha:////4JXKoDNGSX11XX6wh5G75PSD6dD4boD8LiY/Qmtn29PxAAAApx+LCAAAAAAAAP9tjTEOwjAUQ3+LOrAycoh0QTAgpq5RFk4QmhDSRv+Xn5R24kRcjTvQUokJD5ZtyXqvNxSR4UTsRGOx9RhrL7rQuymJgbi9BhpEQxdRE0YKVig7KDK2WqqiZGFRlsNKwtpiHSh6dAk2stEPXQaNrjwnnrajhNybOzwhkxM5aU7fMjJsb72JhD/OXwCMXYJ8t5/tMD+LD+jQxyjCAAAA[0m[Pipeline] { (Approval)
[8mha:////4MjVORXqSSxWoLjxVsG9KLTxhX1aksIem0vQYhH+tUXWAAAApR+LCAAAAAAAAP9tjTEOwjAQBC9BFLSUPOLSIIGEqNJabniBiY1xYt0Z2yGpeBFf4w8EIlGxxWpnm3m+YJkiHDlabA11jlLjMPjeTgsHjt3F84Atn7FhSuwNSjNI1qaeUXI2MKcoYSFgZajxnBzZDGvRqruqvCJbnXKcvoOA0ukbPKAQkzmrmL8wRthce52Yfp6/AhhDhnK7+9Q+vAGaE3/ivgAAAA==[0m[Pipeline] tool
[8mha:////4NuzzlLVp1gCzTmdKP4BnucUiSuqprS2sYpJBMj6Mr+kAAAApR+LCAAAAAAAAP9tjTEOwjAQBC9BFLSUPOLSICGEqNJabniBiY1xYt0Z2yGpeBFf4w8EIlGxxWpnm3m+YJkiHDlabA11jlLjMPjeTgsHjt3F84Atn7FhSuwNSjNI1qaeUXI2MKcoYSFgZajxnBzZDGvRqruqvCJbnXKcvoOA0ukbPKAQkzmrmL8wRthce52Yfp6/AhhDhnK7+9Q+vAHbImT7vgAAAA==[0m[Pipeline] envVarsForTool
[8mha:////4B6qyKEhURG/Rde+f/BitkEYZpkZtTJD5QvYFHtX8Mp4AAAAqB+LCAAAAAAAAP9tjTEOwjAUQ3+LOrAycoiUAcSAOrFGXThBaEJIGv1fkpR04kRcjTsQqMSEB8u2ZL3nC6rgoSGvmVXYGwydYYMbdU4ske8vjhKzdGYdYSCnWKtSS1Id59pSVDCrKGHBYamwcxQM6ggrbsVd1E6grk/R5+3AoTTyBg8oeCZH4eO3TB7W11EGwh/nLwCmIUK53WfbbT7P6g0kNDtSwgAAAA==[0m[Pipeline] withEnv
[8mha:////4GVCZsh8ZsF6svqhLiS6l4//HaR+BFPs72mzla9ISk/fAAAApx+LCAAAAAAAAP9tjTEOwjAUQ3+LOrAycogUBibE1DXKwglCE0La6P/yk9JOnIircQdaKjHhwbItWe/1hiIynIidaCy2HmPtRRd6NyUxELfXQINo6CJqwkjBCmUHRcZWS1WULCzKclhJWFusA0WPLsFGNvqhy6DRlefE03aUkHtzhydkciInzelbRobtrTeR8Mf5C4CxS5AfdrPt52fxAW2++SvCAAAA[0m[Pipeline] {
[8mha:////4LUNinVvKAkvEL6iGf6R6vIdHJ4UIWC0sy4ci3jFIOYCAAAApB+LCAAAAAAAAP9tjTEOwjAQBC9BFLSUPOIikKgQVVrLDS8wsTFOrDtjOyQVL+Jr/IFAJCq2WO1sM88XLFOEI0eLraHOUWocBt/baeHAsbt4HrDlMzZMib1BaQbJ2tQzSs4G5hQlLASsDDWekyObYS1adVeVV2SrU47TdxBQOn2DBxRiMmcV8xfGCJtrrxPTz/NXAGPIUO63n9qFN4OkKLa+AAAA[0m[Pipeline] echo
Output from the Previous Stage: null
[8mha:////4GY42jToi8P+u0Fbbxh3372cX3QwWLAlyHz5emxm5xMfAAAApx+LCAAAAAAAAP9tjTEOwjAUQ3+LOrAycohUCDEhpq5RFk4QmhDSRv+Xn5R24kRcjTvQUokJD5ZtyXqvNxSR4UTsRGOx9RhrL7rQuymJgbi9BhpEQxdRE0YKVig7KDK2WqqiZGFRlsNKwtpiHSh6dAk2stEPXQaNrjwnnrajhNybOzwhkxM5aU7fMjJsb72JhD/OXwCMXYL8sJttPz+LD6bAv6fCAAAA[0m[Pipeline] script
[8mha:////4FU3zs2d4VQUjR01aAyEbwU45ujxG793R+W0JXTWi6fbAAAApx+LCAAAAAAAAP9tjTEOwjAUQ3+LOrAycoh0ACbE1DXKwglCE0La6P/yk9JOnIircQdaKjHhwbItWe/1hiIynIidaCy2HmPtRRd6NyUxELfXQINo6CJqwkjBCmUHRcZWS1WULCzKclhJWFusA0WPLsFGNvqhy6DRlefE03aUkHtzhydkciInzelbRobtrTeR8Mf5C4CxS5AfdrPt52fxAd9J1uLCAAAA[0m[Pipeline] {
[8mha:////4Pq+FuIl6BoUvIvLSaEUZ68hDDk1qItiYnXtp75/6dFpAAAAox+LCAAAAAAAAP9tjTEOwjAQBC9BFLSUPOLSkApR0VppeIFJjLFj3Tm2g1PxIr7GHwhEomKL1c4283zBOgY4ctBoFfWGYmvQu1HPCzOH/uo4o+ULtkyRncJG5YY7dVqw4aRgSVHCSsBGUes4GtIJtsLKu6ycJF2dU5i/g4DSdAM8oBCzOcmQvjAF2N3GLjL9PH8FMPkEZb3/VO3f4x1Rq74AAAA=[0m[Pipeline] input
[8mha:////4DCvHnk4BPdm4W7FRIQQ7wKtaYvbPBw6keqVC9vKklv1AAAAuh+LCAAAAAAAAP9djE0OAUEQRssIW4mlOIMOCRuZDRYkwsIBOjOU0T2d6k53tZ9ruAYbh3AcdzDCyrd539u8+wsawUP3EHfBUm9rKViDvfnFoTeKypVlHKW3R3p1zwSSBTQNUsGHJdSjNwztpc6OmTAZFWLDXlExPnvo/OWmX35i8F0tATi76rQYJkLbXMzwuHZBaqRSUZC8l1kFsjuUOsiAHJ0cnDAPivHnoj8Uilxk8QYvwhuYxwAAAA==[0mInput requested
[8mha:////4NefKa/Kf00a8YFa3podwAf0wJWWL76JKYWS8uMJhSxIAAAApB+LCAAAAAAAAP9tjTEOwjAQBC9BFLSUPOLSAA2iSmu54QUmNsaJdWdsh6TiRXyNPxCIRMUWq51t5vmCZYpw5GixNdQ5So3D4Hs7LRw4dhfPA7Z8xoYpsTcozSBZm3pGydnAnKKEhYCVocZzcmQzrEWr7qryimx1ynH6DgJKp2/wgEJM5qxi/sIYYXPtdWL6ef4KYAwhQ7nbf2r7Bqph/Ve+AAAA[0m[Pipeline] }
[8mha:////4G8s5uRf9wu33hlyYET/dXJd2wo2jiQPYWSFl646BGLCAAAApR+LCAAAAAAAAP9tjTEOwjAQBC9BFLSUPOJSIESBqNJabniBiY1xYt0Z2yGpeBFf4w8EIlGxxWpnm3m+YJkiHDlabA11jlLjMPjeTgsHjt3F84Atn7FhSuwNSjNI1qaeUXI2MKcoYSFgZajxnBzZDGvRqruqvCJbnXKcvoOA0ukbPKAQkzmrmL8wRthce52Yfp6/AhhDyFDu9p/avgGsJ8UCvgAAAA==[0m[Pipeline] // script
[8mha:////4A+Ho9xcIfjfplKAXxAzTULhu4RuvFw5q4rQNt66iDqlAAAApR+LCAAAAAAAAP9tjTEOwjAQBC9BFLSUPOIiCiQkRJXWcsMLTGyME+vO2A5JxYv4Gn8gEImKLVY728zzBcsU4cjRYmuoc5Qah8H3dlo4cOwungds+YwNU2JvUJpBsjb1jJKzgTlFCQsBK0ON5+TIZliLVt1V5RXZ6pTj9B0ElE7f4AGFmMxZxfyFMcLm2uvE9PP8FcAYQoZyt//U9g1V9J0dvgAAAA==[0m[Pipeline] }
[8mha:////4EXch+DzvD3tVjksFhV3LGwHIFf0njs8uANIX7MiCHxEAAAApB+LCAAAAAAAAP9tjTEOwjAQBC9BFLSUPOJCQ4EQVVrLDS8wsTFOrDtjOyQVL+Jr/IFAJCq2WO1sM88XLFOEI0eLraHOUWocBt/baeHAsbt4HrDlMzZMib1BaQbJ2tQzSs4G5hQlLASsDDWekyObYS1adVeVV2SrU47TdxBQOn2DBxRiMmcV8xfGCJtrrxPTz/NXAGMIGcrd/lPbN2YXxqG+AAAA[0m[Pipeline] // withEnv
[8mha:////4Am79TpkZXV09PkMZcI1bmy0Thv2uK/+gd47AfHFhGWkAAAApR+LCAAAAAAAAP9tjTEOwjAQBC9BFLSUPOJCgaBAqWgtN7zAJMY4se6C7eBUvIiv8QcsIlGxxWpnm3m9YRk81OwNdpp6S6GxOLjR5IWJfX91nLDjCzZMgZ1GqZPkVp9mlBw1zClKWAhYaWocB0smwlp06qEqp8hU5+jzdxRQ2vYOTyhENkfl4xcmD5vb2Aamn+evAKZhiFDut7l2hw/R+F4wvgAAAA==[0m[Pipeline] }
[8mha:////4OkcjqhjlWLTl+jLfoLNKq/Qwp+aEp4NiUceYWhAJwmZAAAApR+LCAAAAAAAAP9tjTEOwjAQBC9BFLSUPOIiJJQGUaW10vACExvjxLoztkNS8SK+xh+wiETFFqudbeb1hnUMcOJgsNc0WIqdRe9GkxdOHIar4wl7vmDHFNlpbPXUstLNgi0nDUuKElYCNpo6x9GSSbAVvXzIykky1TmF/B0FlFbd4QmFyOYkQ/rCHGB3G1Vk+nn+CmD2PkFZ73Md6g/iGwWMvgAAAA==[0m[Pipeline] // stage
[8mha:////4DoQBhPPFr1puixX4JVYh0UOJnBRPIeD6aAM0MWdXeQiAAAAqB+LCAAAAAAAAP9tjTEOwjAUQ3+LOrAycohUIMSCOrFGXThBaEJIGv1fkpR04kRcjTsQqMSEB8u2ZL3nC6rgoSGvmVXYGwydYYMbdU4ske8vjhKzdGYdYSCnWKtSS1Id59pSVDCrKGHBYamwcxQM6ggrbsVd1E6grk/R5+3AoTTyBg8oeCZH4eO3TB7W11EGwh/nLwCmIUK52WXbbz/P6g2jnlovwgAAAA==[0m[Pipeline] stage
[8mha:////4GPwUmBX6MTLcViOAfaz7ZOzJ8qwZS76ehepQVVUM+KsAAAAqB+LCAAAAAAAAP9tjTEOwjAUQ3+LOrAycohUAokFMXWNsnCC0ISQNvq//KS0EyfiatyBlkpMeLBsS9Z7vaGIDCdiJxqLrcdYe9GF3k1JDMTtNdAgGrqImjBSsELZQZGx1VIVJQuLshxWEtYW60DRo0uwkY1+6DJodOU58bQdJeTe3OEJmZzISXP6lpFhe+tNJPxx/gJg7BLkh91s+/lZfADKbit4wgAAAA==[0m[Pipeline] { (Terraform Apply)
Stage "Terraform Apply" skipped due to earlier failure(s)
[8mha:////4Fu1cj/U5vJbZuRjFMNeTRazREZlgZS4DmrI4LP6sThQAAAApB+LCAAAAAAAAP9tjTEOwjAQBC9BFLSUPOJSgGgQVVrLDS8wsTFOrDtjOyQVL+Jr/IFAJCq2WO1sM88XLFOEI0eLraHOUWocBt/baeHAsbt4HrDlMzZMib1BaQbJ2tQzSs4G5hQlLASsDDWekyObYS1adVeVV2SrU47TdxBQOn2DBxRiMmcV8xfGCJtrrxPTz/NXAGMIGcr97lPbN1wclJ6+AAAA[0m[Pipeline] }
[8mha:////4JkyvDbQzCooN4BgLUggFvrsrdJ74GvsVNqPA9I+zbUWAAAApR+LCAAAAAAAAP9tjTEOwjAQBC9BFLSUPOIiIUGDqNJabniBiY1xYt0Z2yGpeBFf4w8EIlGxxWpnm3m+YJkiHDlabA11jlLjMPjeTgsHjt3F84Atn7FhSuwNSjNI1qaeUXI2MKcoYSFgZajxnBzZDGvRqruqvCJbnXKcvoOA0ukbPKAQkzmrmL8wRthce52Yfp6/AhhDyFDud5/avgFv/88ivgAAAA==[0m[Pipeline] // stage
[8mha:////4LqQrm787va9YkUy1aQ75Cr+LvAt3rpHoNXgZlYaMGrOAAAAqB+LCAAAAAAAAP9tjTEOwjAUQ3+LOrAycohUSKgLYuoaZeEEIQkhbfR/SVLaiRNxNe5AoBITHizbkvWeL6higCMFyzqDvcOoHBv8aHNiE4X+4mliHZ2ZIozkDRNmEqRNu1RBycCiooQVh7VB5Sk6tAk2vJN3WXuJtj6lkLcDh9LpGzyg4JmcZEjfMgfYXkcdCX+cvwCYhwTlbp+taT7P6g213Mu0wgAAAA==[0m[Pipeline] stage
[8mha:////4GJUkheaXrw/oS7pSV06A9CAim8IFsz01Pca0OMdaV7rAAAAph+LCAAAAAAAAP9tjTEOwjAUQ3+LOrAycoh0KwNiYo2ycILQhJA0+r9NUtKJE3E17kBLJSY8WLYl673eUMUAJwqGOY2dxdha1vvRzIllCt3NU2aOrqwljOQ1EzoLUvq8VkFJw6qihA2HrcbWU7RoEuy4kw9Ze4mmvqQwb0cOpVUDPKHgMznJkL5lCrC/jyoS/jh/ATD1CcqmWeywPKsPXl9jU8IAAAA=[0m[Pipeline] { (Get Terraform Outputs)
Stage "Get Terraform Outputs" skipped due to earlier failure(s)
[8mha:////4DT+c3blBm2cYuJiznfP586Vjw/BT+zrp36I8f/ae4ouAAAApB+LCAAAAAAAAP9tjTEOwjAQBC9BFLSUPOLSARKiSmu54QUmNsaJdWdsh6TiRXyNPxCIRMUWq51t5vmCZYpw5GixNdQ5So3D4Hs7LRw4dhfPA7Z8xoYpsTcozSBZm3pGydnAnKKEhYCVocZzcmQzrEWr7qryimx1ynH6DgJKp2/wgEJM5qxi/sIYYXPtdWL6ef4KYAwhQ7ndf2r3Bj4YO+6+AAAA[0m[Pipeline] }
[8mha:////4EVLE7atiW8S9/ypfHkrpZ5X/0Sr01Mjg1jqP6nKm+xPAAAApB+LCAAAAAAAAP9tjbEOwiAURV9rHFwd/Qi6NTHGyZWw+AXYIkLJexSodPKL/DX/QbSJk3e4uecu5/mCdQxwpKCZVTgYjJ1h3k26LJYpDFdHmVm6sI4wklNMqCyoV6cFBSUFS6oaVhw2CjtH0aBOsOVW3mXjJOrmnEL5Dhxq04/wgIoXc5IhfWEOsLtNfST8ef4KYPY+Qd3uP9W+AQ37YFK+AAAA[0m[Pipeline] // stage
[8mha:////4BGfPi8+D75WvV3eOgvmab+qISTHvAW8oT0K4UvhatMNAAAAqB+LCAAAAAAAAP9tjTEOwjAUQ3+LOrAycogUJCQG1Ik16sIJQhNC0uj/kqSkEyfiatyBQCUmPFi2Jes9X1AFDw15zazC3mDoDBvcqHNiiXx/cZSYpTPrCAM5xVqVWpLqONeWooJZRQkLDkuFnaNgUEdYcSvuonYCdX2KPm8HDqWRN3hAwTM5Ch+/ZfKwvo4yEP44fwEwDRHK7S7bfvN5Vm8cNOXEwgAAAA==[0m[Pipeline] stage
[8mha:////4INIzNwuIDs5u+O/Qpcs5fS8HNvS0nBd1swUka7DXZy1AAAApx+LCAAAAAAAAP9tjTEOwjAUQ3+LOrAycogUJgbE1DXKwglCE0La6P/yk9JOnIircQdaKjHhwbItWe/1hiIynIidaCy2HmPtRRd6NyUxELfXQINo6CJqwkjBCmUHRcZWS1WULCzKclhJWFusA0WPLsFGNvqhy6DRlefE03aUkHtzhydkciInzelbRobtrTeR8Mf5C4CxS5AfdrPt52fxAdsxXVDCAAAA[0m[Pipeline] { (Install Ansible)
Stage "Install Ansible" skipped due to earlier failure(s)
[8mha:////4Mwbb4BZ+c4na+KagSe5vR6dgf3ysDb0Vv+x+Y899ukZAAAApB+LCAAAAAAAAP9tjTEOwjAQBC9BFLSUPOIiaCgQVVrLDS8wsTFOrDtjOyQVL+Jr/IFAJCq2WO1sM88XLFOEI0eLraHOUWocBt/baeHAsbt4HrDlMzZMib1BaQbJ2tQzSs4G5hQlLASsDDWekyObYS1adVeVV2SrU47TdxBQOn2DBxRiMmcV8xfGCJtrrxPTz/NXAGMIGcr97lPbN5ikrxm+AAAA[0m[Pipeline] }
[8mha:////4DZ61MBxO5zyIwYwDW2DGc3KeA2bJrr/TxDUmamgS4Y3AAAApR+LCAAAAAAAAP9tjTEOwjAQBC9BFLSUPOKCREGBqNJabniBiY1xYt0Z2yGpeBFf4w8EIlGxxWpnm3m+YJkiHDlabA11jlLjMPjeTgsHjt3F84Atn7FhSuwNSjNI1qaeUXI2MKcoYSFgZajxnBzZDGvRqruqvCJbnXKcvoOA0ukbPKAQkzmrmL8wRthce52Yfp6/AhhDyFDud5/avgGrR/SlvgAAAA==[0m[Pipeline] // stage
[8mha:////4GPKs58pVT/urbmUmNcvHGJ5oB5XFjLxF4HGwnH+pbDpAAAAqB+LCAAAAAAAAP9tjTEOwjAUQ3+LOrAycohUSJUYEFPXKAsnCEkIaaP/S5LSTpyIq3EHApWY8GDZlqz3fEEVAxwpWNYZ7B1G5djgR5sTmyj0F08T6+jMFGEkb5gwkyBt2qUKSgYWFSWsOKwNKk/RoU2w4Z28y9pLtPUphbwdOJRO3+ABBc/kJEP6ljnA9jrqSPjj/AXAPCQod022ffN5Vm8KdnRfwgAAAA==[0m[Pipeline] stage
[8mha:////4OCjEg014IdyIsTLyCXe73xMCeCherY/pmHrDiGIRtllAAAApx+LCAAAAAAAAP9tjTEOwjAUQ3+LOrAycoh0ATEgpq5RFk4QmhDSRv+Xn5R24kRcjTvQUokJD5ZtyXqvNxSR4UTsRGOx9RhrL7rQuymJgbi9BhpEQxdRE0YKVig7KDK2WqqiZGFRlsNKwtpiHSh6dAk2stEPXQaNrjwnnrajhNybOzwhkxM5aU7fMjJsb72JhD/OXwCMXYL8sJttPz+LD08AFXvCAAAA[0m[Pipeline] { (Run Ansible for the battleships app)
Stage "Run Ansible for the battleships app" skipped due to earlier failure(s)
[8mha:////4ALtRXfMsSCqisimZ+i3r4QvsFIjhukBHZ4GA+NoU6w/AAAApB+LCAAAAAAAAP9tjTEOwjAQBC9BFLSUPOJSAQWiSmu54QUmNsaJdWdsh6TiRXyNPxCIRMUWq51t5vmCZYpw5GixNdQ5So3D4Hs7LRw4dhfPA7Z8xoYpsTcozSBZm3pGydnAnKKEhYCVocZzcmQzrEWr7qryimx1ynH6DgJKp2/wgEJM5qxi/sIYYXPtdWL6ef4KYAwhQ7nffWr7BpciU4W+AAAA[0m[Pipeline] }
[8mha:////4F/cNjNnT/uMwtB/jnS0xglQqHZjryf2VixTRgH1/XH1AAAApB+LCAAAAAAAAP9tjTEOwjAQBC9BFLSUPOLSIKVAVLRWGl5gEmPsWHeO7eBUvIiv8QcCkajYYrWzzTxfsI4Bjhw0WkW9odga9G7U88LMob86zmj5gi1TZKewUbnhTp0WbDgpWFKUsBKwUdQ6joZ0gq2w8i4rJ0lX5xTm7yCgNN0ADyjEbE4ypC9MAXa3sYtMP89fAUzeJyjr+lP7N6TBCDm+AAAA[0m[Pipeline] // stage
[8mha:////4Hx2ONSYF4EzLi8VpMPDC2StG/tC0HQr8NAcTXTnwJTWAAAAqB+LCAAAAAAAAP9tjUEKwjAURH8rXbh16SFSBEFBunIbuvEEsYkxafi/JqnpyhN5Ne9gtODKWQwzA8N7vqAKHhrymlmFvcHQGTa4UefEEvn+4igxS2fWEQZyirUqtSTVca4tRQWzihIWHJYKO0fBoI6w4lbcRe0E6voUfd4OHEojb/CAgmdyFD5+y+RhfR1lIPxx/gJgGiKUm2223f7zrN5xtrYowgAAAA==[0m[Pipeline] stage
[8mha:////4Fqsz6Zm03kWFOJY4HxAnNCQobpvHNHHt6CDg0pCZWD3AAAAph+LCAAAAAAAAP9tjTEOwjAUQ3+LOrAycoh0BISYukZZOEFoQkgb/V9+UtqJE3E17kBLJSY8WLYl673eUESGE7ETjcXWY6y96ELvpiQG4vYaaBANXURNGClYoeygyNhqqYqShUVZDisJa4t1oOjRJdjIRj90GTS68px42o4Scm/u8IRMTuSkOX3LyLC99SYS/jh/ATB2CfLdfrbD/Cw+81LNBsIAAAA=[0m[Pipeline] { (Run Ansible for the dadjokes app)
Stage "Run Ansible for the dadjokes app" skipped due to earlier failure(s)
[8mha:////4FOyq9VSYA+eW/tNpcd1JGIOkeQ0hGJHWnnHQ9d40aZKAAAApB+LCAAAAAAAAP9tjTEOwjAQBC9BFLSUPOJCBwilorXc8AKTGOPEugu2g1PxIr7GH7CIRMUWq51t5vWGZfBQszfYaeothcbi4EaTFyb2/dVxwo4v2DAFdhqlTpJbfZpRctQwpyhhIWClqXEcLJkIa9Gph6qcIlOdo8/fUUBp2zs8oRDZHJWPX5g8bG5jG5h+nr8CmIYhQrnf5todPkj99Ky+AAAA[0m[Pipeline] }
[8mha:////4HDBV22nrbD6CG1upzXkGo7xHOQ0OqDMojxvN5nXPTFGAAAApR+LCAAAAAAAAP9tjTEOwjAQBC9BFLSUPOIiKiIhqrRWGl5gYmOcWHfGdkgqXsTX+AMWkajYYrWzzbzesI4BThwM9poGS7Gz6N1o8sKJw3B1PGHPF+yYIjuNrZ5aVrpZsOWkYUlRwkrARlPnOFoyCbailw9ZOUmmOqeQv6OA0qo7PKEQ2ZxkSF+YA+xuo4pMP89fAczeJyjrfa5D/QF7Hq8QvgAAAA==[0m[Pipeline] // stage
[8mha:////4AcuGIAfwgAYfjg67JG1hChWEOEVSE8V3EiHcfmMjnmGAAAAph+LCAAAAAAAAP9tjTEOwjAQBC9BFLSUPOIiEAUSSkVrueEFJjHGiXUXbAen4kV8jT9gEYmKLVY728zrDcvgoWZvsNPUWwqNxcGNJi9M7Pur44QdX7BhCuw0Sp0kt/o0o+SoYU5RwkLASlPjOFgyEdaiUw9VOUWmOkefv6OA0rZ3eEIhsjkqH78wedjcxjYw/Tx/BTANQ4TysMu13X8AeIfXyb4AAAA=[0m[Pipeline] }
[8mha:////4E5vk+QVj2gaDyqDfkWm376fIgidBn7JsUntB6kp1lz3AAAApR+LCAAAAAAAAP9tjTEOwjAQBC9BFLSUPMIRSoOEqNJaaXiBiQ/jxLoztkNS8SK+xh+wiETFFqudbeb1hnUMcOJgRI80WIqdFd6NJi8xcRiujifR80V0TJEdihanljU2C7acEJYUJawkbJA6x9GSSbCVvXqoyiky1TmF/B0llFbf4QmFzOakQvrCHGB3G3Vk+nn+CmD2PkF5qHPt6w9+we+cvgAAAA==[0m[Pipeline] // withEnv
[8mha:////4Ny1pT5DucfNSkyraOghTXt+d6eIX3AJfYq0u4lZspdUAAAApB+LCAAAAAAAAP9tjTEOwjAQBDdBFLSUPMJpEEJCVLRWGl5gEmOcWHfBvpBUvIiv8QciIlGx1c4083pjmSKOHJ1qLLWeUuVVF3o3PTVwbK+BB9XwRVVMiYNVpR1Kru1pxpLFYl6WY6GxslQFTp6cYK0b8zBFMOSKs8TJHTRyX9/xRKanspgoXxgjNre+Tky/zt8Axq4T5PutINt9AKG9xO69AAAA[0m[Pipeline] }
[8mha:////4F1QTF+qARZRo76r186+T3BzN3hmzovLJfnTAl5kkaz+AAAAox+LCAAAAAAAAP9tjbEOgjAURS8YB1dHP6JMJCbGybVh8Qsq1Fpo3sP2IUx+kb/mP0gkcfJO95zlvN5Yp4gjR6daS52nVHvVh8HNT40cu2vgUbV8UTVT4mBVZceKG3tasGKxWJblWGlsLNWBkycn2OrWPEwRDLniLHF2B43cN3c8kem5LCbKF6aI3W1oEtOv8zeAqe8F+b4UZOUHq8WtSr0AAAA=[0m[Pipeline] // withEnv
[8mha:////4L3srXYTA7ec/Ve06FjZPPFHWmJoMk+VYM5lRUpJUsbZAAAApB+LCAAAAAAAAP9tjTEOwjAQBDdBFLSUPMJpEEJCVLRWGl5gEmOcWHfBvpBUvIiv8QciIlGx1c4083pjmSKOHJ1qLLWeUuVVF3o3PTVwbK+BB9XwRVVMiYNVpR1Kru1pxpLFYl6WY6GxslQFTp6cYK0b8zBFMOSKs8TJHTRyX9/xRKanspgoXxgjNre+Tky/zt8Axq4T5PudINt+AO2PCnq9AAAA[0m[Pipeline] }
[8mha:////4HzGIVMs5AYM6evAzjguayDEdT1csiDwabRMkTUE/CGvAAAApB+LCAAAAAAAAP9tjTEOwjAQBDdBFLSUPMIpKEBCVLRWGl5gEmOcWHfBvpBUvIiv8QciIlGx1c4083pjmSKOHJ1qLLWeUuVVF3o3PTVwbK+BB9XwRVVMiYNVpR1Kru1pxpLFYl6WY6GxslQFTp6cYK0b8zBFMOSKs8TJHTRyX9/xRKanspgoXxgjNre+Tky/zt8Axq4T5PudINt+AP4zDtm9AAAA[0m[Pipeline] // node
[8mha:////4M8n5PyMF/8YH7eZFasKIPigiuK1vnQIT9ArjcjyDGxBAAAAox+LCAAAAAAAAP9tjbEOgjAURS8YB1dHP6IkTiTGybVh8Qsq1Fpo3sP2IUx+kb/mP0gkcfJO95zlvN5Yp4gjR6daS52nVHvVh8HNT40cu2vgUbV8UTVT4mBVZceKG3tasGKxWJblWGlsLNWBkycn2OrWPEwRDLniLHF2B43cN3c8kem5LCbKF6aI3W1oEtOv8zeAqe8FeVkKsv0HuZRZLL0AAAA=[0m[Pipeline] End of Pipeline
Rejected by Suntorio
org.jenkinsci.plugins.workflow.actions.ErrorAction$ErrorId: 025f45a7-e640-4ed4-a2c4-1d348e2f3d3e
Finished: ABORTED
